// !$*UTF8*$!
{
	archiveVersion = 1;
	classes = {
	};
	objectVersion = 50;
	objects = {

/* Begin PBXBuildFile section */
		927958992475E72100E9298A /* AppDelegate.m in Sources */ = {isa = PBXBuildFile; fileRef = 927958982475E72100E9298A /* AppDelegate.m */; };
		9279589C2475E72100E9298A /* SceneDelegate.m in Sources */ = {isa = PBXBuildFile; fileRef = 9279589B2475E72100E9298A /* SceneDelegate.m */; };
		927958A22475E72100E9298A /* Main.storyboard in Resources */ = {isa = PBXBuildFile; fileRef = 927958A02475E72100E9298A /* Main.storyboard */; };
		927958A42475E72500E9298A /* Assets.xcassets in Resources */ = {isa = PBXBuildFile; fileRef = 927958A32475E72500E9298A /* Assets.xcassets */; };
		927958A72475E72500E9298A /* LaunchScreen.storyboard in Resources */ = {isa = PBXBuildFile; fileRef = 927958A52475E72500E9298A /* LaunchScreen.storyboard */; };
		927958AA2475E72500E9298A /* main.m in Sources */ = {isa = PBXBuildFile; fileRef = 927958A92475E72500E9298A /* main.m */; };
		927958B42475EC9F00E9298A /* MTGTableViewController.m in Sources */ = {isa = PBXBuildFile; fileRef = 927958B32475EC9F00E9298A /* MTGTableViewController.m */; };
		927958B72475ECAE00E9298A /* MTGViewController.m in Sources */ = {isa = PBXBuildFile; fileRef = 927958B62475ECAE00E9298A /* MTGViewController.m */; };
		927958BA2475F87F00E9298A /* MTGContactController.m in Sources */ = {isa = PBXBuildFile; fileRef = 927958B92475F87F00E9298A /* MTGContactController.m */; };
		927958BD2475FD5100E9298A /* Contact.m in Sources */ = {isa = PBXBuildFile; fileRef = 927958BC2475FD5100E9298A /* Contact.m */; };
/* End PBXBuildFile section */

/* Begin PBXFileReference section */
		927958942475E72100E9298A /* Contacts MRC.app */ = {isa = PBXFileReference; explicitFileType = wrapper.application; includeInIndex = 0; path = "Contacts MRC.app"; sourceTree = BUILT_PRODUCTS_DIR; };
		927958972475E72100E9298A /* AppDelegate.h */ = {isa = PBXFileReference; lastKnownFileType = sourcecode.c.h; path = AppDelegate.h; sourceTree = "<group>"; };
		927958982475E72100E9298A /* AppDelegate.m */ = {isa = PBXFileReference; lastKnownFileType = sourcecode.c.objc; path = AppDelegate.m; sourceTree = "<group>"; };
		9279589A2475E72100E9298A /* SceneDelegate.h */ = {isa = PBXFileReference; lastKnownFileType = sourcecode.c.h; path = SceneDelegate.h; sourceTree = "<group>"; };
		9279589B2475E72100E9298A /* SceneDelegate.m */ = {isa = PBXFileReference; lastKnownFileType = sourcecode.c.objc; path = SceneDelegate.m; sourceTree = "<group>"; };
		927958A12475E72100E9298A /* Base */ = {isa = PBXFileReference; lastKnownFileType = file.storyboard; name = Base; path = Base.lproj/Main.storyboard; sourceTree = "<group>"; };
		927958A32475E72500E9298A /* Assets.xcassets */ = {isa = PBXFileReference; lastKnownFileType = folder.assetcatalog; path = Assets.xcassets; sourceTree = "<group>"; };
		927958A62475E72500E9298A /* Base */ = {isa = PBXFileReference; lastKnownFileType = file.storyboard; name = Base; path = Base.lproj/LaunchScreen.storyboard; sourceTree = "<group>"; };
		927958A82475E72500E9298A /* Info.plist */ = {isa = PBXFileReference; lastKnownFileType = text.plist.xml; path = Info.plist; sourceTree = "<group>"; };
		927958A92475E72500E9298A /* main.m */ = {isa = PBXFileReference; lastKnownFileType = sourcecode.c.objc; path = main.m; sourceTree = "<group>"; };
		927958B22475EC9F00E9298A /* MTGTableViewController.h */ = {isa = PBXFileReference; lastKnownFileType = sourcecode.c.h; path = MTGTableViewController.h; sourceTree = "<group>"; };
		927958B32475EC9F00E9298A /* MTGTableViewController.m */ = {isa = PBXFileReference; lastKnownFileType = sourcecode.c.objc; path = MTGTableViewController.m; sourceTree = "<group>"; };
		927958B52475ECAE00E9298A /* MTGViewController.h */ = {isa = PBXFileReference; lastKnownFileType = sourcecode.c.h; path = MTGViewController.h; sourceTree = "<group>"; };
		927958B62475ECAE00E9298A /* MTGViewController.m */ = {isa = PBXFileReference; lastKnownFileType = sourcecode.c.objc; path = MTGViewController.m; sourceTree = "<group>"; };
		927958B82475F87F00E9298A /* MTGContactController.h */ = {isa = PBXFileReference; lastKnownFileType = sourcecode.c.h; path = MTGContactController.h; sourceTree = "<group>"; };
		927958B92475F87F00E9298A /* MTGContactController.m */ = {isa = PBXFileReference; lastKnownFileType = sourcecode.c.objc; path = MTGContactController.m; sourceTree = "<group>"; };
		927958BB2475FD5100E9298A /* Contact.h */ = {isa = PBXFileReference; lastKnownFileType = sourcecode.c.h; path = Contact.h; sourceTree = "<group>"; };
		927958BC2475FD5100E9298A /* Contact.m */ = {isa = PBXFileReference; lastKnownFileType = sourcecode.c.objc; path = Contact.m; sourceTree = "<group>"; };
/* End PBXFileReference section */

/* Begin PBXFrameworksBuildPhase section */
		927958912475E72100E9298A /* Frameworks */ = {
			isa = PBXFrameworksBuildPhase;
			buildActionMask = 2147483647;
			files = (
			);
			runOnlyForDeploymentPostprocessing = 0;
		};
/* End PBXFrameworksBuildPhase section */

/* Begin PBXGroup section */
		9279588B2475E72100E9298A = {
			isa = PBXGroup;
			children = (
				927958962475E72100E9298A /* Contacts MRC */,
				927958952475E72100E9298A /* Products */,
			);
			sourceTree = "<group>";
		};
		927958952475E72100E9298A /* Products */ = {
			isa = PBXGroup;
			children = (
				927958942475E72100E9298A /* Contacts MRC.app */,
			);
			name = Products;
			sourceTree = "<group>";
		};
		927958962475E72100E9298A /* Contacts MRC */ = {
			isa = PBXGroup;
			children = (
				927958BB2475FD5100E9298A /* Contact.h */,
				927958BC2475FD5100E9298A /* Contact.m */,
				927958B82475F87F00E9298A /* MTGContactController.h */,
				927958B92475F87F00E9298A /* MTGContactController.m */,
				927958B22475EC9F00E9298A /* MTGTableViewController.h */,
				927958B32475EC9F00E9298A /* MTGTableViewController.m */,
				927958B52475ECAE00E9298A /* MTGViewController.h */,
				927958B62475ECAE00E9298A /* MTGViewController.m */,
				927958B12475EA6100E9298A /* Resources */,
				927958B02475E82600E9298A /* Storyboards */,
			);
			path = "Contacts MRC";
			sourceTree = "<group>";
		};
		927958B02475E82600E9298A /* Storyboards */ = {
			isa = PBXGroup;
			children = (
				927958A52475E72500E9298A /* LaunchScreen.storyboard */,
				927958A02475E72100E9298A /* Main.storyboard */,
			);
			path = Storyboards;
			sourceTree = "<group>";
		};
		927958B12475EA6100E9298A /* Resources */ = {
			isa = PBXGroup;
			children = (
				927958972475E72100E9298A /* AppDelegate.h */,
				927958982475E72100E9298A /* AppDelegate.m */,
				927958A32475E72500E9298A /* Assets.xcassets */,
				927958A82475E72500E9298A /* Info.plist */,
				927958A92475E72500E9298A /* main.m */,
				9279589A2475E72100E9298A /* SceneDelegate.h */,
				9279589B2475E72100E9298A /* SceneDelegate.m */,
			);
			path = Resources;
			sourceTree = "<group>";
		};
/* End PBXGroup section */

/* Begin PBXNativeTarget section */
		927958932475E72100E9298A /* Contacts MRC */ = {
			isa = PBXNativeTarget;
			buildConfigurationList = 927958AD2475E72500E9298A /* Build configuration list for PBXNativeTarget "Contacts MRC" */;
			buildPhases = (
				927958902475E72100E9298A /* Sources */,
				927958912475E72100E9298A /* Frameworks */,
				927958922475E72100E9298A /* Resources */,
			);
			buildRules = (
			);
			dependencies = (
			);
			name = "Contacts MRC";
			productName = "Contacts MRC";
			productReference = 927958942475E72100E9298A /* Contacts MRC.app */;
			productType = "com.apple.product-type.application";
		};
/* End PBXNativeTarget section */

/* Begin PBXProject section */
		9279588C2475E72100E9298A /* Project object */ = {
			isa = PBXProject;
			attributes = {
				CLASSPREFIX = MTG;
				LastUpgradeCheck = 1140;
				ORGANIZATIONNAME = "Mark Gerrior";
				TargetAttributes = {
					927958932475E72100E9298A = {
						CreatedOnToolsVersion = 11.4.1;
					};
				};
			};
			buildConfigurationList = 9279588F2475E72100E9298A /* Build configuration list for PBXProject "Contacts MRC" */;
			compatibilityVersion = "Xcode 9.3";
			developmentRegion = en;
			hasScannedForEncodings = 0;
			knownRegions = (
				en,
				Base,
			);
			mainGroup = 9279588B2475E72100E9298A;
			productRefGroup = 927958952475E72100E9298A /* Products */;
			projectDirPath = "";
			projectRoot = "";
			targets = (
				927958932475E72100E9298A /* Contacts MRC */,
			);
		};
/* End PBXProject section */

/* Begin PBXResourcesBuildPhase section */
		927958922475E72100E9298A /* Resources */ = {
			isa = PBXResourcesBuildPhase;
			buildActionMask = 2147483647;
			files = (
				927958A72475E72500E9298A /* LaunchScreen.storyboard in Resources */,
				927958A42475E72500E9298A /* Assets.xcassets in Resources */,
				927958A22475E72100E9298A /* Main.storyboard in Resources */,
			);
			runOnlyForDeploymentPostprocessing = 0;
		};
/* End PBXResourcesBuildPhase section */

/* Begin PBXSourcesBuildPhase section */
		927958902475E72100E9298A /* Sources */ = {
			isa = PBXSourcesBuildPhase;
			buildActionMask = 2147483647;
			files = (
				927958BD2475FD5100E9298A /* Contact.m in Sources */,
				927958B72475ECAE00E9298A /* MTGViewController.m in Sources */,
				927958BA2475F87F00E9298A /* MTGContactController.m in Sources */,
				927958B42475EC9F00E9298A /* MTGTableViewController.m in Sources */,
				927958992475E72100E9298A /* AppDelegate.m in Sources */,
				927958AA2475E72500E9298A /* main.m in Sources */,
				9279589C2475E72100E9298A /* SceneDelegate.m in Sources */,
			);
			runOnlyForDeploymentPostprocessing = 0;
		};
/* End PBXSourcesBuildPhase section */

/* Begin PBXVariantGroup section */
		927958A02475E72100E9298A /* Main.storyboard */ = {
			isa = PBXVariantGroup;
			children = (
				927958A12475E72100E9298A /* Base */,
			);
			name = Main.storyboard;
			sourceTree = "<group>";
		};
		927958A52475E72500E9298A /* LaunchScreen.storyboard */ = {
			isa = PBXVariantGroup;
			children = (
				927958A62475E72500E9298A /* Base */,
			);
			name = LaunchScreen.storyboard;
			sourceTree = "<group>";
		};
/* End PBXVariantGroup section */

/* Begin XCBuildConfiguration section */
		927958AB2475E72500E9298A /* Debug */ = {
			isa = XCBuildConfiguration;
			buildSettings = {
				ALWAYS_SEARCH_USER_PATHS = NO;
				CLANG_ANALYZER_NONNULL = YES;
				CLANG_ANALYZER_NUMBER_OBJECT_CONVERSION = YES_AGGRESSIVE;
				CLANG_CXX_LANGUAGE_STANDARD = "gnu++14";
				CLANG_CXX_LIBRARY = "libc++";
				CLANG_ENABLE_MODULES = YES;
				CLANG_ENABLE_OBJC_ARC = NO;
				CLANG_ENABLE_OBJC_WEAK = YES;
				CLANG_WARN_BLOCK_CAPTURE_AUTORELEASING = YES;
				CLANG_WARN_BOOL_CONVERSION = YES;
				CLANG_WARN_COMMA = YES;
				CLANG_WARN_CONSTANT_CONVERSION = YES;
				CLANG_WARN_DEPRECATED_OBJC_IMPLEMENTATIONS = YES;
				CLANG_WARN_DIRECT_OBJC_ISA_USAGE = YES_ERROR;
				CLANG_WARN_DOCUMENTATION_COMMENTS = YES;
				CLANG_WARN_EMPTY_BODY = YES;
				CLANG_WARN_ENUM_CONVERSION = YES;
				CLANG_WARN_INFINITE_RECURSION = YES;
				CLANG_WARN_INT_CONVERSION = YES;
				CLANG_WARN_NON_LITERAL_NULL_CONVERSION = YES;
				CLANG_WARN_OBJC_IMPLICIT_RETAIN_SELF = YES;
				CLANG_WARN_OBJC_LITERAL_CONVERSION = YES;
				CLANG_WARN_OBJC_ROOT_CLASS = YES_ERROR;
				CLANG_WARN_RANGE_LOOP_ANALYSIS = YES;
				CLANG_WARN_STRICT_PROTOTYPES = YES;
				CLANG_WARN_SUSPICIOUS_MOVE = YES;
				CLANG_WARN_UNGUARDED_AVAILABILITY = YES_AGGRESSIVE;
				CLANG_WARN_UNREACHABLE_CODE = YES;
				CLANG_WARN__DUPLICATE_METHOD_MATCH = YES;
				COPY_PHASE_STRIP = NO;
				DEBUG_INFORMATION_FORMAT = dwarf;
				ENABLE_STRICT_OBJC_MSGSEND = YES;
				ENABLE_TESTABILITY = YES;
				GCC_C_LANGUAGE_STANDARD = gnu11;
				GCC_DYNAMIC_NO_PIC = NO;
				GCC_NO_COMMON_BLOCKS = YES;
				GCC_OPTIMIZATION_LEVEL = 0;
				GCC_PREPROCESSOR_DEFINITIONS = (
					"DEBUG=1",
					"$(inherited)",
				);
				GCC_WARN_64_TO_32_BIT_CONVERSION = YES;
				GCC_WARN_ABOUT_RETURN_TYPE = YES_ERROR;
				GCC_WARN_UNDECLARED_SELECTOR = YES;
				GCC_WARN_UNINITIALIZED_AUTOS = YES_AGGRESSIVE;
				GCC_WARN_UNUSED_FUNCTION = YES;
				GCC_WARN_UNUSED_VARIABLE = YES;
				IPHONEOS_DEPLOYMENT_TARGET = 13.4;
				MTL_ENABLE_DEBUG_INFO = INCLUDE_SOURCE;
				MTL_FAST_MATH = YES;
				ONLY_ACTIVE_ARCH = YES;
				SDKROOT = iphoneos;
			};
			name = Debug;
		};
		927958AC2475E72500E9298A /* Release */ = {
			isa = XCBuildConfiguration;
			buildSettings = {
				ALWAYS_SEARCH_USER_PATHS = NO;
				CLANG_ANALYZER_NONNULL = YES;
				CLANG_ANALYZER_NUMBER_OBJECT_CONVERSION = YES_AGGRESSIVE;
				CLANG_CXX_LANGUAGE_STANDARD = "gnu++14";
				CLANG_CXX_LIBRARY = "libc++";
				CLANG_ENABLE_MODULES = YES;
				CLANG_ENABLE_OBJC_ARC = NO;
				CLANG_ENABLE_OBJC_WEAK = YES;
				CLANG_WARN_BLOCK_CAPTURE_AUTORELEASING = YES;
				CLANG_WARN_BOOL_CONVERSION = YES;
				CLANG_WARN_COMMA = YES;
				CLANG_WARN_CONSTANT_CONVERSION = YES;
				CLANG_WARN_DEPRECATED_OBJC_IMPLEMENTATIONS = YES;
				CLANG_WARN_DIRECT_OBJC_ISA_USAGE = YES_ERROR;
				CLANG_WARN_DOCUMENTATION_COMMENTS = YES;
				CLANG_WARN_EMPTY_BODY = YES;
				CLANG_WARN_ENUM_CONVERSION = YES;
				CLANG_WARN_INFINITE_RECURSION = YES;
				CLANG_WARN_INT_CONVERSION = YES;
				CLANG_WARN_NON_LITERAL_NULL_CONVERSION = YES;
				CLANG_WARN_OBJC_IMPLICIT_RETAIN_SELF = YES;
				CLANG_WARN_OBJC_LITERAL_CONVERSION = YES;
				CLANG_WARN_OBJC_ROOT_CLASS = YES_ERROR;
				CLANG_WARN_RANGE_LOOP_ANALYSIS = YES;
				CLANG_WARN_STRICT_PROTOTYPES = YES;
				CLANG_WARN_SUSPICIOUS_MOVE = YES;
				CLANG_WARN_UNGUARDED_AVAILABILITY = YES_AGGRESSIVE;
				CLANG_WARN_UNREACHABLE_CODE = YES;
				CLANG_WARN__DUPLICATE_METHOD_MATCH = YES;
				COPY_PHASE_STRIP = NO;
				DEBUG_INFORMATION_FORMAT = "dwarf-with-dsym";
				ENABLE_NS_ASSERTIONS = NO;
				ENABLE_STRICT_OBJC_MSGSEND = YES;
				GCC_C_LANGUAGE_STANDARD = gnu11;
				GCC_NO_COMMON_BLOCKS = YES;
				GCC_WARN_64_TO_32_BIT_CONVERSION = YES;
				GCC_WARN_ABOUT_RETURN_TYPE = YES_ERROR;
				GCC_WARN_UNDECLARED_SELECTOR = YES;
				GCC_WARN_UNINITIALIZED_AUTOS = YES_AGGRESSIVE;
				GCC_WARN_UNUSED_FUNCTION = YES;
				GCC_WARN_UNUSED_VARIABLE = YES;
				IPHONEOS_DEPLOYMENT_TARGET = 13.4;
				MTL_ENABLE_DEBUG_INFO = NO;
				MTL_FAST_MATH = YES;
				SDKROOT = iphoneos;
				VALIDATE_PRODUCT = YES;
			};
			name = Release;
		};
		927958AE2475E72500E9298A /* Debug */ = {
			isa = XCBuildConfiguration;
			buildSettings = {
				ASSETCATALOG_COMPILER_APPICON_NAME = AppIcon;
				CODE_SIGN_STYLE = Automatic;
				DEVELOPMENT_TEAM = 4ZDYKHFRDV;
				INFOPLIST_FILE = "Contacts MRC/Resources/Info.plist";
				LD_RUNPATH_SEARCH_PATHS = (
					"$(inherited)",
					"@executable_path/Frameworks",
				);
				PRODUCT_BUNDLE_IDENTIFIER = "com.gerrior.Contacts-MRC";
				PRODUCT_NAME = "$(TARGET_NAME)";
				TARGETED_DEVICE_FAMILY = "1,2";
			};
			name = Debug;
		};
		927958AF2475E72500E9298A /* Release */ = {
			isa = XCBuildConfiguration;
			buildSettings = {
				ASSETCATALOG_COMPILER_APPICON_NAME = AppIcon;
				CODE_SIGN_STYLE = Automatic;
				DEVELOPMENT_TEAM = 4ZDYKHFRDV;
				INFOPLIST_FILE = "Contacts MRC/Resources/Info.plist";
				LD_RUNPATH_SEARCH_PATHS = (
					"$(inherited)",
					"@executable_path/Frameworks",
				);
				PRODUCT_BUNDLE_IDENTIFIER = "com.gerrior.Contacts-MRC";
				PRODUCT_NAME = "$(TARGET_NAME)";
				TARGETED_DEVICE_FAMILY = "1,2";
			};
			name = Release;
		};
/* End XCBuildConfiguration section */

/* Begin XCConfigurationList section */
		9279588F2475E72100E9298A /* Build configuration list for PBXProject "Contacts MRC" */ = {
			isa = XCConfigurationList;
			buildConfigurations = (
				927958AB2475E72500E9298A /* Debug */,
				927958AC2475E72500E9298A /* Release */,
			);
			defaultConfigurationIsVisible = 0;
			defaultConfigurationName = Release;
		};
		927958AD2475E72500E9298A /* Build configuration list for PBXNativeTarget "Contacts MRC" */ = {
			isa = XCConfigurationList;
			buildConfigurations = (
				927958AE2475E72500E9298A /* Debug */,
				927958AF2475E72500E9298A /* Release */,
			);
			defaultConfigurationIsVisible = 0;
			defaultConfigurationName = Release;
		};
/* End XCConfigurationList section */
	};
	rootObject = 9279588C2475E72100E9298A /* Project object */;
}
