// !$*UTF8*$!
{
	archiveVersion = 1;
	classes = {
	};
	objectVersion = 50;
	objects = {

/* Begin PBXBuildFile section */
		422EE3CB22E8EC7D009DCC4E /* AppDelegate.m in Sources */ = {isa = PBXBuildFile; fileRef = 422EE3CA22E8EC7D009DCC4E /* AppDelegate.m */; };
		422EE3D122E8EC7D009DCC4E /* Main.storyboard in Resources */ = {isa = PBXBuildFile; fileRef = 422EE3CF22E8EC7D009DCC4E /* Main.storyboard */; };
		422EE3D322E8EC7F009DCC4E /* Assets.xcassets in Resources */ = {isa = PBXBuildFile; fileRef = 422EE3D222E8EC7F009DCC4E /* Assets.xcassets */; };
		422EE3D622E8EC7F009DCC4E /* LaunchScreen.storyboard in Resources */ = {isa = PBXBuildFile; fileRef = 422EE3D422E8EC7F009DCC4E /* LaunchScreen.storyboard */; };
		422EE3D922E8EC7F009DCC4E /* main.m in Sources */ = {isa = PBXBuildFile; fileRef = 422EE3D822E8EC7F009DCC4E /* main.m */; };
		422EE3E122E8EFD6009DCC4E /* TXCContact.m in Sources */ = {isa = PBXBuildFile; fileRef = 422EE3E022E8EFD6009DCC4E /* TXCContact.m */; };
		422EE3E722E8F304009DCC4E /* TXCContactsTableViewController.m in Sources */ = {isa = PBXBuildFile; fileRef = 422EE3E622E8F304009DCC4E /* TXCContactsTableViewController.m */; };
		422EE3EA22E8F31F009DCC4E /* TXCContactsController.m in Sources */ = {isa = PBXBuildFile; fileRef = 422EE3E922E8F31F009DCC4E /* TXCContactsController.m */; };
		422EE3ED22E8F339009DCC4E /* TXCContactDetailViewController.m in Sources */ = {isa = PBXBuildFile; fileRef = 422EE3EC22E8F339009DCC4E /* TXCContactDetailViewController.m */; };
/* End PBXBuildFile section */

/* Begin PBXFileReference section */
		422EE3C622E8EC7D009DCC4E /* ContactsObjc.app */ = {isa = PBXFileReference; explicitFileType = wrapper.application; includeInIndex = 0; path = ContactsObjc.app; sourceTree = BUILT_PRODUCTS_DIR; };
		422EE3C922E8EC7D009DCC4E /* AppDelegate.h */ = {isa = PBXFileReference; lastKnownFileType = sourcecode.c.h; path = AppDelegate.h; sourceTree = "<group>"; };
		422EE3CA22E8EC7D009DCC4E /* AppDelegate.m */ = {isa = PBXFileReference; lastKnownFileType = sourcecode.c.objc; path = AppDelegate.m; sourceTree = "<group>"; };
		422EE3D022E8EC7D009DCC4E /* Base */ = {isa = PBXFileReference; lastKnownFileType = file.storyboard; name = Base; path = Base.lproj/Main.storyboard; sourceTree = "<group>"; };
		422EE3D222E8EC7F009DCC4E /* Assets.xcassets */ = {isa = PBXFileReference; lastKnownFileType = folder.assetcatalog; path = Assets.xcassets; sourceTree = "<group>"; };
		422EE3D522E8EC7F009DCC4E /* Base */ = {isa = PBXFileReference; lastKnownFileType = file.storyboard; name = Base; path = Base.lproj/LaunchScreen.storyboard; sourceTree = "<group>"; };
		422EE3D722E8EC7F009DCC4E /* Info.plist */ = {isa = PBXFileReference; lastKnownFileType = text.plist.xml; path = Info.plist; sourceTree = "<group>"; };
		422EE3D822E8EC7F009DCC4E /* main.m */ = {isa = PBXFileReference; lastKnownFileType = sourcecode.c.objc; path = main.m; sourceTree = "<group>"; };
		422EE3DF22E8EFD6009DCC4E /* TXCContact.h */ = {isa = PBXFileReference; lastKnownFileType = sourcecode.c.h; path = TXCContact.h; sourceTree = "<group>"; };
		422EE3E022E8EFD6009DCC4E /* TXCContact.m */ = {isa = PBXFileReference; lastKnownFileType = sourcecode.c.objc; path = TXCContact.m; sourceTree = "<group>"; };
		422EE3E522E8F304009DCC4E /* TXCContactsTableViewController.h */ = {isa = PBXFileReference; lastKnownFileType = sourcecode.c.h; path = TXCContactsTableViewController.h; sourceTree = "<group>"; };
		422EE3E622E8F304009DCC4E /* TXCContactsTableViewController.m */ = {isa = PBXFileReference; lastKnownFileType = sourcecode.c.objc; path = TXCContactsTableViewController.m; sourceTree = "<group>"; };
		422EE3E822E8F31F009DCC4E /* TXCContactsController.h */ = {isa = PBXFileReference; lastKnownFileType = sourcecode.c.h; path = TXCContactsController.h; sourceTree = "<group>"; };
		422EE3E922E8F31F009DCC4E /* TXCContactsController.m */ = {isa = PBXFileReference; lastKnownFileType = sourcecode.c.objc; path = TXCContactsController.m; sourceTree = "<group>"; };
		422EE3EB22E8F339009DCC4E /* TXCContactDetailViewController.h */ = {isa = PBXFileReference; lastKnownFileType = sourcecode.c.h; path = TXCContactDetailViewController.h; sourceTree = "<group>"; };
		422EE3EC22E8F339009DCC4E /* TXCContactDetailViewController.m */ = {isa = PBXFileReference; lastKnownFileType = sourcecode.c.objc; path = TXCContactDetailViewController.m; sourceTree = "<group>"; };
/* End PBXFileReference section */

/* Begin PBXFrameworksBuildPhase section */
		422EE3C322E8EC7D009DCC4E /* Frameworks */ = {
			isa = PBXFrameworksBuildPhase;
			buildActionMask = 2147483647;
			files = (
			);
			runOnlyForDeploymentPostprocessing = 0;
		};
/* End PBXFrameworksBuildPhase section */

/* Begin PBXGroup section */
		422EE3BD22E8EC7D009DCC4E = {
			isa = PBXGroup;
			children = (
				422EE3C822E8EC7D009DCC4E /* ContactsObjc */,
				422EE3C722E8EC7D009DCC4E /* Products */,
			);
			sourceTree = "<group>";
		};
		422EE3C722E8EC7D009DCC4E /* Products */ = {
			isa = PBXGroup;
			children = (
				422EE3C622E8EC7D009DCC4E /* ContactsObjc.app */,
			);
			name = Products;
			sourceTree = "<group>";
		};
		422EE3C822E8EC7D009DCC4E /* ContactsObjc */ = {
			isa = PBXGroup;
			children = (
				422EE3C922E8EC7D009DCC4E /* AppDelegate.h */,
				422EE3CA22E8EC7D009DCC4E /* AppDelegate.m */,
				422EE3DF22E8EFD6009DCC4E /* TXCContact.h */,
				422EE3E022E8EFD6009DCC4E /* TXCContact.m */,
				422EE3E822E8F31F009DCC4E /* TXCContactsController.h */,
				422EE3E922E8F31F009DCC4E /* TXCContactsController.m */,
				422EE3E522E8F304009DCC4E /* TXCContactsTableViewController.h */,
				422EE3E622E8F304009DCC4E /* TXCContactsTableViewController.m */,
				422EE3EB22E8F339009DCC4E /* TXCContactDetailViewController.h */,
				422EE3EC22E8F339009DCC4E /* TXCContactDetailViewController.m */,
				422EE3CF22E8EC7D009DCC4E /* Main.storyboard */,
				422EE3D222E8EC7F009DCC4E /* Assets.xcassets */,
				422EE3D422E8EC7F009DCC4E /* LaunchScreen.storyboard */,
				422EE3D722E8EC7F009DCC4E /* Info.plist */,
				422EE3D822E8EC7F009DCC4E /* main.m */,
			);
			path = ContactsObjc;
			sourceTree = "<group>";
		};
/* End PBXGroup section */

/* Begin PBXNativeTarget section */
		422EE3C522E8EC7D009DCC4E /* ContactsObjc */ = {
			isa = PBXNativeTarget;
			buildConfigurationList = 422EE3DC22E8EC7F009DCC4E /* Build configuration list for PBXNativeTarget "ContactsObjc" */;
			buildPhases = (
				422EE3C222E8EC7D009DCC4E /* Sources */,
				422EE3C322E8EC7D009DCC4E /* Frameworks */,
				422EE3C422E8EC7D009DCC4E /* Resources */,
			);
			buildRules = (
			);
			dependencies = (
			);
			name = ContactsObjc;
			productName = ContactsObjc;
			productReference = 422EE3C622E8EC7D009DCC4E /* ContactsObjc.app */;
			productType = "com.apple.product-type.application";
		};
/* End PBXNativeTarget section */

/* Begin PBXProject section */
		422EE3BE22E8EC7D009DCC4E /* Project object */ = {
			isa = PBXProject;
			attributes = {
				LastUpgradeCheck = 1020;
				ORGANIZATIONNAME = "Thomas Cacciatore";
				TargetAttributes = {
					422EE3C522E8EC7D009DCC4E = {
						CreatedOnToolsVersion = 10.2.1;
					};
				};
			};
			buildConfigurationList = 422EE3C122E8EC7D009DCC4E /* Build configuration list for PBXProject "ContactsObjc" */;
			compatibilityVersion = "Xcode 9.3";
			developmentRegion = en;
			hasScannedForEncodings = 0;
			knownRegions = (
				en,
				Base,
			);
			mainGroup = 422EE3BD22E8EC7D009DCC4E;
			productRefGroup = 422EE3C722E8EC7D009DCC4E /* Products */;
			projectDirPath = "";
			projectRoot = "";
			targets = (
				422EE3C522E8EC7D009DCC4E /* ContactsObjc */,
			);
		};
/* End PBXProject section */

/* Begin PBXResourcesBuildPhase section */
		422EE3C422E8EC7D009DCC4E /* Resources */ = {
			isa = PBXResourcesBuildPhase;
			buildActionMask = 2147483647;
			files = (
				422EE3D622E8EC7F009DCC4E /* LaunchScreen.storyboard in Resources */,
				422EE3D322E8EC7F009DCC4E /* Assets.xcassets in Resources */,
				422EE3D122E8EC7D009DCC4E /* Main.storyboard in Resources */,
			);
			runOnlyForDeploymentPostprocessing = 0;
		};
/* End PBXResourcesBuildPhase section */

/* Begin PBXSourcesBuildPhase section */
		422EE3C222E8EC7D009DCC4E /* Sources */ = {
			isa = PBXSourcesBuildPhase;
			buildActionMask = 2147483647;
			files = (
				422EE3D922E8EC7F009DCC4E /* main.m in Sources */,
				422EE3EA22E8F31F009DCC4E /* TXCContactsController.m in Sources */,
				422EE3E122E8EFD6009DCC4E /* TXCContact.m in Sources */,
				422EE3E722E8F304009DCC4E /* TXCContactsTableViewController.m in Sources */,
				422EE3ED22E8F339009DCC4E /* TXCContactDetailViewController.m in Sources */,
				422EE3CB22E8EC7D009DCC4E /* AppDelegate.m in Sources */,
			);
			runOnlyForDeploymentPostprocessing = 0;
		};
/* End PBXSourcesBuildPhase section */

/* Begin PBXVariantGroup section */
		422EE3CF22E8EC7D009DCC4E /* Main.storyboard */ = {
			isa = PBXVariantGroup;
			children = (
				422EE3D022E8EC7D009DCC4E /* Base */,
			);
			name = Main.storyboard;
			sourceTree = "<group>";
		};
		422EE3D422E8EC7F009DCC4E /* LaunchScreen.storyboard */ = {
			isa = PBXVariantGroup;
			children = (
				422EE3D522E8EC7F009DCC4E /* Base */,
			);
			name = LaunchScreen.storyboard;
			sourceTree = "<group>";
		};
/* End PBXVariantGroup section */

/* Begin XCBuildConfiguration section */
		422EE3DA22E8EC7F009DCC4E /* Debug */ = {
			isa = XCBuildConfiguration;
			buildSettings = {
				ALWAYS_SEARCH_USER_PATHS = NO;
				CLANG_ANALYZER_NONNULL = YES;
				CLANG_ANALYZER_NUMBER_OBJECT_CONVERSION = YES_AGGRESSIVE;
				CLANG_CXX_LANGUAGE_STANDARD = "gnu++14";
				CLANG_CXX_LIBRARY = "libc++";
				CLANG_ENABLE_MODULES = YES;
				CLANG_ENABLE_OBJC_ARC = NO;
				CLANG_ENABLE_OBJC_WEAK = YES;
				CLANG_WARN_BLOCK_CAPTURE_AUTORELEASING = YES;
				CLANG_WARN_BOOL_CONVERSION = YES;
				CLANG_WARN_COMMA = YES;
				CLANG_WARN_CONSTANT_CONVERSION = YES;
				CLANG_WARN_DEPRECATED_OBJC_IMPLEMENTATIONS = YES;
				CLANG_WARN_DIRECT_OBJC_ISA_USAGE = YES_ERROR;
				CLANG_WARN_DOCUMENTATION_COMMENTS = YES;
				CLANG_WARN_EMPTY_BODY = YES;
				CLANG_WARN_ENUM_CONVERSION = YES;
				CLANG_WARN_INFINITE_RECURSION = YES;
				CLANG_WARN_INT_CONVERSION = YES;
				CLANG_WARN_NON_LITERAL_NULL_CONVERSION = YES;
				CLANG_WARN_OBJC_IMPLICIT_RETAIN_SELF = YES;
				CLANG_WARN_OBJC_LITERAL_CONVERSION = YES;
				CLANG_WARN_OBJC_ROOT_CLASS = YES_ERROR;
				CLANG_WARN_RANGE_LOOP_ANALYSIS = YES;
				CLANG_WARN_STRICT_PROTOTYPES = YES;
				CLANG_WARN_SUSPICIOUS_MOVE = YES;
				CLANG_WARN_UNGUARDED_AVAILABILITY = YES_AGGRESSIVE;
				CLANG_WARN_UNREACHABLE_CODE = YES;
				CLANG_WARN__DUPLICATE_METHOD_MATCH = YES;
				CODE_SIGN_IDENTITY = "iPhone Developer";
				COPY_PHASE_STRIP = NO;
				DEBUG_INFORMATION_FORMAT = dwarf;
				ENABLE_STRICT_OBJC_MSGSEND = YES;
				ENABLE_TESTABILITY = YES;
				GCC_C_LANGUAGE_STANDARD = gnu11;
				GCC_DYNAMIC_NO_PIC = NO;
				GCC_NO_COMMON_BLOCKS = YES;
				GCC_OPTIMIZATION_LEVEL = 0;
				GCC_PREPROCESSOR_DEFINITIONS = (
					"DEBUG=1",
					"$(inherited)",
				);
				GCC_WARN_64_TO_32_BIT_CONVERSION = YES;
				GCC_WARN_ABOUT_RETURN_TYPE = YES_ERROR;
				GCC_WARN_UNDECLARED_SELECTOR = YES;
				GCC_WARN_UNINITIALIZED_AUTOS = YES_AGGRESSIVE;
				GCC_WARN_UNUSED_FUNCTION = YES;
				GCC_WARN_UNUSED_VARIABLE = YES;
				IPHONEOS_DEPLOYMENT_TARGET = 12.2;
				MTL_ENABLE_DEBUG_INFO = INCLUDE_SOURCE;
				MTL_FAST_MATH = YES;
				ONLY_ACTIVE_ARCH = YES;
				SDKROOT = iphoneos;
			};
			name = Debug;
		};
		422EE3DB22E8EC7F009DCC4E /* Release */ = {
			isa = XCBuildConfiguration;
			buildSettings = {
				ALWAYS_SEARCH_USER_PATHS = NO;
				CLANG_ANALYZER_NONNULL = YES;
				CLANG_ANALYZER_NUMBER_OBJECT_CONVERSION = YES_AGGRESSIVE;
				CLANG_CXX_LANGUAGE_STANDARD = "gnu++14";
				CLANG_CXX_LIBRARY = "libc++";
				CLANG_ENABLE_MODULES = YES;
				CLANG_ENABLE_OBJC_ARC = NO;
				CLANG_ENABLE_OBJC_WEAK = YES;
				CLANG_WARN_BLOCK_CAPTURE_AUTORELEASING = YES;
				CLANG_WARN_BOOL_CONVERSION = YES;
				CLANG_WARN_COMMA = YES;
				CLANG_WARN_CONSTANT_CONVERSION = YES;
				CLANG_WARN_DEPRECATED_OBJC_IMPLEMENTATIONS = YES;
				CLANG_WARN_DIRECT_OBJC_ISA_USAGE = YES_ERROR;
				CLANG_WARN_DOCUMENTATION_COMMENTS = YES;
				CLANG_WARN_EMPTY_BODY = YES;
				CLANG_WARN_ENUM_CONVERSION = YES;
				CLANG_WARN_INFINITE_RECURSION = YES;
				CLANG_WARN_INT_CONVERSION = YES;
				CLANG_WARN_NON_LITERAL_NULL_CONVERSION = YES;
				CLANG_WARN_OBJC_IMPLICIT_RETAIN_SELF = YES;
				CLANG_WARN_OBJC_LITERAL_CONVERSION = YES;
				CLANG_WARN_OBJC_ROOT_CLASS = YES_ERROR;
				CLANG_WARN_RANGE_LOOP_ANALYSIS = YES;
				CLANG_WARN_STRICT_PROTOTYPES = YES;
				CLANG_WARN_SUSPICIOUS_MOVE = YES;
				CLANG_WARN_UNGUARDED_AVAILABILITY = YES_AGGRESSIVE;
				CLANG_WARN_UNREACHABLE_CODE = YES;
				CLANG_WARN__DUPLICATE_METHOD_MATCH = YES;
				CODE_SIGN_IDENTITY = "iPhone Developer";
				COPY_PHASE_STRIP = NO;
				DEBUG_INFORMATION_FORMAT = "dwarf-with-dsym";
				ENABLE_NS_ASSERTIONS = NO;
				ENABLE_STRICT_OBJC_MSGSEND = YES;
				GCC_C_LANGUAGE_STANDARD = gnu11;
				GCC_NO_COMMON_BLOCKS = YES;
				GCC_WARN_64_TO_32_BIT_CONVERSION = YES;
				GCC_WARN_ABOUT_RETURN_TYPE = YES_ERROR;
				GCC_WARN_UNDECLARED_SELECTOR = YES;
				GCC_WARN_UNINITIALIZED_AUTOS = YES_AGGRESSIVE;
				GCC_WARN_UNUSED_FUNCTION = YES;
				GCC_WARN_UNUSED_VARIABLE = YES;
				IPHONEOS_DEPLOYMENT_TARGET = 12.2;
				MTL_ENABLE_DEBUG_INFO = NO;
				MTL_FAST_MATH = YES;
				SDKROOT = iphoneos;
				VALIDATE_PRODUCT = YES;
			};
			name = Release;
		};
		422EE3DD22E8EC7F009DCC4E /* Debug */ = {
			isa = XCBuildConfiguration;
			buildSettings = {
				ASSETCATALOG_COMPILER_APPICON_NAME = AppIcon;
				CODE_SIGN_STYLE = Automatic;
				DEVELOPMENT_TEAM = Z28289DGH6;
				INFOPLIST_FILE = ContactsObjc/Info.plist;
				LD_RUNPATH_SEARCH_PATHS = (
					"$(inherited)",
					"@executable_path/Frameworks",
				);
				PRODUCT_BUNDLE_IDENTIFIER = com.ThomasCacciatore.ContactsObjc;
				PRODUCT_NAME = "$(TARGET_NAME)";
				TARGETED_DEVICE_FAMILY = "1,2";
			};
			name = Debug;
		};
		422EE3DE22E8EC7F009DCC4E /* Release */ = {
			isa = XCBuildConfiguration;
			buildSettings = {
				ASSETCATALOG_COMPILER_APPICON_NAME = AppIcon;
				CODE_SIGN_STYLE = Automatic;
				DEVELOPMENT_TEAM = Z28289DGH6;
				INFOPLIST_FILE = ContactsObjc/Info.plist;
				LD_RUNPATH_SEARCH_PATHS = (
					"$(inherited)",
					"@executable_path/Frameworks",
				);
				PRODUCT_BUNDLE_IDENTIFIER = com.ThomasCacciatore.ContactsObjc;
				PRODUCT_NAME = "$(TARGET_NAME)";
				TARGETED_DEVICE_FAMILY = "1,2";
			};
			name = Release;
		};
/* End XCBuildConfiguration section */

/* Begin XCConfigurationList section */
		422EE3C122E8EC7D009DCC4E /* Build configuration list for PBXProject "ContactsObjc" */ = {
			isa = XCConfigurationList;
			buildConfigurations = (
				422EE3DA22E8EC7F009DCC4E /* Debug */,
				422EE3DB22E8EC7F009DCC4E /* Release */,
			);
			defaultConfigurationIsVisible = 0;
			defaultConfigurationName = Release;
		};
		422EE3DC22E8EC7F009DCC4E /* Build configuration list for PBXNativeTarget "ContactsObjc" */ = {
			isa = XCConfigurationList;
			buildConfigurations = (
				422EE3DD22E8EC7F009DCC4E /* Debug */,
				422EE3DE22E8EC7F009DCC4E /* Release */,
			);
			defaultConfigurationIsVisible = 0;
			defaultConfigurationName = Release;
		};
/* End XCConfigurationList section */
	};
	rootObject = 422EE3BE22E8EC7D009DCC4E /* Project object */;
}
