// !$*UTF8*$!
{
	archiveVersion = 1;
	classes = {
	};
	objectVersion = 50;
	objects = {

/* Begin PBXBuildFile section */
		184BD152249AA58C00E620FF /* AppDelegate.m in Sources */ = {isa = PBXBuildFile; fileRef = 184BD151249AA58C00E620FF /* AppDelegate.m */; };
		184BD155249AA58C00E620FF /* SceneDelegate.m in Sources */ = {isa = PBXBuildFile; fileRef = 184BD154249AA58C00E620FF /* SceneDelegate.m */; };
		184BD158249AA58C00E620FF /* ViewController.m in Sources */ = {isa = PBXBuildFile; fileRef = 184BD157249AA58C00E620FF /* ViewController.m */; };
		184BD15B249AA58C00E620FF /* Main.storyboard in Resources */ = {isa = PBXBuildFile; fileRef = 184BD159249AA58C00E620FF /* Main.storyboard */; };
		184BD15D249AA59100E620FF /* Assets.xcassets in Resources */ = {isa = PBXBuildFile; fileRef = 184BD15C249AA59100E620FF /* Assets.xcassets */; };
		184BD160249AA59100E620FF /* LaunchScreen.storyboard in Resources */ = {isa = PBXBuildFile; fileRef = 184BD15E249AA59100E620FF /* LaunchScreen.storyboard */; };
		184BD163249AA59100E620FF /* main.m in Sources */ = {isa = PBXBuildFile; fileRef = 184BD162249AA59100E620FF /* main.m */; };
/* End PBXBuildFile section */

/* Begin PBXFileReference section */
		184BD14D249AA58C00E620FF /* contacts.app */ = {isa = PBXFileReference; explicitFileType = wrapper.application; includeInIndex = 0; path = contacts.app; sourceTree = BUILT_PRODUCTS_DIR; };
		184BD150249AA58C00E620FF /* AppDelegate.h */ = {isa = PBXFileReference; lastKnownFileType = sourcecode.c.h; path = AppDelegate.h; sourceTree = "<group>"; };
		184BD151249AA58C00E620FF /* AppDelegate.m */ = {isa = PBXFileReference; lastKnownFileType = sourcecode.c.objc; path = AppDelegate.m; sourceTree = "<group>"; };
		184BD153249AA58C00E620FF /* SceneDelegate.h */ = {isa = PBXFileReference; lastKnownFileType = sourcecode.c.h; path = SceneDelegate.h; sourceTree = "<group>"; };
		184BD154249AA58C00E620FF /* SceneDelegate.m */ = {isa = PBXFileReference; lastKnownFileType = sourcecode.c.objc; path = SceneDelegate.m; sourceTree = "<group>"; };
		184BD156249AA58C00E620FF /* ViewController.h */ = {isa = PBXFileReference; lastKnownFileType = sourcecode.c.h; path = ViewController.h; sourceTree = "<group>"; };
		184BD157249AA58C00E620FF /* ViewController.m */ = {isa = PBXFileReference; lastKnownFileType = sourcecode.c.objc; path = ViewController.m; sourceTree = "<group>"; };
		184BD15A249AA58C00E620FF /* Base */ = {isa = PBXFileReference; lastKnownFileType = file.storyboard; name = Base; path = Base.lproj/Main.storyboard; sourceTree = "<group>"; };
		184BD15C249AA59100E620FF /* Assets.xcassets */ = {isa = PBXFileReference; lastKnownFileType = folder.assetcatalog; path = Assets.xcassets; sourceTree = "<group>"; };
		184BD15F249AA59100E620FF /* Base */ = {isa = PBXFileReference; lastKnownFileType = file.storyboard; name = Base; path = Base.lproj/LaunchScreen.storyboard; sourceTree = "<group>"; };
		184BD161249AA59100E620FF /* Info.plist */ = {isa = PBXFileReference; lastKnownFileType = text.plist.xml; path = Info.plist; sourceTree = "<group>"; };
		184BD162249AA59100E620FF /* main.m */ = {isa = PBXFileReference; lastKnownFileType = sourcecode.c.objc; path = main.m; sourceTree = "<group>"; };
/* End PBXFileReference section */

/* Begin PBXFrameworksBuildPhase section */
		184BD14A249AA58C00E620FF /* Frameworks */ = {
			isa = PBXFrameworksBuildPhase;
			buildActionMask = 2147483647;
			files = (
			);
			runOnlyForDeploymentPostprocessing = 0;
		};
/* End PBXFrameworksBuildPhase section */

/* Begin PBXGroup section */
		184BD144249AA58C00E620FF = {
			isa = PBXGroup;
			children = (
				184BD14F249AA58C00E620FF /* contacts */,
				184BD14E249AA58C00E620FF /* Products */,
			);
			sourceTree = "<group>";
		};
		184BD14E249AA58C00E620FF /* Products */ = {
			isa = PBXGroup;
			children = (
				184BD14D249AA58C00E620FF /* contacts.app */,
			);
			name = Products;
			sourceTree = "<group>";
		};
		184BD14F249AA58C00E620FF /* contacts */ = {
			isa = PBXGroup;
			children = (
				184BD169249AA79D00E620FF /* Model */,
				184BD16A249AA7AA00E620FF /* Model Controller */,
				184BD16B249AA7B400E620FF /* View Controller */,
				184BD16C249AA7C800E620FF /* Storyboard */,
				184BD16D249AA7E100E620FF /* New Group */,
				184BD162249AA59100E620FF /* main.m */,
			);
			path = contacts;
			sourceTree = "<group>";
		};
		184BD169249AA79D00E620FF /* Model */ = {
			isa = PBXGroup;
			children = (
			);
			path = Model;
			sourceTree = "<group>";
		};
		184BD16A249AA7AA00E620FF /* Model Controller */ = {
			isa = PBXGroup;
			children = (
			);
			path = "Model Controller";
			sourceTree = "<group>";
		};
		184BD16B249AA7B400E620FF /* View Controller */ = {
			isa = PBXGroup;
			children = (
				184BD156249AA58C00E620FF /* ViewController.h */,
				184BD157249AA58C00E620FF /* ViewController.m */,
			);
			path = "View Controller";
			sourceTree = "<group>";
		};
		184BD16C249AA7C800E620FF /* Storyboard */ = {
			isa = PBXGroup;
			children = (
				184BD159249AA58C00E620FF /* Main.storyboard */,
				184BD15E249AA59100E620FF /* LaunchScreen.storyboard */,
			);
			path = Storyboard;
			sourceTree = "<group>";
		};
		184BD16D249AA7E100E620FF /* New Group */ = {
			isa = PBXGroup;
			children = (
				184BD150249AA58C00E620FF /* AppDelegate.h */,
				184BD151249AA58C00E620FF /* AppDelegate.m */,
				184BD153249AA58C00E620FF /* SceneDelegate.h */,
				184BD154249AA58C00E620FF /* SceneDelegate.m */,
				184BD161249AA59100E620FF /* Info.plist */,
				184BD15C249AA59100E620FF /* Assets.xcassets */,
			);
			name = "New Group";
			sourceTree = "<group>";
		};
/* End PBXGroup section */

/* Begin PBXNativeTarget section */
		184BD14C249AA58C00E620FF /* contacts */ = {
			isa = PBXNativeTarget;
			buildConfigurationList = 184BD166249AA59100E620FF /* Build configuration list for PBXNativeTarget "contacts" */;
			buildPhases = (
				184BD149249AA58C00E620FF /* Sources */,
				184BD14A249AA58C00E620FF /* Frameworks */,
				184BD14B249AA58C00E620FF /* Resources */,
			);
			buildRules = (
			);
			dependencies = (
			);
			name = contacts;
			productName = contacts;
			productReference = 184BD14D249AA58C00E620FF /* contacts.app */;
			productType = "com.apple.product-type.application";
		};
/* End PBXNativeTarget section */

/* Begin PBXProject section */
		184BD145249AA58C00E620FF /* Project object */ = {
			isa = PBXProject;
			attributes = {
				LastUpgradeCheck = 1150;
				ORGANIZATIONNAME = "Mark Poggi";
				TargetAttributes = {
					184BD14C249AA58C00E620FF = {
						CreatedOnToolsVersion = 11.5;
					};
				};
			};
			buildConfigurationList = 184BD148249AA58C00E620FF /* Build configuration list for PBXProject "contacts" */;
			compatibilityVersion = "Xcode 9.3";
			developmentRegion = en;
			hasScannedForEncodings = 0;
			knownRegions = (
				en,
				Base,
			);
			mainGroup = 184BD144249AA58C00E620FF;
			productRefGroup = 184BD14E249AA58C00E620FF /* Products */;
			projectDirPath = "";
			projectRoot = "";
			targets = (
				184BD14C249AA58C00E620FF /* contacts */,
			);
		};
/* End PBXProject section */

/* Begin PBXResourcesBuildPhase section */
		184BD14B249AA58C00E620FF /* Resources */ = {
			isa = PBXResourcesBuildPhase;
			buildActionMask = 2147483647;
			files = (
				184BD160249AA59100E620FF /* LaunchScreen.storyboard in Resources */,
				184BD15D249AA59100E620FF /* Assets.xcassets in Resources */,
				184BD15B249AA58C00E620FF /* Main.storyboard in Resources */,
			);
			runOnlyForDeploymentPostprocessing = 0;
		};
/* End PBXResourcesBuildPhase section */

/* Begin PBXSourcesBuildPhase section */
		184BD149249AA58C00E620FF /* Sources */ = {
			isa = PBXSourcesBuildPhase;
			buildActionMask = 2147483647;
			files = (
				184BD158249AA58C00E620FF /* ViewController.m in Sources */,
				184BD152249AA58C00E620FF /* AppDelegate.m in Sources */,
				184BD163249AA59100E620FF /* main.m in Sources */,
				184BD155249AA58C00E620FF /* SceneDelegate.m in Sources */,
			);
			runOnlyForDeploymentPostprocessing = 0;
		};
/* End PBXSourcesBuildPhase section */

/* Begin PBXVariantGroup section */
		184BD159249AA58C00E620FF /* Main.storyboard */ = {
			isa = PBXVariantGroup;
			children = (
				184BD15A249AA58C00E620FF /* Base */,
			);
			name = Main.storyboard;
			sourceTree = "<group>";
		};
		184BD15E249AA59100E620FF /* LaunchScreen.storyboard */ = {
			isa = PBXVariantGroup;
			children = (
				184BD15F249AA59100E620FF /* Base */,
			);
			name = LaunchScreen.storyboard;
			sourceTree = "<group>";
		};
/* End PBXVariantGroup section */

/* Begin XCBuildConfiguration section */
		184BD164249AA59100E620FF /* Debug */ = {
			isa = XCBuildConfiguration;
			buildSettings = {
				ALWAYS_SEARCH_USER_PATHS = NO;
				CLANG_ANALYZER_NONNULL = YES;
				CLANG_ANALYZER_NUMBER_OBJECT_CONVERSION = YES_AGGRESSIVE;
				CLANG_CXX_LANGUAGE_STANDARD = "gnu++14";
				CLANG_CXX_LIBRARY = "libc++";
				CLANG_ENABLE_MODULES = YES;
				CLANG_ENABLE_OBJC_ARC = NO;
				CLANG_ENABLE_OBJC_WEAK = YES;
				CLANG_WARN_BLOCK_CAPTURE_AUTORELEASING = YES;
				CLANG_WARN_BOOL_CONVERSION = YES;
				CLANG_WARN_COMMA = YES;
				CLANG_WARN_CONSTANT_CONVERSION = YES;
				CLANG_WARN_DEPRECATED_OBJC_IMPLEMENTATIONS = YES;
				CLANG_WARN_DIRECT_OBJC_ISA_USAGE = YES_ERROR;
				CLANG_WARN_DOCUMENTATION_COMMENTS = YES;
				CLANG_WARN_EMPTY_BODY = YES;
				CLANG_WARN_ENUM_CONVERSION = YES;
				CLANG_WARN_INFINITE_RECURSION = YES;
				CLANG_WARN_INT_CONVERSION = YES;
				CLANG_WARN_NON_LITERAL_NULL_CONVERSION = YES;
				CLANG_WARN_OBJC_IMPLICIT_RETAIN_SELF = YES;
				CLANG_WARN_OBJC_LITERAL_CONVERSION = YES;
				CLANG_WARN_OBJC_ROOT_CLASS = YES_ERROR;
				CLANG_WARN_RANGE_LOOP_ANALYSIS = YES;
				CLANG_WARN_STRICT_PROTOTYPES = YES;
				CLANG_WARN_SUSPICIOUS_MOVE = YES;
				CLANG_WARN_UNGUARDED_AVAILABILITY = YES_AGGRESSIVE;
				CLANG_WARN_UNREACHABLE_CODE = YES;
				CLANG_WARN__DUPLICATE_METHOD_MATCH = YES;
				COPY_PHASE_STRIP = NO;
				DEBUG_INFORMATION_FORMAT = dwarf;
				ENABLE_STRICT_OBJC_MSGSEND = YES;
				ENABLE_TESTABILITY = YES;
				GCC_C_LANGUAGE_STANDARD = gnu11;
				GCC_DYNAMIC_NO_PIC = NO;
				GCC_NO_COMMON_BLOCKS = YES;
				GCC_OPTIMIZATION_LEVEL = 0;
				GCC_PREPROCESSOR_DEFINITIONS = (
					"DEBUG=1",
					"$(inherited)",
				);
				GCC_WARN_64_TO_32_BIT_CONVERSION = YES;
				GCC_WARN_ABOUT_RETURN_TYPE = YES_ERROR;
				GCC_WARN_UNDECLARED_SELECTOR = YES;
				GCC_WARN_UNINITIALIZED_AUTOS = YES_AGGRESSIVE;
				GCC_WARN_UNUSED_FUNCTION = YES;
				GCC_WARN_UNUSED_VARIABLE = YES;
				IPHONEOS_DEPLOYMENT_TARGET = 13.5;
				MTL_ENABLE_DEBUG_INFO = INCLUDE_SOURCE;
				MTL_FAST_MATH = YES;
				ONLY_ACTIVE_ARCH = YES;
				SDKROOT = iphoneos;
			};
			name = Debug;
		};
		184BD165249AA59100E620FF /* Release */ = {
			isa = XCBuildConfiguration;
			buildSettings = {
				ALWAYS_SEARCH_USER_PATHS = NO;
				CLANG_ANALYZER_NONNULL = YES;
				CLANG_ANALYZER_NUMBER_OBJECT_CONVERSION = YES_AGGRESSIVE;
				CLANG_CXX_LANGUAGE_STANDARD = "gnu++14";
				CLANG_CXX_LIBRARY = "libc++";
				CLANG_ENABLE_MODULES = YES;
				CLANG_ENABLE_OBJC_ARC = NO;
				CLANG_ENABLE_OBJC_WEAK = YES;
				CLANG_WARN_BLOCK_CAPTURE_AUTORELEASING = YES;
				CLANG_WARN_BOOL_CONVERSION = YES;
				CLANG_WARN_COMMA = YES;
				CLANG_WARN_CONSTANT_CONVERSION = YES;
				CLANG_WARN_DEPRECATED_OBJC_IMPLEMENTATIONS = YES;
				CLANG_WARN_DIRECT_OBJC_ISA_USAGE = YES_ERROR;
				CLANG_WARN_DOCUMENTATION_COMMENTS = YES;
				CLANG_WARN_EMPTY_BODY = YES;
				CLANG_WARN_ENUM_CONVERSION = YES;
				CLANG_WARN_INFINITE_RECURSION = YES;
				CLANG_WARN_INT_CONVERSION = YES;
				CLANG_WARN_NON_LITERAL_NULL_CONVERSION = YES;
				CLANG_WARN_OBJC_IMPLICIT_RETAIN_SELF = YES;
				CLANG_WARN_OBJC_LITERAL_CONVERSION = YES;
				CLANG_WARN_OBJC_ROOT_CLASS = YES_ERROR;
				CLANG_WARN_RANGE_LOOP_ANALYSIS = YES;
				CLANG_WARN_STRICT_PROTOTYPES = YES;
				CLANG_WARN_SUSPICIOUS_MOVE = YES;
				CLANG_WARN_UNGUARDED_AVAILABILITY = YES_AGGRESSIVE;
				CLANG_WARN_UNREACHABLE_CODE = YES;
				CLANG_WARN__DUPLICATE_METHOD_MATCH = YES;
				COPY_PHASE_STRIP = NO;
				DEBUG_INFORMATION_FORMAT = "dwarf-with-dsym";
				ENABLE_NS_ASSERTIONS = NO;
				ENABLE_STRICT_OBJC_MSGSEND = YES;
				GCC_C_LANGUAGE_STANDARD = gnu11;
				GCC_NO_COMMON_BLOCKS = YES;
				GCC_WARN_64_TO_32_BIT_CONVERSION = YES;
				GCC_WARN_ABOUT_RETURN_TYPE = YES_ERROR;
				GCC_WARN_UNDECLARED_SELECTOR = YES;
				GCC_WARN_UNINITIALIZED_AUTOS = YES_AGGRESSIVE;
				GCC_WARN_UNUSED_FUNCTION = YES;
				GCC_WARN_UNUSED_VARIABLE = YES;
				IPHONEOS_DEPLOYMENT_TARGET = 13.5;
				MTL_ENABLE_DEBUG_INFO = NO;
				MTL_FAST_MATH = YES;
				SDKROOT = iphoneos;
				VALIDATE_PRODUCT = YES;
			};
			name = Release;
		};
		184BD167249AA59100E620FF /* Debug */ = {
			isa = XCBuildConfiguration;
			buildSettings = {
				ASSETCATALOG_COMPILER_APPICON_NAME = AppIcon;
				CODE_SIGN_STYLE = Automatic;
				DEVELOPMENT_TEAM = BF7CSS5VJS;
				INFOPLIST_FILE = contacts/Info.plist;
				LD_RUNPATH_SEARCH_PATHS = (
					"$(inherited)",
					"@executable_path/Frameworks",
				);
				PRODUCT_BUNDLE_IDENTIFIER = com.markpoggi.contacts;
				PRODUCT_NAME = "$(TARGET_NAME)";
				TARGETED_DEVICE_FAMILY = "1,2";
			};
			name = Debug;
		};
		184BD168249AA59100E620FF /* Release */ = {
			isa = XCBuildConfiguration;
			buildSettings = {
				ASSETCATALOG_COMPILER_APPICON_NAME = AppIcon;
				CODE_SIGN_STYLE = Automatic;
				DEVELOPMENT_TEAM = BF7CSS5VJS;
				INFOPLIST_FILE = contacts/Info.plist;
				LD_RUNPATH_SEARCH_PATHS = (
					"$(inherited)",
					"@executable_path/Frameworks",
				);
				PRODUCT_BUNDLE_IDENTIFIER = com.markpoggi.contacts;
				PRODUCT_NAME = "$(TARGET_NAME)";
				TARGETED_DEVICE_FAMILY = "1,2";
			};
			name = Release;
		};
/* End XCBuildConfiguration section */

/* Begin XCConfigurationList section */
		184BD148249AA58C00E620FF /* Build configuration list for PBXProject "contacts" */ = {
			isa = XCConfigurationList;
			buildConfigurations = (
				184BD164249AA59100E620FF /* Debug */,
				184BD165249AA59100E620FF /* Release */,
			);
			defaultConfigurationIsVisible = 0;
			defaultConfigurationName = Release;
		};
		184BD166249AA59100E620FF /* Build configuration list for PBXNativeTarget "contacts" */ = {
			isa = XCConfigurationList;
			buildConfigurations = (
				184BD167249AA59100E620FF /* Debug */,
				184BD168249AA59100E620FF /* Release */,
			);
			defaultConfigurationIsVisible = 0;
			defaultConfigurationName = Release;
		};
/* End XCConfigurationList section */
	};
	rootObject = 184BD145249AA58C00E620FF /* Project object */;
}
