// !$*UTF8*$!
{
	archiveVersion = 1;
	classes = {
	};
	objectVersion = 50;
	objects = {

/* Begin PBXBuildFile section */
		779CAD85237CC70100D93E7F /* AppDelegate.m in Sources */ = {isa = PBXBuildFile; fileRef = 779CAD84237CC70100D93E7F /* AppDelegate.m */; };
		779CAD88237CC70100D93E7F /* SceneDelegate.m in Sources */ = {isa = PBXBuildFile; fileRef = 779CAD87237CC70100D93E7F /* SceneDelegate.m */; };
		779CAD8B237CC70100D93E7F /* ViewController.m in Sources */ = {isa = PBXBuildFile; fileRef = 779CAD8A237CC70100D93E7F /* ViewController.m */; };
		779CAD8E237CC70100D93E7F /* Main.storyboard in Resources */ = {isa = PBXBuildFile; fileRef = 779CAD8C237CC70100D93E7F /* Main.storyboard */; };
		779CAD90237CC70300D93E7F /* Assets.xcassets in Resources */ = {isa = PBXBuildFile; fileRef = 779CAD8F237CC70300D93E7F /* Assets.xcassets */; };
		779CAD93237CC70300D93E7F /* LaunchScreen.storyboard in Resources */ = {isa = PBXBuildFile; fileRef = 779CAD91237CC70300D93E7F /* LaunchScreen.storyboard */; };
		779CAD96237CC70300D93E7F /* main.m in Sources */ = {isa = PBXBuildFile; fileRef = 779CAD95237CC70300D93E7F /* main.m */; };
/* End PBXBuildFile section */

/* Begin PBXFileReference section */
		779CAD80237CC70100D93E7F /* ContactsMRC.app */ = {isa = PBXFileReference; explicitFileType = wrapper.application; includeInIndex = 0; path = ContactsMRC.app; sourceTree = BUILT_PRODUCTS_DIR; };
		779CAD83237CC70100D93E7F /* AppDelegate.h */ = {isa = PBXFileReference; lastKnownFileType = sourcecode.c.h; path = AppDelegate.h; sourceTree = "<group>"; };
		779CAD84237CC70100D93E7F /* AppDelegate.m */ = {isa = PBXFileReference; lastKnownFileType = sourcecode.c.objc; path = AppDelegate.m; sourceTree = "<group>"; };
		779CAD86237CC70100D93E7F /* SceneDelegate.h */ = {isa = PBXFileReference; lastKnownFileType = sourcecode.c.h; path = SceneDelegate.h; sourceTree = "<group>"; };
		779CAD87237CC70100D93E7F /* SceneDelegate.m */ = {isa = PBXFileReference; lastKnownFileType = sourcecode.c.objc; path = SceneDelegate.m; sourceTree = "<group>"; };
		779CAD89237CC70100D93E7F /* ViewController.h */ = {isa = PBXFileReference; lastKnownFileType = sourcecode.c.h; path = ViewController.h; sourceTree = "<group>"; };
		779CAD8A237CC70100D93E7F /* ViewController.m */ = {isa = PBXFileReference; lastKnownFileType = sourcecode.c.objc; path = ViewController.m; sourceTree = "<group>"; };
		779CAD8D237CC70100D93E7F /* Base */ = {isa = PBXFileReference; lastKnownFileType = file.storyboard; name = Base; path = Base.lproj/Main.storyboard; sourceTree = "<group>"; };
		779CAD8F237CC70300D93E7F /* Assets.xcassets */ = {isa = PBXFileReference; lastKnownFileType = folder.assetcatalog; path = Assets.xcassets; sourceTree = "<group>"; };
		779CAD92237CC70300D93E7F /* Base */ = {isa = PBXFileReference; lastKnownFileType = file.storyboard; name = Base; path = Base.lproj/LaunchScreen.storyboard; sourceTree = "<group>"; };
		779CAD94237CC70300D93E7F /* Info.plist */ = {isa = PBXFileReference; lastKnownFileType = text.plist.xml; path = Info.plist; sourceTree = "<group>"; };
		779CAD95237CC70300D93E7F /* main.m */ = {isa = PBXFileReference; lastKnownFileType = sourcecode.c.objc; path = main.m; sourceTree = "<group>"; };
/* End PBXFileReference section */

/* Begin PBXFrameworksBuildPhase section */
		779CAD7D237CC70100D93E7F /* Frameworks */ = {
			isa = PBXFrameworksBuildPhase;
			buildActionMask = 2147483647;
			files = (
			);
			runOnlyForDeploymentPostprocessing = 0;
		};
/* End PBXFrameworksBuildPhase section */

/* Begin PBXGroup section */
		779CAD77237CC70100D93E7F = {
			isa = PBXGroup;
			children = (
				779CAD82237CC70100D93E7F /* ContactsMRC */,
				779CAD81237CC70100D93E7F /* Products */,
			);
			sourceTree = "<group>";
		};
		779CAD81237CC70100D93E7F /* Products */ = {
			isa = PBXGroup;
			children = (
				779CAD80237CC70100D93E7F /* ContactsMRC.app */,
			);
			name = Products;
			sourceTree = "<group>";
		};
		779CAD82237CC70100D93E7F /* ContactsMRC */ = {
			isa = PBXGroup;
			children = (
				779CAD83237CC70100D93E7F /* AppDelegate.h */,
				779CAD84237CC70100D93E7F /* AppDelegate.m */,
				779CAD86237CC70100D93E7F /* SceneDelegate.h */,
				779CAD87237CC70100D93E7F /* SceneDelegate.m */,
				779CAD89237CC70100D93E7F /* ViewController.h */,
				779CAD8A237CC70100D93E7F /* ViewController.m */,
				779CAD8C237CC70100D93E7F /* Main.storyboard */,
				779CAD8F237CC70300D93E7F /* Assets.xcassets */,
				779CAD91237CC70300D93E7F /* LaunchScreen.storyboard */,
				779CAD94237CC70300D93E7F /* Info.plist */,
				779CAD95237CC70300D93E7F /* main.m */,
			);
			path = ContactsMRC;
			sourceTree = "<group>";
		};
/* End PBXGroup section */

/* Begin PBXNativeTarget section */
		779CAD7F237CC70100D93E7F /* ContactsMRC */ = {
			isa = PBXNativeTarget;
			buildConfigurationList = 779CAD99237CC70300D93E7F /* Build configuration list for PBXNativeTarget "ContactsMRC" */;
			buildPhases = (
				779CAD7C237CC70100D93E7F /* Sources */,
				779CAD7D237CC70100D93E7F /* Frameworks */,
				779CAD7E237CC70100D93E7F /* Resources */,
			);
			buildRules = (
			);
			dependencies = (
			);
			name = ContactsMRC;
			productName = ContactsMRC;
			productReference = 779CAD80237CC70100D93E7F /* ContactsMRC.app */;
			productType = "com.apple.product-type.application";
		};
/* End PBXNativeTarget section */

/* Begin PBXProject section */
		779CAD78237CC70100D93E7F /* Project object */ = {
			isa = PBXProject;
			attributes = {
				LastUpgradeCheck = 1120;
				ORGANIZATIONNAME = "Ciara Beitel";
				TargetAttributes = {
					779CAD7F237CC70100D93E7F = {
						CreatedOnToolsVersion = 11.2;
					};
				};
			};
			buildConfigurationList = 779CAD7B237CC70100D93E7F /* Build configuration list for PBXProject "ContactsMRC" */;
			compatibilityVersion = "Xcode 9.3";
			developmentRegion = en;
			hasScannedForEncodings = 0;
			knownRegions = (
				en,
				Base,
			);
			mainGroup = 779CAD77237CC70100D93E7F;
			productRefGroup = 779CAD81237CC70100D93E7F /* Products */;
			projectDirPath = "";
			projectRoot = "";
			targets = (
				779CAD7F237CC70100D93E7F /* ContactsMRC */,
			);
		};
/* End PBXProject section */

/* Begin PBXResourcesBuildPhase section */
		779CAD7E237CC70100D93E7F /* Resources */ = {
			isa = PBXResourcesBuildPhase;
			buildActionMask = 2147483647;
			files = (
				779CAD93237CC70300D93E7F /* LaunchScreen.storyboard in Resources */,
				779CAD90237CC70300D93E7F /* Assets.xcassets in Resources */,
				779CAD8E237CC70100D93E7F /* Main.storyboard in Resources */,
			);
			runOnlyForDeploymentPostprocessing = 0;
		};
/* End PBXResourcesBuildPhase section */

/* Begin PBXSourcesBuildPhase section */
		779CAD7C237CC70100D93E7F /* Sources */ = {
			isa = PBXSourcesBuildPhase;
			buildActionMask = 2147483647;
			files = (
				779CAD8B237CC70100D93E7F /* ViewController.m in Sources */,
				779CAD85237CC70100D93E7F /* AppDelegate.m in Sources */,
				779CAD96237CC70300D93E7F /* main.m in Sources */,
				779CAD88237CC70100D93E7F /* SceneDelegate.m in Sources */,
			);
			runOnlyForDeploymentPostprocessing = 0;
		};
/* End PBXSourcesBuildPhase section */

/* Begin PBXVariantGroup section */
		779CAD8C237CC70100D93E7F /* Main.storyboard */ = {
			isa = PBXVariantGroup;
			children = (
				779CAD8D237CC70100D93E7F /* Base */,
			);
			name = Main.storyboard;
			sourceTree = "<group>";
		};
		779CAD91237CC70300D93E7F /* LaunchScreen.storyboard */ = {
			isa = PBXVariantGroup;
			children = (
				779CAD92237CC70300D93E7F /* Base */,
			);
			name = LaunchScreen.storyboard;
			sourceTree = "<group>";
		};
/* End PBXVariantGroup section */

/* Begin XCBuildConfiguration section */
		779CAD97237CC70300D93E7F /* Debug */ = {
			isa = XCBuildConfiguration;
			buildSettings = {
				ALWAYS_SEARCH_USER_PATHS = NO;
				CLANG_ANALYZER_NONNULL = YES;
				CLANG_ANALYZER_NUMBER_OBJECT_CONVERSION = YES_AGGRESSIVE;
				CLANG_CXX_LANGUAGE_STANDARD = "gnu++14";
				CLANG_CXX_LIBRARY = "libc++";
				CLANG_ENABLE_MODULES = YES;
				CLANG_ENABLE_OBJC_ARC = NO;
				CLANG_ENABLE_OBJC_WEAK = YES;
				CLANG_WARN_BLOCK_CAPTURE_AUTORELEASING = YES;
				CLANG_WARN_BOOL_CONVERSION = YES;
				CLANG_WARN_COMMA = YES;
				CLANG_WARN_CONSTANT_CONVERSION = YES;
				CLANG_WARN_DEPRECATED_OBJC_IMPLEMENTATIONS = YES;
				CLANG_WARN_DIRECT_OBJC_ISA_USAGE = YES_ERROR;
				CLANG_WARN_DOCUMENTATION_COMMENTS = YES;
				CLANG_WARN_EMPTY_BODY = YES;
				CLANG_WARN_ENUM_CONVERSION = YES;
				CLANG_WARN_INFINITE_RECURSION = YES;
				CLANG_WARN_INT_CONVERSION = YES;
				CLANG_WARN_NON_LITERAL_NULL_CONVERSION = YES;
				CLANG_WARN_OBJC_IMPLICIT_RETAIN_SELF = YES;
				CLANG_WARN_OBJC_LITERAL_CONVERSION = YES;
				CLANG_WARN_OBJC_ROOT_CLASS = YES_ERROR;
				CLANG_WARN_RANGE_LOOP_ANALYSIS = YES;
				CLANG_WARN_STRICT_PROTOTYPES = YES;
				CLANG_WARN_SUSPICIOUS_MOVE = YES;
				CLANG_WARN_UNGUARDED_AVAILABILITY = YES_AGGRESSIVE;
				CLANG_WARN_UNREACHABLE_CODE = YES;
				CLANG_WARN__DUPLICATE_METHOD_MATCH = YES;
				COPY_PHASE_STRIP = NO;
				DEBUG_INFORMATION_FORMAT = dwarf;
				ENABLE_STRICT_OBJC_MSGSEND = YES;
				ENABLE_TESTABILITY = YES;
				GCC_C_LANGUAGE_STANDARD = gnu11;
				GCC_DYNAMIC_NO_PIC = NO;
				GCC_NO_COMMON_BLOCKS = YES;
				GCC_OPTIMIZATION_LEVEL = 0;
				GCC_PREPROCESSOR_DEFINITIONS = (
					"DEBUG=1",
					"$(inherited)",
				);
				GCC_WARN_64_TO_32_BIT_CONVERSION = YES;
				GCC_WARN_ABOUT_RETURN_TYPE = YES_ERROR;
				GCC_WARN_UNDECLARED_SELECTOR = YES;
				GCC_WARN_UNINITIALIZED_AUTOS = YES_AGGRESSIVE;
				GCC_WARN_UNUSED_FUNCTION = YES;
				GCC_WARN_UNUSED_VARIABLE = YES;
				IPHONEOS_DEPLOYMENT_TARGET = 13.2;
				MTL_ENABLE_DEBUG_INFO = INCLUDE_SOURCE;
				MTL_FAST_MATH = YES;
				ONLY_ACTIVE_ARCH = YES;
				SDKROOT = iphoneos;
			};
			name = Debug;
		};
		779CAD98237CC70300D93E7F /* Release */ = {
			isa = XCBuildConfiguration;
			buildSettings = {
				ALWAYS_SEARCH_USER_PATHS = NO;
				CLANG_ANALYZER_NONNULL = YES;
				CLANG_ANALYZER_NUMBER_OBJECT_CONVERSION = YES_AGGRESSIVE;
				CLANG_CXX_LANGUAGE_STANDARD = "gnu++14";
				CLANG_CXX_LIBRARY = "libc++";
				CLANG_ENABLE_MODULES = YES;
				CLANG_ENABLE_OBJC_ARC = NO;
				CLANG_ENABLE_OBJC_WEAK = YES;
				CLANG_WARN_BLOCK_CAPTURE_AUTORELEASING = YES;
				CLANG_WARN_BOOL_CONVERSION = YES;
				CLANG_WARN_COMMA = YES;
				CLANG_WARN_CONSTANT_CONVERSION = YES;
				CLANG_WARN_DEPRECATED_OBJC_IMPLEMENTATIONS = YES;
				CLANG_WARN_DIRECT_OBJC_ISA_USAGE = YES_ERROR;
				CLANG_WARN_DOCUMENTATION_COMMENTS = YES;
				CLANG_WARN_EMPTY_BODY = YES;
				CLANG_WARN_ENUM_CONVERSION = YES;
				CLANG_WARN_INFINITE_RECURSION = YES;
				CLANG_WARN_INT_CONVERSION = YES;
				CLANG_WARN_NON_LITERAL_NULL_CONVERSION = YES;
				CLANG_WARN_OBJC_IMPLICIT_RETAIN_SELF = YES;
				CLANG_WARN_OBJC_LITERAL_CONVERSION = YES;
				CLANG_WARN_OBJC_ROOT_CLASS = YES_ERROR;
				CLANG_WARN_RANGE_LOOP_ANALYSIS = YES;
				CLANG_WARN_STRICT_PROTOTYPES = YES;
				CLANG_WARN_SUSPICIOUS_MOVE = YES;
				CLANG_WARN_UNGUARDED_AVAILABILITY = YES_AGGRESSIVE;
				CLANG_WARN_UNREACHABLE_CODE = YES;
				CLANG_WARN__DUPLICATE_METHOD_MATCH = YES;
				COPY_PHASE_STRIP = NO;
				DEBUG_INFORMATION_FORMAT = "dwarf-with-dsym";
				ENABLE_NS_ASSERTIONS = NO;
				ENABLE_STRICT_OBJC_MSGSEND = YES;
				GCC_C_LANGUAGE_STANDARD = gnu11;
				GCC_NO_COMMON_BLOCKS = YES;
				GCC_WARN_64_TO_32_BIT_CONVERSION = YES;
				GCC_WARN_ABOUT_RETURN_TYPE = YES_ERROR;
				GCC_WARN_UNDECLARED_SELECTOR = YES;
				GCC_WARN_UNINITIALIZED_AUTOS = YES_AGGRESSIVE;
				GCC_WARN_UNUSED_FUNCTION = YES;
				GCC_WARN_UNUSED_VARIABLE = YES;
				IPHONEOS_DEPLOYMENT_TARGET = 13.2;
				MTL_ENABLE_DEBUG_INFO = NO;
				MTL_FAST_MATH = YES;
				SDKROOT = iphoneos;
				VALIDATE_PRODUCT = YES;
			};
			name = Release;
		};
		779CAD9A237CC70300D93E7F /* Debug */ = {
			isa = XCBuildConfiguration;
			buildSettings = {
				ASSETCATALOG_COMPILER_APPICON_NAME = AppIcon;
				CODE_SIGN_STYLE = Automatic;
				DEVELOPMENT_TEAM = 63GJL7X8L2;
				INFOPLIST_FILE = ContactsMRC/Info.plist;
				LD_RUNPATH_SEARCH_PATHS = (
					"$(inherited)",
					"@executable_path/Frameworks",
				);
				PRODUCT_BUNDLE_IDENTIFIER = com.ciaranotclara.ContactsMRC;
				PRODUCT_NAME = "$(TARGET_NAME)";
				TARGETED_DEVICE_FAMILY = "1,2";
			};
			name = Debug;
		};
		779CAD9B237CC70300D93E7F /* Release */ = {
			isa = XCBuildConfiguration;
			buildSettings = {
				ASSETCATALOG_COMPILER_APPICON_NAME = AppIcon;
				CODE_SIGN_STYLE = Automatic;
				DEVELOPMENT_TEAM = 63GJL7X8L2;
				INFOPLIST_FILE = ContactsMRC/Info.plist;
				LD_RUNPATH_SEARCH_PATHS = (
					"$(inherited)",
					"@executable_path/Frameworks",
				);
				PRODUCT_BUNDLE_IDENTIFIER = com.ciaranotclara.ContactsMRC;
				PRODUCT_NAME = "$(TARGET_NAME)";
				TARGETED_DEVICE_FAMILY = "1,2";
			};
			name = Release;
		};
/* End XCBuildConfiguration section */

/* Begin XCConfigurationList section */
		779CAD7B237CC70100D93E7F /* Build configuration list for PBXProject "ContactsMRC" */ = {
			isa = XCConfigurationList;
			buildConfigurations = (
				779CAD97237CC70300D93E7F /* Debug */,
				779CAD98237CC70300D93E7F /* Release */,
			);
			defaultConfigurationIsVisible = 0;
			defaultConfigurationName = Release;
		};
		779CAD99237CC70300D93E7F /* Build configuration list for PBXNativeTarget "ContactsMRC" */ = {
			isa = XCConfigurationList;
			buildConfigurations = (
				779CAD9A237CC70300D93E7F /* Debug */,
				779CAD9B237CC70300D93E7F /* Release */,
			);
			defaultConfigurationIsVisible = 0;
			defaultConfigurationName = Release;
		};
/* End XCConfigurationList section */
	};
	rootObject = 779CAD78237CC70100D93E7F /* Project object */;
}
