// !$*UTF8*$!
{
	archiveVersion = 1;
	classes = {
	};
	objectVersion = 50;
	objects = {

/* Begin PBXBuildFile section */
		1CFB386E23E21072008674FE /* AppDelegate.m in Sources */ = {isa = PBXBuildFile; fileRef = 1CFB386D23E21072008674FE /* AppDelegate.m */; };
		1CFB387123E21072008674FE /* SceneDelegate.m in Sources */ = {isa = PBXBuildFile; fileRef = 1CFB387023E21072008674FE /* SceneDelegate.m */; };
		1CFB387423E21072008674FE /* ViewController.m in Sources */ = {isa = PBXBuildFile; fileRef = 1CFB387323E21072008674FE /* ViewController.m */; };
		1CFB387723E21073008674FE /* Main.storyboard in Resources */ = {isa = PBXBuildFile; fileRef = 1CFB387523E21072008674FE /* Main.storyboard */; };
		1CFB387923E21074008674FE /* Assets.xcassets in Resources */ = {isa = PBXBuildFile; fileRef = 1CFB387823E21074008674FE /* Assets.xcassets */; };
		1CFB387C23E21074008674FE /* LaunchScreen.storyboard in Resources */ = {isa = PBXBuildFile; fileRef = 1CFB387A23E21074008674FE /* LaunchScreen.storyboard */; };
		1CFB387F23E21074008674FE /* main.m in Sources */ = {isa = PBXBuildFile; fileRef = 1CFB387E23E21074008674FE /* main.m */; };
/* End PBXBuildFile section */

/* Begin PBXFileReference section */
		1CFB386923E21072008674FE /* ContactsMRC.app */ = {isa = PBXFileReference; explicitFileType = wrapper.application; includeInIndex = 0; path = ContactsMRC.app; sourceTree = BUILT_PRODUCTS_DIR; };
		1CFB386C23E21072008674FE /* AppDelegate.h */ = {isa = PBXFileReference; lastKnownFileType = sourcecode.c.h; path = AppDelegate.h; sourceTree = "<group>"; };
		1CFB386D23E21072008674FE /* AppDelegate.m */ = {isa = PBXFileReference; lastKnownFileType = sourcecode.c.objc; path = AppDelegate.m; sourceTree = "<group>"; };
		1CFB386F23E21072008674FE /* SceneDelegate.h */ = {isa = PBXFileReference; lastKnownFileType = sourcecode.c.h; path = SceneDelegate.h; sourceTree = "<group>"; };
		1CFB387023E21072008674FE /* SceneDelegate.m */ = {isa = PBXFileReference; lastKnownFileType = sourcecode.c.objc; path = SceneDelegate.m; sourceTree = "<group>"; };
		1CFB387223E21072008674FE /* ViewController.h */ = {isa = PBXFileReference; lastKnownFileType = sourcecode.c.h; path = ViewController.h; sourceTree = "<group>"; };
		1CFB387323E21072008674FE /* ViewController.m */ = {isa = PBXFileReference; lastKnownFileType = sourcecode.c.objc; path = ViewController.m; sourceTree = "<group>"; };
		1CFB387623E21072008674FE /* Base */ = {isa = PBXFileReference; lastKnownFileType = file.storyboard; name = Base; path = Base.lproj/Main.storyboard; sourceTree = "<group>"; };
		1CFB387823E21074008674FE /* Assets.xcassets */ = {isa = PBXFileReference; lastKnownFileType = folder.assetcatalog; path = Assets.xcassets; sourceTree = "<group>"; };
		1CFB387B23E21074008674FE /* Base */ = {isa = PBXFileReference; lastKnownFileType = file.storyboard; name = Base; path = Base.lproj/LaunchScreen.storyboard; sourceTree = "<group>"; };
		1CFB387D23E21074008674FE /* Info.plist */ = {isa = PBXFileReference; lastKnownFileType = text.plist.xml; path = Info.plist; sourceTree = "<group>"; };
		1CFB387E23E21074008674FE /* main.m */ = {isa = PBXFileReference; lastKnownFileType = sourcecode.c.objc; path = main.m; sourceTree = "<group>"; };
/* End PBXFileReference section */

/* Begin PBXFrameworksBuildPhase section */
		1CFB386623E21072008674FE /* Frameworks */ = {
			isa = PBXFrameworksBuildPhase;
			buildActionMask = 2147483647;
			files = (
			);
			runOnlyForDeploymentPostprocessing = 0;
		};
/* End PBXFrameworksBuildPhase section */

/* Begin PBXGroup section */
		1CFB386023E21072008674FE = {
			isa = PBXGroup;
			children = (
				1CFB386B23E21072008674FE /* ContactsMRC */,
				1CFB386A23E21072008674FE /* Products */,
			);
			sourceTree = "<group>";
		};
		1CFB386A23E21072008674FE /* Products */ = {
			isa = PBXGroup;
			children = (
				1CFB386923E21072008674FE /* ContactsMRC.app */,
			);
			name = Products;
			sourceTree = "<group>";
		};
		1CFB386B23E21072008674FE /* ContactsMRC */ = {
			isa = PBXGroup;
			children = (
				1CFB386C23E21072008674FE /* AppDelegate.h */,
				1CFB386D23E21072008674FE /* AppDelegate.m */,
				1CFB386F23E21072008674FE /* SceneDelegate.h */,
				1CFB387023E21072008674FE /* SceneDelegate.m */,
				1CFB387223E21072008674FE /* ViewController.h */,
				1CFB387323E21072008674FE /* ViewController.m */,
				1CFB387523E21072008674FE /* Main.storyboard */,
				1CFB387823E21074008674FE /* Assets.xcassets */,
				1CFB387A23E21074008674FE /* LaunchScreen.storyboard */,
				1CFB387D23E21074008674FE /* Info.plist */,
				1CFB387E23E21074008674FE /* main.m */,
			);
			path = ContactsMRC;
			sourceTree = "<group>";
		};
/* End PBXGroup section */

/* Begin PBXNativeTarget section */
		1CFB386823E21072008674FE /* ContactsMRC */ = {
			isa = PBXNativeTarget;
			buildConfigurationList = 1CFB388223E21074008674FE /* Build configuration list for PBXNativeTarget "ContactsMRC" */;
			buildPhases = (
				1CFB386523E21072008674FE /* Sources */,
				1CFB386623E21072008674FE /* Frameworks */,
				1CFB386723E21072008674FE /* Resources */,
			);
			buildRules = (
			);
			dependencies = (
			);
			name = ContactsMRC;
			productName = ContactsMRC;
			productReference = 1CFB386923E21072008674FE /* ContactsMRC.app */;
			productType = "com.apple.product-type.application";
		};
/* End PBXNativeTarget section */

/* Begin PBXProject section */
		1CFB386123E21072008674FE /* Project object */ = {
			isa = PBXProject;
			attributes = {
				LastUpgradeCheck = 1120;
				ORGANIZATIONNAME = "Jerry haaser";
				TargetAttributes = {
					1CFB386823E21072008674FE = {
						CreatedOnToolsVersion = 11.2;
					};
				};
			};
			buildConfigurationList = 1CFB386423E21072008674FE /* Build configuration list for PBXProject "ContactsMRC" */;
			compatibilityVersion = "Xcode 9.3";
			developmentRegion = en;
			hasScannedForEncodings = 0;
			knownRegions = (
				en,
				Base,
			);
			mainGroup = 1CFB386023E21072008674FE;
			productRefGroup = 1CFB386A23E21072008674FE /* Products */;
			projectDirPath = "";
			projectRoot = "";
			targets = (
				1CFB386823E21072008674FE /* ContactsMRC */,
			);
		};
/* End PBXProject section */

/* Begin PBXResourcesBuildPhase section */
		1CFB386723E21072008674FE /* Resources */ = {
			isa = PBXResourcesBuildPhase;
			buildActionMask = 2147483647;
			files = (
				1CFB387C23E21074008674FE /* LaunchScreen.storyboard in Resources */,
				1CFB387923E21074008674FE /* Assets.xcassets in Resources */,
				1CFB387723E21073008674FE /* Main.storyboard in Resources */,
			);
			runOnlyForDeploymentPostprocessing = 0;
		};
/* End PBXResourcesBuildPhase section */

/* Begin PBXSourcesBuildPhase section */
		1CFB386523E21072008674FE /* Sources */ = {
			isa = PBXSourcesBuildPhase;
			buildActionMask = 2147483647;
			files = (
				1CFB387423E21072008674FE /* ViewController.m in Sources */,
				1CFB386E23E21072008674FE /* AppDelegate.m in Sources */,
				1CFB387F23E21074008674FE /* main.m in Sources */,
				1CFB387123E21072008674FE /* SceneDelegate.m in Sources */,
			);
			runOnlyForDeploymentPostprocessing = 0;
		};
/* End PBXSourcesBuildPhase section */

/* Begin PBXVariantGroup section */
		1CFB387523E21072008674FE /* Main.storyboard */ = {
			isa = PBXVariantGroup;
			children = (
				1CFB387623E21072008674FE /* Base */,
			);
			name = Main.storyboard;
			sourceTree = "<group>";
		};
		1CFB387A23E21074008674FE /* LaunchScreen.storyboard */ = {
			isa = PBXVariantGroup;
			children = (
				1CFB387B23E21074008674FE /* Base */,
			);
			name = LaunchScreen.storyboard;
			sourceTree = "<group>";
		};
/* End PBXVariantGroup section */

/* Begin XCBuildConfiguration section */
		1CFB388023E21074008674FE /* Debug */ = {
			isa = XCBuildConfiguration;
			buildSettings = {
				ALWAYS_SEARCH_USER_PATHS = NO;
				CLANG_ANALYZER_NONNULL = YES;
				CLANG_ANALYZER_NUMBER_OBJECT_CONVERSION = YES_AGGRESSIVE;
				CLANG_CXX_LANGUAGE_STANDARD = "gnu++14";
				CLANG_CXX_LIBRARY = "libc++";
				CLANG_ENABLE_MODULES = YES;
				CLANG_ENABLE_OBJC_ARC = YES;
				CLANG_ENABLE_OBJC_WEAK = YES;
				CLANG_WARN_BLOCK_CAPTURE_AUTORELEASING = YES;
				CLANG_WARN_BOOL_CONVERSION = YES;
				CLANG_WARN_COMMA = YES;
				CLANG_WARN_CONSTANT_CONVERSION = YES;
				CLANG_WARN_DEPRECATED_OBJC_IMPLEMENTATIONS = YES;
				CLANG_WARN_DIRECT_OBJC_ISA_USAGE = YES_ERROR;
				CLANG_WARN_DOCUMENTATION_COMMENTS = YES;
				CLANG_WARN_EMPTY_BODY = YES;
				CLANG_WARN_ENUM_CONVERSION = YES;
				CLANG_WARN_INFINITE_RECURSION = YES;
				CLANG_WARN_INT_CONVERSION = YES;
				CLANG_WARN_NON_LITERAL_NULL_CONVERSION = YES;
				CLANG_WARN_OBJC_IMPLICIT_RETAIN_SELF = YES;
				CLANG_WARN_OBJC_LITERAL_CONVERSION = YES;
				CLANG_WARN_OBJC_ROOT_CLASS = YES_ERROR;
				CLANG_WARN_RANGE_LOOP_ANALYSIS = YES;
				CLANG_WARN_STRICT_PROTOTYPES = YES;
				CLANG_WARN_SUSPICIOUS_MOVE = YES;
				CLANG_WARN_UNGUARDED_AVAILABILITY = YES_AGGRESSIVE;
				CLANG_WARN_UNREACHABLE_CODE = YES;
				CLANG_WARN__DUPLICATE_METHOD_MATCH = YES;
				COPY_PHASE_STRIP = NO;
				DEBUG_INFORMATION_FORMAT = dwarf;
				ENABLE_STRICT_OBJC_MSGSEND = YES;
				ENABLE_TESTABILITY = YES;
				GCC_C_LANGUAGE_STANDARD = gnu11;
				GCC_DYNAMIC_NO_PIC = NO;
				GCC_NO_COMMON_BLOCKS = YES;
				GCC_OPTIMIZATION_LEVEL = 0;
				GCC_PREPROCESSOR_DEFINITIONS = (
					"DEBUG=1",
					"$(inherited)",
				);
				GCC_WARN_64_TO_32_BIT_CONVERSION = YES;
				GCC_WARN_ABOUT_RETURN_TYPE = YES_ERROR;
				GCC_WARN_UNDECLARED_SELECTOR = YES;
				GCC_WARN_UNINITIALIZED_AUTOS = YES_AGGRESSIVE;
				GCC_WARN_UNUSED_FUNCTION = YES;
				GCC_WARN_UNUSED_VARIABLE = YES;
				IPHONEOS_DEPLOYMENT_TARGET = 13.2;
				MTL_ENABLE_DEBUG_INFO = INCLUDE_SOURCE;
				MTL_FAST_MATH = YES;
				ONLY_ACTIVE_ARCH = YES;
				SDKROOT = iphoneos;
			};
			name = Debug;
		};
		1CFB388123E21074008674FE /* Release */ = {
			isa = XCBuildConfiguration;
			buildSettings = {
				ALWAYS_SEARCH_USER_PATHS = NO;
				CLANG_ANALYZER_NONNULL = YES;
				CLANG_ANALYZER_NUMBER_OBJECT_CONVERSION = YES_AGGRESSIVE;
				CLANG_CXX_LANGUAGE_STANDARD = "gnu++14";
				CLANG_CXX_LIBRARY = "libc++";
				CLANG_ENABLE_MODULES = YES;
				CLANG_ENABLE_OBJC_ARC = YES;
				CLANG_ENABLE_OBJC_WEAK = YES;
				CLANG_WARN_BLOCK_CAPTURE_AUTORELEASING = YES;
				CLANG_WARN_BOOL_CONVERSION = YES;
				CLANG_WARN_COMMA = YES;
				CLANG_WARN_CONSTANT_CONVERSION = YES;
				CLANG_WARN_DEPRECATED_OBJC_IMPLEMENTATIONS = YES;
				CLANG_WARN_DIRECT_OBJC_ISA_USAGE = YES_ERROR;
				CLANG_WARN_DOCUMENTATION_COMMENTS = YES;
				CLANG_WARN_EMPTY_BODY = YES;
				CLANG_WARN_ENUM_CONVERSION = YES;
				CLANG_WARN_INFINITE_RECURSION = YES;
				CLANG_WARN_INT_CONVERSION = YES;
				CLANG_WARN_NON_LITERAL_NULL_CONVERSION = YES;
				CLANG_WARN_OBJC_IMPLICIT_RETAIN_SELF = YES;
				CLANG_WARN_OBJC_LITERAL_CONVERSION = YES;
				CLANG_WARN_OBJC_ROOT_CLASS = YES_ERROR;
				CLANG_WARN_RANGE_LOOP_ANALYSIS = YES;
				CLANG_WARN_STRICT_PROTOTYPES = YES;
				CLANG_WARN_SUSPICIOUS_MOVE = YES;
				CLANG_WARN_UNGUARDED_AVAILABILITY = YES_AGGRESSIVE;
				CLANG_WARN_UNREACHABLE_CODE = YES;
				CLANG_WARN__DUPLICATE_METHOD_MATCH = YES;
				COPY_PHASE_STRIP = NO;
				DEBUG_INFORMATION_FORMAT = "dwarf-with-dsym";
				ENABLE_NS_ASSERTIONS = NO;
				ENABLE_STRICT_OBJC_MSGSEND = YES;
				GCC_C_LANGUAGE_STANDARD = gnu11;
				GCC_NO_COMMON_BLOCKS = YES;
				GCC_WARN_64_TO_32_BIT_CONVERSION = YES;
				GCC_WARN_ABOUT_RETURN_TYPE = YES_ERROR;
				GCC_WARN_UNDECLARED_SELECTOR = YES;
				GCC_WARN_UNINITIALIZED_AUTOS = YES_AGGRESSIVE;
				GCC_WARN_UNUSED_FUNCTION = YES;
				GCC_WARN_UNUSED_VARIABLE = YES;
				IPHONEOS_DEPLOYMENT_TARGET = 13.2;
				MTL_ENABLE_DEBUG_INFO = NO;
				MTL_FAST_MATH = YES;
				SDKROOT = iphoneos;
				VALIDATE_PRODUCT = YES;
			};
			name = Release;
		};
		1CFB388323E21074008674FE /* Debug */ = {
			isa = XCBuildConfiguration;
			buildSettings = {
				ASSETCATALOG_COMPILER_APPICON_NAME = AppIcon;
				CODE_SIGN_STYLE = Automatic;
				DEVELOPMENT_TEAM = X77B7DPNM6;
				INFOPLIST_FILE = ContactsMRC/Info.plist;
				LD_RUNPATH_SEARCH_PATHS = (
					"$(inherited)",
					"@executable_path/Frameworks",
				);
				PRODUCT_BUNDLE_IDENTIFIER = com.jerryhaaser.ContactsMRC;
				PRODUCT_NAME = "$(TARGET_NAME)";
				TARGETED_DEVICE_FAMILY = "1,2";
			};
			name = Debug;
		};
		1CFB388423E21074008674FE /* Release */ = {
			isa = XCBuildConfiguration;
			buildSettings = {
				ASSETCATALOG_COMPILER_APPICON_NAME = AppIcon;
				CODE_SIGN_STYLE = Automatic;
				DEVELOPMENT_TEAM = X77B7DPNM6;
				INFOPLIST_FILE = ContactsMRC/Info.plist;
				LD_RUNPATH_SEARCH_PATHS = (
					"$(inherited)",
					"@executable_path/Frameworks",
				);
				PRODUCT_BUNDLE_IDENTIFIER = com.jerryhaaser.ContactsMRC;
				PRODUCT_NAME = "$(TARGET_NAME)";
				TARGETED_DEVICE_FAMILY = "1,2";
			};
			name = Release;
		};
/* End XCBuildConfiguration section */

/* Begin XCConfigurationList section */
		1CFB386423E21072008674FE /* Build configuration list for PBXProject "ContactsMRC" */ = {
			isa = XCConfigurationList;
			buildConfigurations = (
				1CFB388023E21074008674FE /* Debug */,
				1CFB388123E21074008674FE /* Release */,
			);
			defaultConfigurationIsVisible = 0;
			defaultConfigurationName = Release;
		};
		1CFB388223E21074008674FE /* Build configuration list for PBXNativeTarget "ContactsMRC" */ = {
			isa = XCConfigurationList;
			buildConfigurations = (
				1CFB388323E21074008674FE /* Debug */,
				1CFB388423E21074008674FE /* Release */,
			);
			defaultConfigurationIsVisible = 0;
			defaultConfigurationName = Release;
		};
/* End XCConfigurationList section */
	};
	rootObject = 1CFB386123E21072008674FE /* Project object */;
}
