// !$*UTF8*$!
{
	archiveVersion = 1;
	classes = {
	};
	objectVersion = 50;
	objects = {

/* Begin PBXBuildFile section */
		50444EEA24D36A3A0048EFE7 /* AppDelegate.m in Sources */ = {isa = PBXBuildFile; fileRef = 50444EE924D36A3A0048EFE7 /* AppDelegate.m */; };
		50444EED24D36A3A0048EFE7 /* SceneDelegate.m in Sources */ = {isa = PBXBuildFile; fileRef = 50444EEC24D36A3A0048EFE7 /* SceneDelegate.m */; };
		50444EF324D36A3A0048EFE7 /* Main.storyboard in Resources */ = {isa = PBXBuildFile; fileRef = 50444EF124D36A3A0048EFE7 /* Main.storyboard */; };
		50444EF524D36A3E0048EFE7 /* Assets.xcassets in Resources */ = {isa = PBXBuildFile; fileRef = 50444EF424D36A3E0048EFE7 /* Assets.xcassets */; };
		50444EF824D36A3E0048EFE7 /* LaunchScreen.storyboard in Resources */ = {isa = PBXBuildFile; fileRef = 50444EF624D36A3E0048EFE7 /* LaunchScreen.storyboard */; };
		50444EFB24D36A3E0048EFE7 /* main.m in Sources */ = {isa = PBXBuildFile; fileRef = 50444EFA24D36A3E0048EFE7 /* main.m */; };
		50444F0324D470840048EFE7 /* ContactsTableViewController.m in Sources */ = {isa = PBXBuildFile; fileRef = 50444F0224D470840048EFE7 /* ContactsTableViewController.m */; };
		50444F0624D470F90048EFE7 /* CreateEditContactViewController.m in Sources */ = {isa = PBXBuildFile; fileRef = 50444F0524D470F90048EFE7 /* CreateEditContactViewController.m */; };
		50444F0924D471C40048EFE7 /* LSIContact.m in Sources */ = {isa = PBXBuildFile; fileRef = 50444F0824D471C40048EFE7 /* LSIContact.m */; };
		50444F0C24D473A00048EFE7 /* LSIContactController.m in Sources */ = {isa = PBXBuildFile; fileRef = 50444F0B24D473A00048EFE7 /* LSIContactController.m */; };
		50B85C2C24DCC15A00569E8E /* test132456.m in Sources */ = {isa = PBXBuildFile; fileRef = 50B85C2B24DCC15A00569E8E /* test132456.m */; };
		50B85C2F24DCC19C00569E8E /* ViewController.m in Sources */ = {isa = PBXBuildFile; fileRef = 50B85C2E24DCC19C00569E8E /* ViewController.m */; };
/* End PBXBuildFile section */

/* Begin PBXFileReference section */
		50444EE524D36A3A0048EFE7 /* ContactsMRC.app */ = {isa = PBXFileReference; explicitFileType = wrapper.application; includeInIndex = 0; path = ContactsMRC.app; sourceTree = BUILT_PRODUCTS_DIR; };
		50444EE824D36A3A0048EFE7 /* AppDelegate.h */ = {isa = PBXFileReference; lastKnownFileType = sourcecode.c.h; path = AppDelegate.h; sourceTree = "<group>"; };
		50444EE924D36A3A0048EFE7 /* AppDelegate.m */ = {isa = PBXFileReference; lastKnownFileType = sourcecode.c.objc; path = AppDelegate.m; sourceTree = "<group>"; };
		50444EEB24D36A3A0048EFE7 /* SceneDelegate.h */ = {isa = PBXFileReference; lastKnownFileType = sourcecode.c.h; path = SceneDelegate.h; sourceTree = "<group>"; };
		50444EEC24D36A3A0048EFE7 /* SceneDelegate.m */ = {isa = PBXFileReference; lastKnownFileType = sourcecode.c.objc; path = SceneDelegate.m; sourceTree = "<group>"; };
		50444EF224D36A3A0048EFE7 /* Base */ = {isa = PBXFileReference; lastKnownFileType = file.storyboard; name = Base; path = Base.lproj/Main.storyboard; sourceTree = "<group>"; };
		50444EF424D36A3E0048EFE7 /* Assets.xcassets */ = {isa = PBXFileReference; lastKnownFileType = folder.assetcatalog; path = Assets.xcassets; sourceTree = "<group>"; };
		50444EF724D36A3E0048EFE7 /* Base */ = {isa = PBXFileReference; lastKnownFileType = file.storyboard; name = Base; path = Base.lproj/LaunchScreen.storyboard; sourceTree = "<group>"; };
		50444EF924D36A3E0048EFE7 /* Info.plist */ = {isa = PBXFileReference; lastKnownFileType = text.plist.xml; path = Info.plist; sourceTree = "<group>"; };
		50444EFA24D36A3E0048EFE7 /* main.m */ = {isa = PBXFileReference; lastKnownFileType = sourcecode.c.objc; path = main.m; sourceTree = "<group>"; };
		50444F0124D470840048EFE7 /* ContactsTableViewController.h */ = {isa = PBXFileReference; lastKnownFileType = sourcecode.c.h; path = ContactsTableViewController.h; sourceTree = "<group>"; };
		50444F0224D470840048EFE7 /* ContactsTableViewController.m */ = {isa = PBXFileReference; lastKnownFileType = sourcecode.c.objc; path = ContactsTableViewController.m; sourceTree = "<group>"; };
		50444F0424D470F90048EFE7 /* CreateEditContactViewController.h */ = {isa = PBXFileReference; lastKnownFileType = sourcecode.c.h; path = CreateEditContactViewController.h; sourceTree = "<group>"; };
		50444F0524D470F90048EFE7 /* CreateEditContactViewController.m */ = {isa = PBXFileReference; lastKnownFileType = sourcecode.c.objc; path = CreateEditContactViewController.m; sourceTree = "<group>"; };
		50444F0724D471C40048EFE7 /* LSIContact.h */ = {isa = PBXFileReference; lastKnownFileType = sourcecode.c.h; path = LSIContact.h; sourceTree = "<group>"; };
		50444F0824D471C40048EFE7 /* LSIContact.m */ = {isa = PBXFileReference; lastKnownFileType = sourcecode.c.objc; path = LSIContact.m; sourceTree = "<group>"; };
		50444F0A24D473A00048EFE7 /* LSIContactController.h */ = {isa = PBXFileReference; lastKnownFileType = sourcecode.c.h; path = LSIContactController.h; sourceTree = "<group>"; };
		50444F0B24D473A00048EFE7 /* LSIContactController.m */ = {isa = PBXFileReference; lastKnownFileType = sourcecode.c.objc; path = LSIContactController.m; sourceTree = "<group>"; };
		50B85C2A24DCC15A00569E8E /* test132456.h */ = {isa = PBXFileReference; lastKnownFileType = sourcecode.c.h; path = test132456.h; sourceTree = "<group>"; };
		50B85C2B24DCC15A00569E8E /* test132456.m */ = {isa = PBXFileReference; lastKnownFileType = sourcecode.c.objc; path = test132456.m; sourceTree = "<group>"; };
		50B85C2D24DCC19C00569E8E /* ViewController.h */ = {isa = PBXFileReference; lastKnownFileType = sourcecode.c.h; path = ViewController.h; sourceTree = "<group>"; };
		50B85C2E24DCC19C00569E8E /* ViewController.m */ = {isa = PBXFileReference; lastKnownFileType = sourcecode.c.objc; path = ViewController.m; sourceTree = "<group>"; };
/* End PBXFileReference section */

/* Begin PBXFrameworksBuildPhase section */
		50444EE224D36A3A0048EFE7 /* Frameworks */ = {
			isa = PBXFrameworksBuildPhase;
			buildActionMask = 2147483647;
			files = (
			);
			runOnlyForDeploymentPostprocessing = 0;
		};
/* End PBXFrameworksBuildPhase section */

/* Begin PBXGroup section */
		50444EDC24D36A3A0048EFE7 = {
			isa = PBXGroup;
			children = (
				50444EE724D36A3A0048EFE7 /* ContactsMRC */,
				50444EE624D36A3A0048EFE7 /* Products */,
			);
			sourceTree = "<group>";
		};
		50444EE624D36A3A0048EFE7 /* Products */ = {
			isa = PBXGroup;
			children = (
				50444EE524D36A3A0048EFE7 /* ContactsMRC.app */,
			);
			name = Products;
			sourceTree = "<group>";
		};
		50444EE724D36A3A0048EFE7 /* ContactsMRC */ = {
			isa = PBXGroup;
			children = (
				50444EE824D36A3A0048EFE7 /* AppDelegate.h */,
				50444EE924D36A3A0048EFE7 /* AppDelegate.m */,
				50444EEB24D36A3A0048EFE7 /* SceneDelegate.h */,
				50444EEC24D36A3A0048EFE7 /* SceneDelegate.m */,
				50444EF124D36A3A0048EFE7 /* Main.storyboard */,
				50444EF424D36A3E0048EFE7 /* Assets.xcassets */,
				50444EF624D36A3E0048EFE7 /* LaunchScreen.storyboard */,
				50444EF924D36A3E0048EFE7 /* Info.plist */,
				50444EFA24D36A3E0048EFE7 /* main.m */,
				50444F0124D470840048EFE7 /* ContactsTableViewController.h */,
				50444F0224D470840048EFE7 /* ContactsTableViewController.m */,
				50444F0424D470F90048EFE7 /* CreateEditContactViewController.h */,
				50444F0524D470F90048EFE7 /* CreateEditContactViewController.m */,
				50444F0724D471C40048EFE7 /* LSIContact.h */,
				50444F0824D471C40048EFE7 /* LSIContact.m */,
				50444F0A24D473A00048EFE7 /* LSIContactController.h */,
				50444F0B24D473A00048EFE7 /* LSIContactController.m */,
				50B85C2A24DCC15A00569E8E /* test132456.h */,
				50B85C2B24DCC15A00569E8E /* test132456.m */,
				50B85C2D24DCC19C00569E8E /* ViewController.h */,
				50B85C2E24DCC19C00569E8E /* ViewController.m */,
			);
			path = ContactsMRC;
			sourceTree = "<group>";
		};
/* End PBXGroup section */

/* Begin PBXNativeTarget section */
		50444EE424D36A3A0048EFE7 /* ContactsMRC */ = {
			isa = PBXNativeTarget;
			buildConfigurationList = 50444EFE24D36A3E0048EFE7 /* Build configuration list for PBXNativeTarget "ContactsMRC" */;
			buildPhases = (
				50444EE124D36A3A0048EFE7 /* Sources */,
				50444EE224D36A3A0048EFE7 /* Frameworks */,
				50444EE324D36A3A0048EFE7 /* Resources */,
			);
			buildRules = (
			);
			dependencies = (
			);
			name = ContactsMRC;
			productName = ContactsMRC;
			productReference = 50444EE524D36A3A0048EFE7 /* ContactsMRC.app */;
			productType = "com.apple.product-type.application";
		};
/* End PBXNativeTarget section */

/* Begin PBXProject section */
		50444EDD24D36A3A0048EFE7 /* Project object */ = {
			isa = PBXProject;
			attributes = {
				LastUpgradeCheck = 1160;
				ORGANIZATIONNAME = "Kelson Hartle";
				TargetAttributes = {
					50444EE424D36A3A0048EFE7 = {
						CreatedOnToolsVersion = 11.6;
					};
				};
			};
			buildConfigurationList = 50444EE024D36A3A0048EFE7 /* Build configuration list for PBXProject "ContactsMRC" */;
			compatibilityVersion = "Xcode 9.3";
			developmentRegion = en;
			hasScannedForEncodings = 0;
			knownRegions = (
				en,
				Base,
			);
			mainGroup = 50444EDC24D36A3A0048EFE7;
			productRefGroup = 50444EE624D36A3A0048EFE7 /* Products */;
			projectDirPath = "";
			projectRoot = "";
			targets = (
				50444EE424D36A3A0048EFE7 /* ContactsMRC */,
			);
		};
/* End PBXProject section */

/* Begin PBXResourcesBuildPhase section */
		50444EE324D36A3A0048EFE7 /* Resources */ = {
			isa = PBXResourcesBuildPhase;
			buildActionMask = 2147483647;
			files = (
				50444EF824D36A3E0048EFE7 /* LaunchScreen.storyboard in Resources */,
				50444EF524D36A3E0048EFE7 /* Assets.xcassets in Resources */,
				50444EF324D36A3A0048EFE7 /* Main.storyboard in Resources */,
			);
			runOnlyForDeploymentPostprocessing = 0;
		};
/* End PBXResourcesBuildPhase section */

/* Begin PBXSourcesBuildPhase section */
		50444EE124D36A3A0048EFE7 /* Sources */ = {
			isa = PBXSourcesBuildPhase;
			buildActionMask = 2147483647;
			files = (
				50B85C2F24DCC19C00569E8E /* ViewController.m in Sources */,
				50444F0624D470F90048EFE7 /* CreateEditContactViewController.m in Sources */,
				50444F0C24D473A00048EFE7 /* LSIContactController.m in Sources */,
				50444EEA24D36A3A0048EFE7 /* AppDelegate.m in Sources */,
				50444EFB24D36A3E0048EFE7 /* main.m in Sources */,
				50B85C2C24DCC15A00569E8E /* test132456.m in Sources */,
				50444F0324D470840048EFE7 /* ContactsTableViewController.m in Sources */,
				50444EED24D36A3A0048EFE7 /* SceneDelegate.m in Sources */,
				50444F0924D471C40048EFE7 /* LSIContact.m in Sources */,
			);
			runOnlyForDeploymentPostprocessing = 0;
		};
/* End PBXSourcesBuildPhase section */

/* Begin PBXVariantGroup section */
		50444EF124D36A3A0048EFE7 /* Main.storyboard */ = {
			isa = PBXVariantGroup;
			children = (
				50444EF224D36A3A0048EFE7 /* Base */,
			);
			name = Main.storyboard;
			sourceTree = "<group>";
		};
		50444EF624D36A3E0048EFE7 /* LaunchScreen.storyboard */ = {
			isa = PBXVariantGroup;
			children = (
				50444EF724D36A3E0048EFE7 /* Base */,
			);
			name = LaunchScreen.storyboard;
			sourceTree = "<group>";
		};
/* End PBXVariantGroup section */

/* Begin XCBuildConfiguration section */
		50444EFC24D36A3E0048EFE7 /* Debug */ = {
			isa = XCBuildConfiguration;
			buildSettings = {
				ALWAYS_SEARCH_USER_PATHS = NO;
				CLANG_ANALYZER_NONNULL = YES;
				CLANG_ANALYZER_NUMBER_OBJECT_CONVERSION = YES_AGGRESSIVE;
				CLANG_CXX_LANGUAGE_STANDARD = "gnu++14";
				CLANG_CXX_LIBRARY = "libc++";
				CLANG_ENABLE_MODULES = YES;
				CLANG_ENABLE_OBJC_ARC = YES;
				CLANG_ENABLE_OBJC_WEAK = YES;
				CLANG_WARN_BLOCK_CAPTURE_AUTORELEASING = YES;
				CLANG_WARN_BOOL_CONVERSION = YES;
				CLANG_WARN_COMMA = YES;
				CLANG_WARN_CONSTANT_CONVERSION = YES;
				CLANG_WARN_DEPRECATED_OBJC_IMPLEMENTATIONS = YES;
				CLANG_WARN_DIRECT_OBJC_ISA_USAGE = YES_ERROR;
				CLANG_WARN_DOCUMENTATION_COMMENTS = YES;
				CLANG_WARN_EMPTY_BODY = YES;
				CLANG_WARN_ENUM_CONVERSION = YES;
				CLANG_WARN_INFINITE_RECURSION = YES;
				CLANG_WARN_INT_CONVERSION = YES;
				CLANG_WARN_NON_LITERAL_NULL_CONVERSION = YES;
				CLANG_WARN_OBJC_IMPLICIT_RETAIN_SELF = YES;
				CLANG_WARN_OBJC_LITERAL_CONVERSION = YES;
				CLANG_WARN_OBJC_ROOT_CLASS = YES_ERROR;
				CLANG_WARN_RANGE_LOOP_ANALYSIS = YES;
				CLANG_WARN_STRICT_PROTOTYPES = YES;
				CLANG_WARN_SUSPICIOUS_MOVE = YES;
				CLANG_WARN_UNGUARDED_AVAILABILITY = YES_AGGRESSIVE;
				CLANG_WARN_UNREACHABLE_CODE = YES;
				CLANG_WARN__DUPLICATE_METHOD_MATCH = YES;
				COPY_PHASE_STRIP = NO;
				DEBUG_INFORMATION_FORMAT = dwarf;
				ENABLE_STRICT_OBJC_MSGSEND = YES;
				ENABLE_TESTABILITY = YES;
				GCC_C_LANGUAGE_STANDARD = gnu11;
				GCC_DYNAMIC_NO_PIC = NO;
				GCC_NO_COMMON_BLOCKS = YES;
				GCC_OPTIMIZATION_LEVEL = 0;
				GCC_PREPROCESSOR_DEFINITIONS = (
					"DEBUG=1",
					"$(inherited)",
				);
				GCC_WARN_64_TO_32_BIT_CONVERSION = YES;
				GCC_WARN_ABOUT_RETURN_TYPE = YES_ERROR;
				GCC_WARN_UNDECLARED_SELECTOR = YES;
				GCC_WARN_UNINITIALIZED_AUTOS = YES_AGGRESSIVE;
				GCC_WARN_UNUSED_FUNCTION = YES;
				GCC_WARN_UNUSED_VARIABLE = YES;
				IPHONEOS_DEPLOYMENT_TARGET = 13.6;
				MTL_ENABLE_DEBUG_INFO = INCLUDE_SOURCE;
				MTL_FAST_MATH = YES;
				ONLY_ACTIVE_ARCH = YES;
				SDKROOT = iphoneos;
			};
			name = Debug;
		};
		50444EFD24D36A3E0048EFE7 /* Release */ = {
			isa = XCBuildConfiguration;
			buildSettings = {
				ALWAYS_SEARCH_USER_PATHS = NO;
				CLANG_ANALYZER_NONNULL = YES;
				CLANG_ANALYZER_NUMBER_OBJECT_CONVERSION = YES_AGGRESSIVE;
				CLANG_CXX_LANGUAGE_STANDARD = "gnu++14";
				CLANG_CXX_LIBRARY = "libc++";
				CLANG_ENABLE_MODULES = YES;
				CLANG_ENABLE_OBJC_ARC = YES;
				CLANG_ENABLE_OBJC_WEAK = YES;
				CLANG_WARN_BLOCK_CAPTURE_AUTORELEASING = YES;
				CLANG_WARN_BOOL_CONVERSION = YES;
				CLANG_WARN_COMMA = YES;
				CLANG_WARN_CONSTANT_CONVERSION = YES;
				CLANG_WARN_DEPRECATED_OBJC_IMPLEMENTATIONS = YES;
				CLANG_WARN_DIRECT_OBJC_ISA_USAGE = YES_ERROR;
				CLANG_WARN_DOCUMENTATION_COMMENTS = YES;
				CLANG_WARN_EMPTY_BODY = YES;
				CLANG_WARN_ENUM_CONVERSION = YES;
				CLANG_WARN_INFINITE_RECURSION = YES;
				CLANG_WARN_INT_CONVERSION = YES;
				CLANG_WARN_NON_LITERAL_NULL_CONVERSION = YES;
				CLANG_WARN_OBJC_IMPLICIT_RETAIN_SELF = YES;
				CLANG_WARN_OBJC_LITERAL_CONVERSION = YES;
				CLANG_WARN_OBJC_ROOT_CLASS = YES_ERROR;
				CLANG_WARN_RANGE_LOOP_ANALYSIS = YES;
				CLANG_WARN_STRICT_PROTOTYPES = YES;
				CLANG_WARN_SUSPICIOUS_MOVE = YES;
				CLANG_WARN_UNGUARDED_AVAILABILITY = YES_AGGRESSIVE;
				CLANG_WARN_UNREACHABLE_CODE = YES;
				CLANG_WARN__DUPLICATE_METHOD_MATCH = YES;
				COPY_PHASE_STRIP = NO;
				DEBUG_INFORMATION_FORMAT = "dwarf-with-dsym";
				ENABLE_NS_ASSERTIONS = NO;
				ENABLE_STRICT_OBJC_MSGSEND = YES;
				GCC_C_LANGUAGE_STANDARD = gnu11;
				GCC_NO_COMMON_BLOCKS = YES;
				GCC_WARN_64_TO_32_BIT_CONVERSION = YES;
				GCC_WARN_ABOUT_RETURN_TYPE = YES_ERROR;
				GCC_WARN_UNDECLARED_SELECTOR = YES;
				GCC_WARN_UNINITIALIZED_AUTOS = YES_AGGRESSIVE;
				GCC_WARN_UNUSED_FUNCTION = YES;
				GCC_WARN_UNUSED_VARIABLE = YES;
				IPHONEOS_DEPLOYMENT_TARGET = 13.6;
				MTL_ENABLE_DEBUG_INFO = NO;
				MTL_FAST_MATH = YES;
				SDKROOT = iphoneos;
				VALIDATE_PRODUCT = YES;
			};
			name = Release;
		};
		50444EFF24D36A3E0048EFE7 /* Debug */ = {
			isa = XCBuildConfiguration;
			buildSettings = {
				ASSETCATALOG_COMPILER_APPICON_NAME = AppIcon;
				CLANG_ENABLE_OBJC_ARC = NO;
				CODE_SIGN_STYLE = Automatic;
				DEVELOPMENT_TEAM = 6WA5TYMFND;
				INFOPLIST_FILE = ContactsMRC/Info.plist;
				LD_RUNPATH_SEARCH_PATHS = (
					"$(inherited)",
					"@executable_path/Frameworks",
				);
				PRODUCT_BUNDLE_IDENTIFIER = com.KelsonHartle.ContactsMRC;
				PRODUCT_NAME = "$(TARGET_NAME)";
				TARGETED_DEVICE_FAMILY = "1,2";
			};
			name = Debug;
		};
		50444F0024D36A3E0048EFE7 /* Release */ = {
			isa = XCBuildConfiguration;
			buildSettings = {
				ASSETCATALOG_COMPILER_APPICON_NAME = AppIcon;
				CLANG_ENABLE_OBJC_ARC = NO;
				CODE_SIGN_STYLE = Automatic;
				DEVELOPMENT_TEAM = 6WA5TYMFND;
				INFOPLIST_FILE = ContactsMRC/Info.plist;
				LD_RUNPATH_SEARCH_PATHS = (
					"$(inherited)",
					"@executable_path/Frameworks",
				);
				PRODUCT_BUNDLE_IDENTIFIER = com.KelsonHartle.ContactsMRC;
				PRODUCT_NAME = "$(TARGET_NAME)";
				TARGETED_DEVICE_FAMILY = "1,2";
			};
			name = Release;
		};
/* End XCBuildConfiguration section */

/* Begin XCConfigurationList section */
		50444EE024D36A3A0048EFE7 /* Build configuration list for PBXProject "ContactsMRC" */ = {
			isa = XCConfigurationList;
			buildConfigurations = (
				50444EFC24D36A3E0048EFE7 /* Debug */,
				50444EFD24D36A3E0048EFE7 /* Release */,
			);
			defaultConfigurationIsVisible = 0;
			defaultConfigurationName = Release;
		};
		50444EFE24D36A3E0048EFE7 /* Build configuration list for PBXNativeTarget "ContactsMRC" */ = {
			isa = XCConfigurationList;
			buildConfigurations = (
				50444EFF24D36A3E0048EFE7 /* Debug */,
				50444F0024D36A3E0048EFE7 /* Release */,
			);
			defaultConfigurationIsVisible = 0;
			defaultConfigurationName = Release;
		};
/* End XCConfigurationList section */
	};
	rootObject = 50444EDD24D36A3A0048EFE7 /* Project object */;
}
