// !$*UTF8*$!
{
	archiveVersion = 1;
	classes = {
	};
	objectVersion = 50;
	objects = {

/* Begin PBXBuildFile section */
		BB0548DC23E226E400EF62AF /* AppDelegate.m in Sources */ = {isa = PBXBuildFile; fileRef = BB0548DB23E226E400EF62AF /* AppDelegate.m */; };
		BB0548DF23E226E400EF62AF /* SceneDelegate.m in Sources */ = {isa = PBXBuildFile; fileRef = BB0548DE23E226E400EF62AF /* SceneDelegate.m */; };
		BB0548E523E226E500EF62AF /* Main.storyboard in Resources */ = {isa = PBXBuildFile; fileRef = BB0548E323E226E500EF62AF /* Main.storyboard */; };
		BB0548E723E226E800EF62AF /* Assets.xcassets in Resources */ = {isa = PBXBuildFile; fileRef = BB0548E623E226E800EF62AF /* Assets.xcassets */; };
		BB0548EA23E226E800EF62AF /* LaunchScreen.storyboard in Resources */ = {isa = PBXBuildFile; fileRef = BB0548E823E226E800EF62AF /* LaunchScreen.storyboard */; };
		BB0548ED23E226E800EF62AF /* main.m in Sources */ = {isa = PBXBuildFile; fileRef = BB0548EC23E226E800EF62AF /* main.m */; };
		BB0548F523E22B1E00EF62AF /* SKSContactsTableViewController.m in Sources */ = {isa = PBXBuildFile; fileRef = BB0548F423E22B1E00EF62AF /* SKSContactsTableViewController.m */; };
		BB0548F823E22B3500EF62AF /* SKSContactsDetailViewController.m in Sources */ = {isa = PBXBuildFile; fileRef = BB0548F723E22B3500EF62AF /* SKSContactsDetailViewController.m */; };
		BB0548FC23E2309700EF62AF /* SKSContact.m in Sources */ = {isa = PBXBuildFile; fileRef = BB0548FB23E2309700EF62AF /* SKSContact.m */; };
/* End PBXBuildFile section */

/* Begin PBXFileReference section */
		BB0548D723E226E400EF62AF /* Contacts-MRC-Objc.app */ = {isa = PBXFileReference; explicitFileType = wrapper.application; includeInIndex = 0; path = "Contacts-MRC-Objc.app"; sourceTree = BUILT_PRODUCTS_DIR; };
		BB0548DA23E226E400EF62AF /* AppDelegate.h */ = {isa = PBXFileReference; lastKnownFileType = sourcecode.c.h; path = AppDelegate.h; sourceTree = "<group>"; };
		BB0548DB23E226E400EF62AF /* AppDelegate.m */ = {isa = PBXFileReference; lastKnownFileType = sourcecode.c.objc; path = AppDelegate.m; sourceTree = "<group>"; };
		BB0548DD23E226E400EF62AF /* SceneDelegate.h */ = {isa = PBXFileReference; lastKnownFileType = sourcecode.c.h; path = SceneDelegate.h; sourceTree = "<group>"; };
		BB0548DE23E226E400EF62AF /* SceneDelegate.m */ = {isa = PBXFileReference; lastKnownFileType = sourcecode.c.objc; path = SceneDelegate.m; sourceTree = "<group>"; };
		BB0548E423E226E500EF62AF /* Base */ = {isa = PBXFileReference; lastKnownFileType = file.storyboard; name = Base; path = Base.lproj/Main.storyboard; sourceTree = "<group>"; };
		BB0548E623E226E800EF62AF /* Assets.xcassets */ = {isa = PBXFileReference; lastKnownFileType = folder.assetcatalog; path = Assets.xcassets; sourceTree = "<group>"; };
		BB0548E923E226E800EF62AF /* Base */ = {isa = PBXFileReference; lastKnownFileType = file.storyboard; name = Base; path = Base.lproj/LaunchScreen.storyboard; sourceTree = "<group>"; };
		BB0548EB23E226E800EF62AF /* Info.plist */ = {isa = PBXFileReference; lastKnownFileType = text.plist.xml; path = Info.plist; sourceTree = "<group>"; };
		BB0548EC23E226E800EF62AF /* main.m */ = {isa = PBXFileReference; lastKnownFileType = sourcecode.c.objc; path = main.m; sourceTree = "<group>"; };
		BB0548F323E22B1E00EF62AF /* SKSContactsTableViewController.h */ = {isa = PBXFileReference; lastKnownFileType = sourcecode.c.h; path = SKSContactsTableViewController.h; sourceTree = "<group>"; };
		BB0548F423E22B1E00EF62AF /* SKSContactsTableViewController.m */ = {isa = PBXFileReference; lastKnownFileType = sourcecode.c.objc; path = SKSContactsTableViewController.m; sourceTree = "<group>"; };
		BB0548F623E22B3500EF62AF /* SKSContactsDetailViewController.h */ = {isa = PBXFileReference; lastKnownFileType = sourcecode.c.h; path = SKSContactsDetailViewController.h; sourceTree = "<group>"; };
		BB0548F723E22B3500EF62AF /* SKSContactsDetailViewController.m */ = {isa = PBXFileReference; lastKnownFileType = sourcecode.c.objc; path = SKSContactsDetailViewController.m; sourceTree = "<group>"; };
		BB0548FA23E2309700EF62AF /* SKSContact.h */ = {isa = PBXFileReference; lastKnownFileType = sourcecode.c.h; path = SKSContact.h; sourceTree = "<group>"; };
		BB0548FB23E2309700EF62AF /* SKSContact.m */ = {isa = PBXFileReference; lastKnownFileType = sourcecode.c.objc; path = SKSContact.m; sourceTree = "<group>"; };
/* End PBXFileReference section */

/* Begin PBXFrameworksBuildPhase section */
		BB0548D423E226E400EF62AF /* Frameworks */ = {
			isa = PBXFrameworksBuildPhase;
			buildActionMask = 2147483647;
			files = (
			);
			runOnlyForDeploymentPostprocessing = 0;
		};
/* End PBXFrameworksBuildPhase section */

/* Begin PBXGroup section */
		BB0548CE23E226E400EF62AF = {
			isa = PBXGroup;
			children = (
				BB0548D923E226E400EF62AF /* Contacts-MRC-Objc */,
				BB0548D823E226E400EF62AF /* Products */,
			);
			sourceTree = "<group>";
		};
		BB0548D823E226E400EF62AF /* Products */ = {
			isa = PBXGroup;
			children = (
				BB0548D723E226E400EF62AF /* Contacts-MRC-Objc.app */,
			);
			name = Products;
			sourceTree = "<group>";
		};
		BB0548D923E226E400EF62AF /* Contacts-MRC-Objc */ = {
			isa = PBXGroup;
			children = (
				BB0548F923E22B3C00EF62AF /* View Controllers */,
				BB0548FD23E2309D00EF62AF /* Models */,
				BB0548DA23E226E400EF62AF /* AppDelegate.h */,
				BB0548DB23E226E400EF62AF /* AppDelegate.m */,
				BB0548DD23E226E400EF62AF /* SceneDelegate.h */,
				BB0548DE23E226E400EF62AF /* SceneDelegate.m */,
				BB0548E323E226E500EF62AF /* Main.storyboard */,
				BB0548E623E226E800EF62AF /* Assets.xcassets */,
				BB0548E823E226E800EF62AF /* LaunchScreen.storyboard */,
				BB0548EB23E226E800EF62AF /* Info.plist */,
				BB0548EC23E226E800EF62AF /* main.m */,
			);
			path = "Contacts-MRC-Objc";
			sourceTree = "<group>";
		};
		BB0548F923E22B3C00EF62AF /* View Controllers */ = {
			isa = PBXGroup;
			children = (
				BB0548F323E22B1E00EF62AF /* SKSContactsTableViewController.h */,
				BB0548F423E22B1E00EF62AF /* SKSContactsTableViewController.m */,
				BB0548F623E22B3500EF62AF /* SKSContactsDetailViewController.h */,
				BB0548F723E22B3500EF62AF /* SKSContactsDetailViewController.m */,
			);
			path = "View Controllers";
			sourceTree = "<group>";
		};
		BB0548FD23E2309D00EF62AF /* Models */ = {
			isa = PBXGroup;
			children = (
				BB0548FA23E2309700EF62AF /* SKSContact.h */,
				BB0548FB23E2309700EF62AF /* SKSContact.m */,
			);
			path = Models;
			sourceTree = "<group>";
		};
/* End PBXGroup section */

/* Begin PBXNativeTarget section */
		BB0548D623E226E400EF62AF /* Contacts-MRC-Objc */ = {
			isa = PBXNativeTarget;
			buildConfigurationList = BB0548F023E226E800EF62AF /* Build configuration list for PBXNativeTarget "Contacts-MRC-Objc" */;
			buildPhases = (
				BB0548D323E226E400EF62AF /* Sources */,
				BB0548D423E226E400EF62AF /* Frameworks */,
				BB0548D523E226E400EF62AF /* Resources */,
			);
			buildRules = (
			);
			dependencies = (
			);
			name = "Contacts-MRC-Objc";
			productName = "Contacts-MRC-Objc";
			productReference = BB0548D723E226E400EF62AF /* Contacts-MRC-Objc.app */;
			productType = "com.apple.product-type.application";
		};
/* End PBXNativeTarget section */

/* Begin PBXProject section */
		BB0548CF23E226E400EF62AF /* Project object */ = {
			isa = PBXProject;
			attributes = {
				CLASSPREFIX = SKS;
				LastUpgradeCheck = 1130;
				ORGANIZATIONNAME = "Lambda School";
				TargetAttributes = {
					BB0548D623E226E400EF62AF = {
						CreatedOnToolsVersion = 11.3;
					};
				};
			};
			buildConfigurationList = BB0548D223E226E400EF62AF /* Build configuration list for PBXProject "Contacts-MRC-Objc" */;
			compatibilityVersion = "Xcode 9.3";
			developmentRegion = en;
			hasScannedForEncodings = 0;
			knownRegions = (
				en,
				Base,
			);
			mainGroup = BB0548CE23E226E400EF62AF;
			productRefGroup = BB0548D823E226E400EF62AF /* Products */;
			projectDirPath = "";
			projectRoot = "";
			targets = (
				BB0548D623E226E400EF62AF /* Contacts-MRC-Objc */,
			);
		};
/* End PBXProject section */

/* Begin PBXResourcesBuildPhase section */
		BB0548D523E226E400EF62AF /* Resources */ = {
			isa = PBXResourcesBuildPhase;
			buildActionMask = 2147483647;
			files = (
				BB0548EA23E226E800EF62AF /* LaunchScreen.storyboard in Resources */,
				BB0548E723E226E800EF62AF /* Assets.xcassets in Resources */,
				BB0548E523E226E500EF62AF /* Main.storyboard in Resources */,
			);
			runOnlyForDeploymentPostprocessing = 0;
		};
/* End PBXResourcesBuildPhase section */

/* Begin PBXSourcesBuildPhase section */
		BB0548D323E226E400EF62AF /* Sources */ = {
			isa = PBXSourcesBuildPhase;
			buildActionMask = 2147483647;
			files = (
				BB0548F523E22B1E00EF62AF /* SKSContactsTableViewController.m in Sources */,
				BB0548DC23E226E400EF62AF /* AppDelegate.m in Sources */,
				BB0548ED23E226E800EF62AF /* main.m in Sources */,
				BB0548F823E22B3500EF62AF /* SKSContactsDetailViewController.m in Sources */,
				BB0548FC23E2309700EF62AF /* SKSContact.m in Sources */,
				BB0548DF23E226E400EF62AF /* SceneDelegate.m in Sources */,
			);
			runOnlyForDeploymentPostprocessing = 0;
		};
/* End PBXSourcesBuildPhase section */

/* Begin PBXVariantGroup section */
		BB0548E323E226E500EF62AF /* Main.storyboard */ = {
			isa = PBXVariantGroup;
			children = (
				BB0548E423E226E500EF62AF /* Base */,
			);
			name = Main.storyboard;
			sourceTree = "<group>";
		};
		BB0548E823E226E800EF62AF /* LaunchScreen.storyboard */ = {
			isa = PBXVariantGroup;
			children = (
				BB0548E923E226E800EF62AF /* Base */,
			);
			name = LaunchScreen.storyboard;
			sourceTree = "<group>";
		};
/* End PBXVariantGroup section */

/* Begin XCBuildConfiguration section */
		BB0548EE23E226E800EF62AF /* Debug */ = {
			isa = XCBuildConfiguration;
			buildSettings = {
				ALWAYS_SEARCH_USER_PATHS = NO;
				CLANG_ANALYZER_NONNULL = YES;
				CLANG_ANALYZER_NUMBER_OBJECT_CONVERSION = YES_AGGRESSIVE;
				CLANG_CXX_LANGUAGE_STANDARD = "gnu++14";
				CLANG_CXX_LIBRARY = "libc++";
				CLANG_ENABLE_MODULES = YES;
				CLANG_ENABLE_OBJC_ARC = YES;
				CLANG_ENABLE_OBJC_WEAK = YES;
				CLANG_WARN_BLOCK_CAPTURE_AUTORELEASING = YES;
				CLANG_WARN_BOOL_CONVERSION = YES;
				CLANG_WARN_COMMA = YES;
				CLANG_WARN_CONSTANT_CONVERSION = YES;
				CLANG_WARN_DEPRECATED_OBJC_IMPLEMENTATIONS = YES;
				CLANG_WARN_DIRECT_OBJC_ISA_USAGE = YES_ERROR;
				CLANG_WARN_DOCUMENTATION_COMMENTS = YES;
				CLANG_WARN_EMPTY_BODY = YES;
				CLANG_WARN_ENUM_CONVERSION = YES;
				CLANG_WARN_INFINITE_RECURSION = YES;
				CLANG_WARN_INT_CONVERSION = YES;
				CLANG_WARN_NON_LITERAL_NULL_CONVERSION = YES;
				CLANG_WARN_OBJC_IMPLICIT_RETAIN_SELF = YES;
				CLANG_WARN_OBJC_LITERAL_CONVERSION = YES;
				CLANG_WARN_OBJC_ROOT_CLASS = YES_ERROR;
				CLANG_WARN_RANGE_LOOP_ANALYSIS = YES;
				CLANG_WARN_STRICT_PROTOTYPES = YES;
				CLANG_WARN_SUSPICIOUS_MOVE = YES;
				CLANG_WARN_UNGUARDED_AVAILABILITY = YES_AGGRESSIVE;
				CLANG_WARN_UNREACHABLE_CODE = YES;
				CLANG_WARN__DUPLICATE_METHOD_MATCH = YES;
				COPY_PHASE_STRIP = NO;
				DEBUG_INFORMATION_FORMAT = dwarf;
				ENABLE_STRICT_OBJC_MSGSEND = YES;
				ENABLE_TESTABILITY = YES;
				GCC_C_LANGUAGE_STANDARD = gnu11;
				GCC_DYNAMIC_NO_PIC = NO;
				GCC_NO_COMMON_BLOCKS = YES;
				GCC_OPTIMIZATION_LEVEL = 0;
				GCC_PREPROCESSOR_DEFINITIONS = (
					"DEBUG=1",
					"$(inherited)",
				);
				GCC_WARN_64_TO_32_BIT_CONVERSION = YES;
				GCC_WARN_ABOUT_RETURN_TYPE = YES_ERROR;
				GCC_WARN_UNDECLARED_SELECTOR = YES;
				GCC_WARN_UNINITIALIZED_AUTOS = YES_AGGRESSIVE;
				GCC_WARN_UNUSED_FUNCTION = YES;
				GCC_WARN_UNUSED_VARIABLE = YES;
				IPHONEOS_DEPLOYMENT_TARGET = 13.2;
				MTL_ENABLE_DEBUG_INFO = INCLUDE_SOURCE;
				MTL_FAST_MATH = YES;
				ONLY_ACTIVE_ARCH = YES;
				SDKROOT = iphoneos;
			};
			name = Debug;
		};
		BB0548EF23E226E800EF62AF /* Release */ = {
			isa = XCBuildConfiguration;
			buildSettings = {
				ALWAYS_SEARCH_USER_PATHS = NO;
				CLANG_ANALYZER_NONNULL = YES;
				CLANG_ANALYZER_NUMBER_OBJECT_CONVERSION = YES_AGGRESSIVE;
				CLANG_CXX_LANGUAGE_STANDARD = "gnu++14";
				CLANG_CXX_LIBRARY = "libc++";
				CLANG_ENABLE_MODULES = YES;
				CLANG_ENABLE_OBJC_ARC = YES;
				CLANG_ENABLE_OBJC_WEAK = YES;
				CLANG_WARN_BLOCK_CAPTURE_AUTORELEASING = YES;
				CLANG_WARN_BOOL_CONVERSION = YES;
				CLANG_WARN_COMMA = YES;
				CLANG_WARN_CONSTANT_CONVERSION = YES;
				CLANG_WARN_DEPRECATED_OBJC_IMPLEMENTATIONS = YES;
				CLANG_WARN_DIRECT_OBJC_ISA_USAGE = YES_ERROR;
				CLANG_WARN_DOCUMENTATION_COMMENTS = YES;
				CLANG_WARN_EMPTY_BODY = YES;
				CLANG_WARN_ENUM_CONVERSION = YES;
				CLANG_WARN_INFINITE_RECURSION = YES;
				CLANG_WARN_INT_CONVERSION = YES;
				CLANG_WARN_NON_LITERAL_NULL_CONVERSION = YES;
				CLANG_WARN_OBJC_IMPLICIT_RETAIN_SELF = YES;
				CLANG_WARN_OBJC_LITERAL_CONVERSION = YES;
				CLANG_WARN_OBJC_ROOT_CLASS = YES_ERROR;
				CLANG_WARN_RANGE_LOOP_ANALYSIS = YES;
				CLANG_WARN_STRICT_PROTOTYPES = YES;
				CLANG_WARN_SUSPICIOUS_MOVE = YES;
				CLANG_WARN_UNGUARDED_AVAILABILITY = YES_AGGRESSIVE;
				CLANG_WARN_UNREACHABLE_CODE = YES;
				CLANG_WARN__DUPLICATE_METHOD_MATCH = YES;
				COPY_PHASE_STRIP = NO;
				DEBUG_INFORMATION_FORMAT = "dwarf-with-dsym";
				ENABLE_NS_ASSERTIONS = NO;
				ENABLE_STRICT_OBJC_MSGSEND = YES;
				GCC_C_LANGUAGE_STANDARD = gnu11;
				GCC_NO_COMMON_BLOCKS = YES;
				GCC_WARN_64_TO_32_BIT_CONVERSION = YES;
				GCC_WARN_ABOUT_RETURN_TYPE = YES_ERROR;
				GCC_WARN_UNDECLARED_SELECTOR = YES;
				GCC_WARN_UNINITIALIZED_AUTOS = YES_AGGRESSIVE;
				GCC_WARN_UNUSED_FUNCTION = YES;
				GCC_WARN_UNUSED_VARIABLE = YES;
				IPHONEOS_DEPLOYMENT_TARGET = 13.2;
				MTL_ENABLE_DEBUG_INFO = NO;
				MTL_FAST_MATH = YES;
				SDKROOT = iphoneos;
				VALIDATE_PRODUCT = YES;
			};
			name = Release;
		};
		BB0548F123E226E800EF62AF /* Debug */ = {
			isa = XCBuildConfiguration;
			buildSettings = {
				ASSETCATALOG_COMPILER_APPICON_NAME = AppIcon;
				CLANG_ENABLE_OBJC_ARC = NO;
				CODE_SIGN_STYLE = Automatic;
				INFOPLIST_FILE = "Contacts-MRC-Objc/Info.plist";
				LD_RUNPATH_SEARCH_PATHS = (
					"$(inherited)",
					"@executable_path/Frameworks",
				);
				PRODUCT_BUNDLE_IDENTIFIER = "com.lambdaschool.Contacts-MRC-Objc";
				PRODUCT_NAME = "$(TARGET_NAME)";
				TARGETED_DEVICE_FAMILY = "1,2";
			};
			name = Debug;
		};
		BB0548F223E226E800EF62AF /* Release */ = {
			isa = XCBuildConfiguration;
			buildSettings = {
				ASSETCATALOG_COMPILER_APPICON_NAME = AppIcon;
				CLANG_ENABLE_OBJC_ARC = NO;
				CODE_SIGN_STYLE = Automatic;
				INFOPLIST_FILE = "Contacts-MRC-Objc/Info.plist";
				LD_RUNPATH_SEARCH_PATHS = (
					"$(inherited)",
					"@executable_path/Frameworks",
				);
				PRODUCT_BUNDLE_IDENTIFIER = "com.lambdaschool.Contacts-MRC-Objc";
				PRODUCT_NAME = "$(TARGET_NAME)";
				TARGETED_DEVICE_FAMILY = "1,2";
			};
			name = Release;
		};
/* End XCBuildConfiguration section */

/* Begin XCConfigurationList section */
		BB0548D223E226E400EF62AF /* Build configuration list for PBXProject "Contacts-MRC-Objc" */ = {
			isa = XCConfigurationList;
			buildConfigurations = (
				BB0548EE23E226E800EF62AF /* Debug */,
				BB0548EF23E226E800EF62AF /* Release */,
			);
			defaultConfigurationIsVisible = 0;
			defaultConfigurationName = Release;
		};
		BB0548F023E226E800EF62AF /* Build configuration list for PBXNativeTarget "Contacts-MRC-Objc" */ = {
			isa = XCConfigurationList;
			buildConfigurations = (
				BB0548F123E226E800EF62AF /* Debug */,
				BB0548F223E226E800EF62AF /* Release */,
			);
			defaultConfigurationIsVisible = 0;
			defaultConfigurationName = Release;
		};
/* End XCConfigurationList section */
	};
	rootObject = BB0548CF23E226E400EF62AF /* Project object */;
}
