// !$*UTF8*$!
{
	archiveVersion = 1;
	classes = {
	};
	objectVersion = 50;
	objects = {

/* Begin PBXBuildFile section */
		63D368D42490CC710055A1E6 /* AppDelegate.m in Sources */ = {isa = PBXBuildFile; fileRef = 63D368D32490CC710055A1E6 /* AppDelegate.m */; };
		63D368D72490CC710055A1E6 /* SceneDelegate.m in Sources */ = {isa = PBXBuildFile; fileRef = 63D368D62490CC710055A1E6 /* SceneDelegate.m */; };
		63D368DD2490CC710055A1E6 /* Main.storyboard in Resources */ = {isa = PBXBuildFile; fileRef = 63D368DB2490CC710055A1E6 /* Main.storyboard */; };
		63D368DF2490CC730055A1E6 /* Assets.xcassets in Resources */ = {isa = PBXBuildFile; fileRef = 63D368DE2490CC730055A1E6 /* Assets.xcassets */; };
		63D368E22490CC730055A1E6 /* LaunchScreen.storyboard in Resources */ = {isa = PBXBuildFile; fileRef = 63D368E02490CC730055A1E6 /* LaunchScreen.storyboard */; };
		63D368E52490CC730055A1E6 /* main.m in Sources */ = {isa = PBXBuildFile; fileRef = 63D368E42490CC730055A1E6 /* main.m */; };
		63D368F12490D9760055A1E6 /* DTWContact.m in Sources */ = {isa = PBXBuildFile; fileRef = 63D368F02490D9760055A1E6 /* DTWContact.m */; };
/* End PBXBuildFile section */

/* Begin PBXFileReference section */
		63D368CF2490CC710055A1E6 /* ContactsManager.app */ = {isa = PBXFileReference; explicitFileType = wrapper.application; includeInIndex = 0; path = ContactsManager.app; sourceTree = BUILT_PRODUCTS_DIR; };
		63D368D22490CC710055A1E6 /* AppDelegate.h */ = {isa = PBXFileReference; lastKnownFileType = sourcecode.c.h; path = AppDelegate.h; sourceTree = "<group>"; };
		63D368D32490CC710055A1E6 /* AppDelegate.m */ = {isa = PBXFileReference; lastKnownFileType = sourcecode.c.objc; path = AppDelegate.m; sourceTree = "<group>"; };
		63D368D52490CC710055A1E6 /* SceneDelegate.h */ = {isa = PBXFileReference; lastKnownFileType = sourcecode.c.h; path = SceneDelegate.h; sourceTree = "<group>"; };
		63D368D62490CC710055A1E6 /* SceneDelegate.m */ = {isa = PBXFileReference; lastKnownFileType = sourcecode.c.objc; path = SceneDelegate.m; sourceTree = "<group>"; };
		63D368DC2490CC710055A1E6 /* Base */ = {isa = PBXFileReference; lastKnownFileType = file.storyboard; name = Base; path = Base.lproj/Main.storyboard; sourceTree = "<group>"; };
		63D368DE2490CC730055A1E6 /* Assets.xcassets */ = {isa = PBXFileReference; lastKnownFileType = folder.assetcatalog; path = Assets.xcassets; sourceTree = "<group>"; };
		63D368E12490CC730055A1E6 /* Base */ = {isa = PBXFileReference; lastKnownFileType = file.storyboard; name = Base; path = Base.lproj/LaunchScreen.storyboard; sourceTree = "<group>"; };
		63D368E32490CC730055A1E6 /* Info.plist */ = {isa = PBXFileReference; lastKnownFileType = text.plist.xml; path = Info.plist; sourceTree = "<group>"; };
		63D368E42490CC730055A1E6 /* main.m */ = {isa = PBXFileReference; lastKnownFileType = sourcecode.c.objc; path = main.m; sourceTree = "<group>"; };
		63D368EF2490D9760055A1E6 /* DTWContact.h */ = {isa = PBXFileReference; lastKnownFileType = sourcecode.c.h; path = DTWContact.h; sourceTree = "<group>"; };
		63D368F02490D9760055A1E6 /* DTWContact.m */ = {isa = PBXFileReference; lastKnownFileType = sourcecode.c.objc; path = DTWContact.m; sourceTree = "<group>"; };
/* End PBXFileReference section */

/* Begin PBXFrameworksBuildPhase section */
		63D368CC2490CC710055A1E6 /* Frameworks */ = {
			isa = PBXFrameworksBuildPhase;
			buildActionMask = 2147483647;
			files = (
			);
			runOnlyForDeploymentPostprocessing = 0;
		};
/* End PBXFrameworksBuildPhase section */

/* Begin PBXGroup section */
		63D368C62490CC710055A1E6 = {
			isa = PBXGroup;
			children = (
				63D368D12490CC710055A1E6 /* ContactsManager */,
				63D368D02490CC710055A1E6 /* Products */,
			);
			sourceTree = "<group>";
		};
		63D368D02490CC710055A1E6 /* Products */ = {
			isa = PBXGroup;
			children = (
				63D368CF2490CC710055A1E6 /* ContactsManager.app */,
			);
			name = Products;
			sourceTree = "<group>";
		};
		63D368D12490CC710055A1E6 /* ContactsManager */ = {
			isa = PBXGroup;
			children = (
				63D368ED2490D9410055A1E6 /* Model */,
				63D368EE2490D9520055A1E6 /* View Controllers */,
				63D368EB2490CCA00055A1E6 /* Storyboards */,
				63D368EC2490CCB30055A1E6 /* Resources */,
			);
			path = ContactsManager;
			sourceTree = "<group>";
		};
		63D368EB2490CCA00055A1E6 /* Storyboards */ = {
			isa = PBXGroup;
			children = (
				63D368DB2490CC710055A1E6 /* Main.storyboard */,
				63D368E02490CC730055A1E6 /* LaunchScreen.storyboard */,
			);
			path = Storyboards;
			sourceTree = "<group>";
		};
		63D368EC2490CCB30055A1E6 /* Resources */ = {
			isa = PBXGroup;
			children = (
				63D368D22490CC710055A1E6 /* AppDelegate.h */,
				63D368D32490CC710055A1E6 /* AppDelegate.m */,
				63D368D52490CC710055A1E6 /* SceneDelegate.h */,
				63D368D62490CC710055A1E6 /* SceneDelegate.m */,
				63D368DE2490CC730055A1E6 /* Assets.xcassets */,
				63D368E32490CC730055A1E6 /* Info.plist */,
				63D368E42490CC730055A1E6 /* main.m */,
			);
			path = Resources;
			sourceTree = "<group>";
		};
		63D368ED2490D9410055A1E6 /* Model */ = {
			isa = PBXGroup;
			children = (
				63D368EF2490D9760055A1E6 /* DTWContact.h */,
				63D368F02490D9760055A1E6 /* DTWContact.m */,
			);
			path = Model;
			sourceTree = "<group>";
		};
		63D368EE2490D9520055A1E6 /* View Controllers */ = {
			isa = PBXGroup;
			children = (
			);
			path = "View Controllers";
			sourceTree = "<group>";
		};
/* End PBXGroup section */

/* Begin PBXNativeTarget section */
		63D368CE2490CC710055A1E6 /* ContactsManager */ = {
			isa = PBXNativeTarget;
			buildConfigurationList = 63D368E82490CC730055A1E6 /* Build configuration list for PBXNativeTarget "ContactsManager" */;
			buildPhases = (
				63D368CB2490CC710055A1E6 /* Sources */,
				63D368CC2490CC710055A1E6 /* Frameworks */,
				63D368CD2490CC710055A1E6 /* Resources */,
			);
			buildRules = (
			);
			dependencies = (
			);
			name = ContactsManager;
			productName = ContactsManager;
			productReference = 63D368CF2490CC710055A1E6 /* ContactsManager.app */;
			productType = "com.apple.product-type.application";
		};
/* End PBXNativeTarget section */

/* Begin PBXProject section */
		63D368C72490CC710055A1E6 /* Project object */ = {
			isa = PBXProject;
			attributes = {
				CLASSPREFIX = DTW;
				LastUpgradeCheck = 1150;
				ORGANIZATIONNAME = "David Wright";
				TargetAttributes = {
					63D368CE2490CC710055A1E6 = {
						CreatedOnToolsVersion = 11.5;
					};
				};
			};
			buildConfigurationList = 63D368CA2490CC710055A1E6 /* Build configuration list for PBXProject "ContactsManager" */;
			compatibilityVersion = "Xcode 9.3";
			developmentRegion = en;
			hasScannedForEncodings = 0;
			knownRegions = (
				en,
				Base,
			);
			mainGroup = 63D368C62490CC710055A1E6;
			productRefGroup = 63D368D02490CC710055A1E6 /* Products */;
			projectDirPath = "";
			projectRoot = "";
			targets = (
				63D368CE2490CC710055A1E6 /* ContactsManager */,
			);
		};
/* End PBXProject section */

/* Begin PBXResourcesBuildPhase section */
		63D368CD2490CC710055A1E6 /* Resources */ = {
			isa = PBXResourcesBuildPhase;
			buildActionMask = 2147483647;
			files = (
				63D368E22490CC730055A1E6 /* LaunchScreen.storyboard in Resources */,
				63D368DF2490CC730055A1E6 /* Assets.xcassets in Resources */,
				63D368DD2490CC710055A1E6 /* Main.storyboard in Resources */,
			);
			runOnlyForDeploymentPostprocessing = 0;
		};
/* End PBXResourcesBuildPhase section */

/* Begin PBXSourcesBuildPhase section */
		63D368CB2490CC710055A1E6 /* Sources */ = {
			isa = PBXSourcesBuildPhase;
			buildActionMask = 2147483647;
			files = (
				63D368D42490CC710055A1E6 /* AppDelegate.m in Sources */,
				63D368E52490CC730055A1E6 /* main.m in Sources */,
				63D368F12490D9760055A1E6 /* DTWContact.m in Sources */,
				63D368D72490CC710055A1E6 /* SceneDelegate.m in Sources */,
			);
			runOnlyForDeploymentPostprocessing = 0;
		};
/* End PBXSourcesBuildPhase section */

/* Begin PBXVariantGroup section */
		63D368DB2490CC710055A1E6 /* Main.storyboard */ = {
			isa = PBXVariantGroup;
			children = (
				63D368DC2490CC710055A1E6 /* Base */,
			);
			name = Main.storyboard;
			sourceTree = "<group>";
		};
		63D368E02490CC730055A1E6 /* LaunchScreen.storyboard */ = {
			isa = PBXVariantGroup;
			children = (
				63D368E12490CC730055A1E6 /* Base */,
			);
			name = LaunchScreen.storyboard;
			sourceTree = "<group>";
		};
/* End PBXVariantGroup section */

/* Begin XCBuildConfiguration section */
		63D368E62490CC730055A1E6 /* Debug */ = {
			isa = XCBuildConfiguration;
			buildSettings = {
				ALWAYS_SEARCH_USER_PATHS = NO;
				CLANG_ANALYZER_NONNULL = YES;
				CLANG_ANALYZER_NUMBER_OBJECT_CONVERSION = YES_AGGRESSIVE;
				CLANG_CXX_LANGUAGE_STANDARD = "gnu++14";
				CLANG_CXX_LIBRARY = "libc++";
				CLANG_ENABLE_MODULES = YES;
				CLANG_ENABLE_OBJC_ARC = NO;
				CLANG_ENABLE_OBJC_WEAK = YES;
				CLANG_WARN_BLOCK_CAPTURE_AUTORELEASING = YES;
				CLANG_WARN_BOOL_CONVERSION = YES;
				CLANG_WARN_COMMA = YES;
				CLANG_WARN_CONSTANT_CONVERSION = YES;
				CLANG_WARN_DEPRECATED_OBJC_IMPLEMENTATIONS = YES;
				CLANG_WARN_DIRECT_OBJC_ISA_USAGE = YES_ERROR;
				CLANG_WARN_DOCUMENTATION_COMMENTS = YES;
				CLANG_WARN_EMPTY_BODY = YES;
				CLANG_WARN_ENUM_CONVERSION = YES;
				CLANG_WARN_INFINITE_RECURSION = YES;
				CLANG_WARN_INT_CONVERSION = YES;
				CLANG_WARN_NON_LITERAL_NULL_CONVERSION = YES;
				CLANG_WARN_OBJC_IMPLICIT_RETAIN_SELF = YES;
				CLANG_WARN_OBJC_LITERAL_CONVERSION = YES;
				CLANG_WARN_OBJC_ROOT_CLASS = YES_ERROR;
				CLANG_WARN_RANGE_LOOP_ANALYSIS = YES;
				CLANG_WARN_STRICT_PROTOTYPES = YES;
				CLANG_WARN_SUSPICIOUS_MOVE = YES;
				CLANG_WARN_UNGUARDED_AVAILABILITY = YES_AGGRESSIVE;
				CLANG_WARN_UNREACHABLE_CODE = YES;
				CLANG_WARN__DUPLICATE_METHOD_MATCH = YES;
				COPY_PHASE_STRIP = NO;
				DEBUG_INFORMATION_FORMAT = dwarf;
				ENABLE_STRICT_OBJC_MSGSEND = YES;
				ENABLE_TESTABILITY = YES;
				GCC_C_LANGUAGE_STANDARD = gnu11;
				GCC_DYNAMIC_NO_PIC = NO;
				GCC_NO_COMMON_BLOCKS = YES;
				GCC_OPTIMIZATION_LEVEL = 0;
				GCC_PREPROCESSOR_DEFINITIONS = (
					"DEBUG=1",
					"$(inherited)",
				);
				GCC_WARN_64_TO_32_BIT_CONVERSION = YES;
				GCC_WARN_ABOUT_RETURN_TYPE = YES_ERROR;
				GCC_WARN_UNDECLARED_SELECTOR = YES;
				GCC_WARN_UNINITIALIZED_AUTOS = YES_AGGRESSIVE;
				GCC_WARN_UNUSED_FUNCTION = YES;
				GCC_WARN_UNUSED_VARIABLE = YES;
				IPHONEOS_DEPLOYMENT_TARGET = 13.5;
				MTL_ENABLE_DEBUG_INFO = INCLUDE_SOURCE;
				MTL_FAST_MATH = YES;
				ONLY_ACTIVE_ARCH = YES;
				SDKROOT = iphoneos;
			};
			name = Debug;
		};
		63D368E72490CC730055A1E6 /* Release */ = {
			isa = XCBuildConfiguration;
			buildSettings = {
				ALWAYS_SEARCH_USER_PATHS = NO;
				CLANG_ANALYZER_NONNULL = YES;
				CLANG_ANALYZER_NUMBER_OBJECT_CONVERSION = YES_AGGRESSIVE;
				CLANG_CXX_LANGUAGE_STANDARD = "gnu++14";
				CLANG_CXX_LIBRARY = "libc++";
				CLANG_ENABLE_MODULES = YES;
				CLANG_ENABLE_OBJC_ARC = NO;
				CLANG_ENABLE_OBJC_WEAK = YES;
				CLANG_WARN_BLOCK_CAPTURE_AUTORELEASING = YES;
				CLANG_WARN_BOOL_CONVERSION = YES;
				CLANG_WARN_COMMA = YES;
				CLANG_WARN_CONSTANT_CONVERSION = YES;
				CLANG_WARN_DEPRECATED_OBJC_IMPLEMENTATIONS = YES;
				CLANG_WARN_DIRECT_OBJC_ISA_USAGE = YES_ERROR;
				CLANG_WARN_DOCUMENTATION_COMMENTS = YES;
				CLANG_WARN_EMPTY_BODY = YES;
				CLANG_WARN_ENUM_CONVERSION = YES;
				CLANG_WARN_INFINITE_RECURSION = YES;
				CLANG_WARN_INT_CONVERSION = YES;
				CLANG_WARN_NON_LITERAL_NULL_CONVERSION = YES;
				CLANG_WARN_OBJC_IMPLICIT_RETAIN_SELF = YES;
				CLANG_WARN_OBJC_LITERAL_CONVERSION = YES;
				CLANG_WARN_OBJC_ROOT_CLASS = YES_ERROR;
				CLANG_WARN_RANGE_LOOP_ANALYSIS = YES;
				CLANG_WARN_STRICT_PROTOTYPES = YES;
				CLANG_WARN_SUSPICIOUS_MOVE = YES;
				CLANG_WARN_UNGUARDED_AVAILABILITY = YES_AGGRESSIVE;
				CLANG_WARN_UNREACHABLE_CODE = YES;
				CLANG_WARN__DUPLICATE_METHOD_MATCH = YES;
				COPY_PHASE_STRIP = NO;
				DEBUG_INFORMATION_FORMAT = "dwarf-with-dsym";
				ENABLE_NS_ASSERTIONS = NO;
				ENABLE_STRICT_OBJC_MSGSEND = YES;
				GCC_C_LANGUAGE_STANDARD = gnu11;
				GCC_NO_COMMON_BLOCKS = YES;
				GCC_WARN_64_TO_32_BIT_CONVERSION = YES;
				GCC_WARN_ABOUT_RETURN_TYPE = YES_ERROR;
				GCC_WARN_UNDECLARED_SELECTOR = YES;
				GCC_WARN_UNINITIALIZED_AUTOS = YES_AGGRESSIVE;
				GCC_WARN_UNUSED_FUNCTION = YES;
				GCC_WARN_UNUSED_VARIABLE = YES;
				IPHONEOS_DEPLOYMENT_TARGET = 13.5;
				MTL_ENABLE_DEBUG_INFO = NO;
				MTL_FAST_MATH = YES;
				SDKROOT = iphoneos;
				VALIDATE_PRODUCT = YES;
			};
			name = Release;
		};
		63D368E92490CC730055A1E6 /* Debug */ = {
			isa = XCBuildConfiguration;
			buildSettings = {
				ASSETCATALOG_COMPILER_APPICON_NAME = AppIcon;
				CODE_SIGN_STYLE = Automatic;
				DEVELOPMENT_TEAM = 3BQB6FYF6S;
				INFOPLIST_FILE = ContactsManager/Resources/Info.plist;
				LD_RUNPATH_SEARCH_PATHS = (
					"$(inherited)",
					"@executable_path/Frameworks",
				);
				PRODUCT_BUNDLE_IDENTIFIER = com.lambda.davidwright.ContactsManager;
				PRODUCT_NAME = "$(TARGET_NAME)";
				TARGETED_DEVICE_FAMILY = "1,2";
			};
			name = Debug;
		};
		63D368EA2490CC730055A1E6 /* Release */ = {
			isa = XCBuildConfiguration;
			buildSettings = {
				ASSETCATALOG_COMPILER_APPICON_NAME = AppIcon;
				CODE_SIGN_STYLE = Automatic;
				DEVELOPMENT_TEAM = 3BQB6FYF6S;
				INFOPLIST_FILE = ContactsManager/Resources/Info.plist;
				LD_RUNPATH_SEARCH_PATHS = (
					"$(inherited)",
					"@executable_path/Frameworks",
				);
				PRODUCT_BUNDLE_IDENTIFIER = com.lambda.davidwright.ContactsManager;
				PRODUCT_NAME = "$(TARGET_NAME)";
				TARGETED_DEVICE_FAMILY = "1,2";
			};
			name = Release;
		};
/* End XCBuildConfiguration section */

/* Begin XCConfigurationList section */
		63D368CA2490CC710055A1E6 /* Build configuration list for PBXProject "ContactsManager" */ = {
			isa = XCConfigurationList;
			buildConfigurations = (
				63D368E62490CC730055A1E6 /* Debug */,
				63D368E72490CC730055A1E6 /* Release */,
			);
			defaultConfigurationIsVisible = 0;
			defaultConfigurationName = Release;
		};
		63D368E82490CC730055A1E6 /* Build configuration list for PBXNativeTarget "ContactsManager" */ = {
			isa = XCConfigurationList;
			buildConfigurations = (
				63D368E92490CC730055A1E6 /* Debug */,
				63D368EA2490CC730055A1E6 /* Release */,
			);
			defaultConfigurationIsVisible = 0;
			defaultConfigurationName = Release;
		};
/* End XCConfigurationList section */
	};
	rootObject = 63D368C72490CC710055A1E6 /* Project object */;
}
