// !$*UTF8*$!
{
	archiveVersion = 1;
	classes = {
	};
	objectVersion = 50;
	objects = {

/* Begin PBXBuildFile section */
		1B529FB5242BEA7C0077F983 /* AppDelegate.m in Sources */ = {isa = PBXBuildFile; fileRef = 1B529FB4242BEA7C0077F983 /* AppDelegate.m */; };
		1B529FB8242BEA7C0077F983 /* SceneDelegate.m in Sources */ = {isa = PBXBuildFile; fileRef = 1B529FB7242BEA7C0077F983 /* SceneDelegate.m */; };
		1B529FBE242BEA7C0077F983 /* Main.storyboard in Resources */ = {isa = PBXBuildFile; fileRef = 1B529FBC242BEA7C0077F983 /* Main.storyboard */; };
		1B529FC0242BEA820077F983 /* Assets.xcassets in Resources */ = {isa = PBXBuildFile; fileRef = 1B529FBF242BEA820077F983 /* Assets.xcassets */; };
		1B529FC3242BEA820077F983 /* LaunchScreen.storyboard in Resources */ = {isa = PBXBuildFile; fileRef = 1B529FC1242BEA820077F983 /* LaunchScreen.storyboard */; };
		1B529FC6242BEA820077F983 /* main.m in Sources */ = {isa = PBXBuildFile; fileRef = 1B529FC5242BEA820077F983 /* main.m */; };
/* End PBXBuildFile section */

/* Begin PBXFileReference section */
		1B529FB0242BEA7B0077F983 /* ContactsMM.app */ = {isa = PBXFileReference; explicitFileType = wrapper.application; includeInIndex = 0; path = ContactsMM.app; sourceTree = BUILT_PRODUCTS_DIR; };
		1B529FB3242BEA7C0077F983 /* AppDelegate.h */ = {isa = PBXFileReference; lastKnownFileType = sourcecode.c.h; path = AppDelegate.h; sourceTree = "<group>"; };
		1B529FB4242BEA7C0077F983 /* AppDelegate.m */ = {isa = PBXFileReference; lastKnownFileType = sourcecode.c.objc; path = AppDelegate.m; sourceTree = "<group>"; };
		1B529FB6242BEA7C0077F983 /* SceneDelegate.h */ = {isa = PBXFileReference; lastKnownFileType = sourcecode.c.h; path = SceneDelegate.h; sourceTree = "<group>"; };
		1B529FB7242BEA7C0077F983 /* SceneDelegate.m */ = {isa = PBXFileReference; lastKnownFileType = sourcecode.c.objc; path = SceneDelegate.m; sourceTree = "<group>"; };
		1B529FBD242BEA7C0077F983 /* Base */ = {isa = PBXFileReference; lastKnownFileType = file.storyboard; name = Base; path = Base.lproj/Main.storyboard; sourceTree = "<group>"; };
		1B529FBF242BEA820077F983 /* Assets.xcassets */ = {isa = PBXFileReference; lastKnownFileType = folder.assetcatalog; path = Assets.xcassets; sourceTree = "<group>"; };
		1B529FC2242BEA820077F983 /* Base */ = {isa = PBXFileReference; lastKnownFileType = file.storyboard; name = Base; path = Base.lproj/LaunchScreen.storyboard; sourceTree = "<group>"; };
		1B529FC4242BEA820077F983 /* Info.plist */ = {isa = PBXFileReference; lastKnownFileType = text.plist.xml; path = Info.plist; sourceTree = "<group>"; };
		1B529FC5242BEA820077F983 /* main.m */ = {isa = PBXFileReference; lastKnownFileType = sourcecode.c.objc; path = main.m; sourceTree = "<group>"; };
/* End PBXFileReference section */

/* Begin PBXFrameworksBuildPhase section */
		1B529FAD242BEA7B0077F983 /* Frameworks */ = {
			isa = PBXFrameworksBuildPhase;
			buildActionMask = 2147483647;
			files = (
			);
			runOnlyForDeploymentPostprocessing = 0;
		};
/* End PBXFrameworksBuildPhase section */

/* Begin PBXGroup section */
		1B529FA7242BEA7B0077F983 = {
			isa = PBXGroup;
			children = (
				1B529FB2242BEA7B0077F983 /* ContactsMM */,
				1B529FB1242BEA7B0077F983 /* Products */,
			);
			sourceTree = "<group>";
		};
		1B529FB1242BEA7B0077F983 /* Products */ = {
			isa = PBXGroup;
			children = (
				1B529FB0242BEA7B0077F983 /* ContactsMM.app */,
			);
			name = Products;
			sourceTree = "<group>";
		};
		1B529FB2242BEA7B0077F983 /* ContactsMM */ = {
			isa = PBXGroup;
			children = (
				1B529FCF242BF5F10077F983 /* Model */,
				1B529FCE242BF5E70077F983 /* Model Controller */,
				1B529FCD242BF5D90077F983 /* View Controller */,
				1B529FCC242BF5D00077F983 /* View */,
				1B529FD0242BF6010077F983 /* Resources */,
			);
			path = ContactsMM;
			sourceTree = "<group>";
		};
		1B529FCC242BF5D00077F983 /* View */ = {
			isa = PBXGroup;
			children = (
				1B529FBC242BEA7C0077F983 /* Main.storyboard */,
				1B529FC1242BEA820077F983 /* LaunchScreen.storyboard */,
			);
			path = View;
			sourceTree = "<group>";
		};
		1B529FCD242BF5D90077F983 /* View Controller */ = {
			isa = PBXGroup;
			children = (
			);
			path = "View Controller";
			sourceTree = "<group>";
		};
		1B529FCE242BF5E70077F983 /* Model Controller */ = {
			isa = PBXGroup;
			children = (
			);
			path = "Model Controller";
			sourceTree = "<group>";
		};
		1B529FCF242BF5F10077F983 /* Model */ = {
			isa = PBXGroup;
			children = (
			);
			path = Model;
			sourceTree = "<group>";
		};
		1B529FD0242BF6010077F983 /* Resources */ = {
			isa = PBXGroup;
			children = (
				1B529FB3242BEA7C0077F983 /* AppDelegate.h */,
				1B529FB4242BEA7C0077F983 /* AppDelegate.m */,
				1B529FB6242BEA7C0077F983 /* SceneDelegate.h */,
				1B529FB7242BEA7C0077F983 /* SceneDelegate.m */,
				1B529FC4242BEA820077F983 /* Info.plist */,
				1B529FBF242BEA820077F983 /* Assets.xcassets */,
				1B529FC5242BEA820077F983 /* main.m */,
			);
			path = Resources;
			sourceTree = "<group>";
		};
/* End PBXGroup section */

/* Begin PBXNativeTarget section */
		1B529FAF242BEA7B0077F983 /* ContactsMM */ = {
			isa = PBXNativeTarget;
			buildConfigurationList = 1B529FC9242BEA820077F983 /* Build configuration list for PBXNativeTarget "ContactsMM" */;
			buildPhases = (
				1B529FAC242BEA7B0077F983 /* Sources */,
				1B529FAD242BEA7B0077F983 /* Frameworks */,
				1B529FAE242BEA7B0077F983 /* Resources */,
			);
			buildRules = (
			);
			dependencies = (
			);
			name = ContactsMM;
			productName = ContactsMM;
			productReference = 1B529FB0242BEA7B0077F983 /* ContactsMM.app */;
			productType = "com.apple.product-type.application";
		};
/* End PBXNativeTarget section */

/* Begin PBXProject section */
		1B529FA8242BEA7B0077F983 /* Project object */ = {
			isa = PBXProject;
			attributes = {
				LastUpgradeCheck = 1140;
				ORGANIZATIONNAME = "Jorge Alvarez";
				TargetAttributes = {
					1B529FAF242BEA7B0077F983 = {
						CreatedOnToolsVersion = 11.4;
					};
				};
			};
			buildConfigurationList = 1B529FAB242BEA7B0077F983 /* Build configuration list for PBXProject "ContactsMM" */;
			compatibilityVersion = "Xcode 9.3";
			developmentRegion = en;
			hasScannedForEncodings = 0;
			knownRegions = (
				en,
				Base,
			);
			mainGroup = 1B529FA7242BEA7B0077F983;
			productRefGroup = 1B529FB1242BEA7B0077F983 /* Products */;
			projectDirPath = "";
			projectRoot = "";
			targets = (
				1B529FAF242BEA7B0077F983 /* ContactsMM */,
			);
		};
/* End PBXProject section */

/* Begin PBXResourcesBuildPhase section */
		1B529FAE242BEA7B0077F983 /* Resources */ = {
			isa = PBXResourcesBuildPhase;
			buildActionMask = 2147483647;
			files = (
				1B529FC3242BEA820077F983 /* LaunchScreen.storyboard in Resources */,
				1B529FC0242BEA820077F983 /* Assets.xcassets in Resources */,
				1B529FBE242BEA7C0077F983 /* Main.storyboard in Resources */,
			);
			runOnlyForDeploymentPostprocessing = 0;
		};
/* End PBXResourcesBuildPhase section */

/* Begin PBXSourcesBuildPhase section */
		1B529FAC242BEA7B0077F983 /* Sources */ = {
			isa = PBXSourcesBuildPhase;
			buildActionMask = 2147483647;
			files = (
				1B529FB5242BEA7C0077F983 /* AppDelegate.m in Sources */,
				1B529FC6242BEA820077F983 /* main.m in Sources */,
				1B529FB8242BEA7C0077F983 /* SceneDelegate.m in Sources */,
			);
			runOnlyForDeploymentPostprocessing = 0;
		};
/* End PBXSourcesBuildPhase section */

/* Begin PBXVariantGroup section */
		1B529FBC242BEA7C0077F983 /* Main.storyboard */ = {
			isa = PBXVariantGroup;
			children = (
				1B529FBD242BEA7C0077F983 /* Base */,
			);
			name = Main.storyboard;
			sourceTree = "<group>";
		};
		1B529FC1242BEA820077F983 /* LaunchScreen.storyboard */ = {
			isa = PBXVariantGroup;
			children = (
				1B529FC2242BEA820077F983 /* Base */,
			);
			name = LaunchScreen.storyboard;
			sourceTree = "<group>";
		};
/* End PBXVariantGroup section */

/* Begin XCBuildConfiguration section */
		1B529FC7242BEA820077F983 /* Debug */ = {
			isa = XCBuildConfiguration;
			buildSettings = {
				ALWAYS_SEARCH_USER_PATHS = NO;
				CLANG_ANALYZER_NONNULL = YES;
				CLANG_ANALYZER_NUMBER_OBJECT_CONVERSION = YES_AGGRESSIVE;
				CLANG_CXX_LANGUAGE_STANDARD = "gnu++14";
				CLANG_CXX_LIBRARY = "libc++";
				CLANG_ENABLE_MODULES = YES;
				CLANG_ENABLE_OBJC_ARC = YES;
				CLANG_ENABLE_OBJC_WEAK = YES;
				CLANG_WARN_BLOCK_CAPTURE_AUTORELEASING = YES;
				CLANG_WARN_BOOL_CONVERSION = YES;
				CLANG_WARN_COMMA = YES;
				CLANG_WARN_CONSTANT_CONVERSION = YES;
				CLANG_WARN_DEPRECATED_OBJC_IMPLEMENTATIONS = YES;
				CLANG_WARN_DIRECT_OBJC_ISA_USAGE = YES_ERROR;
				CLANG_WARN_DOCUMENTATION_COMMENTS = YES;
				CLANG_WARN_EMPTY_BODY = YES;
				CLANG_WARN_ENUM_CONVERSION = YES;
				CLANG_WARN_INFINITE_RECURSION = YES;
				CLANG_WARN_INT_CONVERSION = YES;
				CLANG_WARN_NON_LITERAL_NULL_CONVERSION = YES;
				CLANG_WARN_OBJC_IMPLICIT_RETAIN_SELF = YES;
				CLANG_WARN_OBJC_LITERAL_CONVERSION = YES;
				CLANG_WARN_OBJC_ROOT_CLASS = YES_ERROR;
				CLANG_WARN_RANGE_LOOP_ANALYSIS = YES;
				CLANG_WARN_STRICT_PROTOTYPES = YES;
				CLANG_WARN_SUSPICIOUS_MOVE = YES;
				CLANG_WARN_UNGUARDED_AVAILABILITY = YES_AGGRESSIVE;
				CLANG_WARN_UNREACHABLE_CODE = YES;
				CLANG_WARN__DUPLICATE_METHOD_MATCH = YES;
				COPY_PHASE_STRIP = NO;
				DEBUG_INFORMATION_FORMAT = dwarf;
				ENABLE_STRICT_OBJC_MSGSEND = YES;
				ENABLE_TESTABILITY = YES;
				GCC_C_LANGUAGE_STANDARD = gnu11;
				GCC_DYNAMIC_NO_PIC = NO;
				GCC_NO_COMMON_BLOCKS = YES;
				GCC_OPTIMIZATION_LEVEL = 0;
				GCC_PREPROCESSOR_DEFINITIONS = (
					"DEBUG=1",
					"$(inherited)",
				);
				GCC_WARN_64_TO_32_BIT_CONVERSION = YES;
				GCC_WARN_ABOUT_RETURN_TYPE = YES_ERROR;
				GCC_WARN_UNDECLARED_SELECTOR = YES;
				GCC_WARN_UNINITIALIZED_AUTOS = YES_AGGRESSIVE;
				GCC_WARN_UNUSED_FUNCTION = YES;
				GCC_WARN_UNUSED_VARIABLE = YES;
				IPHONEOS_DEPLOYMENT_TARGET = 13.4;
				MTL_ENABLE_DEBUG_INFO = INCLUDE_SOURCE;
				MTL_FAST_MATH = YES;
				ONLY_ACTIVE_ARCH = YES;
				SDKROOT = iphoneos;
			};
			name = Debug;
		};
		1B529FC8242BEA820077F983 /* Release */ = {
			isa = XCBuildConfiguration;
			buildSettings = {
				ALWAYS_SEARCH_USER_PATHS = NO;
				CLANG_ANALYZER_NONNULL = YES;
				CLANG_ANALYZER_NUMBER_OBJECT_CONVERSION = YES_AGGRESSIVE;
				CLANG_CXX_LANGUAGE_STANDARD = "gnu++14";
				CLANG_CXX_LIBRARY = "libc++";
				CLANG_ENABLE_MODULES = YES;
				CLANG_ENABLE_OBJC_ARC = YES;
				CLANG_ENABLE_OBJC_WEAK = YES;
				CLANG_WARN_BLOCK_CAPTURE_AUTORELEASING = YES;
				CLANG_WARN_BOOL_CONVERSION = YES;
				CLANG_WARN_COMMA = YES;
				CLANG_WARN_CONSTANT_CONVERSION = YES;
				CLANG_WARN_DEPRECATED_OBJC_IMPLEMENTATIONS = YES;
				CLANG_WARN_DIRECT_OBJC_ISA_USAGE = YES_ERROR;
				CLANG_WARN_DOCUMENTATION_COMMENTS = YES;
				CLANG_WARN_EMPTY_BODY = YES;
				CLANG_WARN_ENUM_CONVERSION = YES;
				CLANG_WARN_INFINITE_RECURSION = YES;
				CLANG_WARN_INT_CONVERSION = YES;
				CLANG_WARN_NON_LITERAL_NULL_CONVERSION = YES;
				CLANG_WARN_OBJC_IMPLICIT_RETAIN_SELF = YES;
				CLANG_WARN_OBJC_LITERAL_CONVERSION = YES;
				CLANG_WARN_OBJC_ROOT_CLASS = YES_ERROR;
				CLANG_WARN_RANGE_LOOP_ANALYSIS = YES;
				CLANG_WARN_STRICT_PROTOTYPES = YES;
				CLANG_WARN_SUSPICIOUS_MOVE = YES;
				CLANG_WARN_UNGUARDED_AVAILABILITY = YES_AGGRESSIVE;
				CLANG_WARN_UNREACHABLE_CODE = YES;
				CLANG_WARN__DUPLICATE_METHOD_MATCH = YES;
				COPY_PHASE_STRIP = NO;
				DEBUG_INFORMATION_FORMAT = "dwarf-with-dsym";
				ENABLE_NS_ASSERTIONS = NO;
				ENABLE_STRICT_OBJC_MSGSEND = YES;
				GCC_C_LANGUAGE_STANDARD = gnu11;
				GCC_NO_COMMON_BLOCKS = YES;
				GCC_WARN_64_TO_32_BIT_CONVERSION = YES;
				GCC_WARN_ABOUT_RETURN_TYPE = YES_ERROR;
				GCC_WARN_UNDECLARED_SELECTOR = YES;
				GCC_WARN_UNINITIALIZED_AUTOS = YES_AGGRESSIVE;
				GCC_WARN_UNUSED_FUNCTION = YES;
				GCC_WARN_UNUSED_VARIABLE = YES;
				IPHONEOS_DEPLOYMENT_TARGET = 13.4;
				MTL_ENABLE_DEBUG_INFO = NO;
				MTL_FAST_MATH = YES;
				SDKROOT = iphoneos;
				VALIDATE_PRODUCT = YES;
			};
			name = Release;
		};
		1B529FCA242BEA820077F983 /* Debug */ = {
			isa = XCBuildConfiguration;
			buildSettings = {
				ASSETCATALOG_COMPILER_APPICON_NAME = AppIcon;
				CODE_SIGN_STYLE = Automatic;
				DEVELOPMENT_TEAM = XFZ73X2DJQ;
				INFOPLIST_FILE = ContactsMM/Resources/Info.plist;
				LD_RUNPATH_SEARCH_PATHS = (
					"$(inherited)",
					"@executable_path/Frameworks",
				);
				PRODUCT_BUNDLE_IDENTIFIER = com.jorgealvarez.ContactsMM;
				PRODUCT_NAME = "$(TARGET_NAME)";
				TARGETED_DEVICE_FAMILY = "1,2";
			};
			name = Debug;
		};
		1B529FCB242BEA820077F983 /* Release */ = {
			isa = XCBuildConfiguration;
			buildSettings = {
				ASSETCATALOG_COMPILER_APPICON_NAME = AppIcon;
				CODE_SIGN_STYLE = Automatic;
				DEVELOPMENT_TEAM = XFZ73X2DJQ;
				INFOPLIST_FILE = ContactsMM/Resources/Info.plist;
				LD_RUNPATH_SEARCH_PATHS = (
					"$(inherited)",
					"@executable_path/Frameworks",
				);
				PRODUCT_BUNDLE_IDENTIFIER = com.jorgealvarez.ContactsMM;
				PRODUCT_NAME = "$(TARGET_NAME)";
				TARGETED_DEVICE_FAMILY = "1,2";
			};
			name = Release;
		};
/* End XCBuildConfiguration section */

/* Begin XCConfigurationList section */
		1B529FAB242BEA7B0077F983 /* Build configuration list for PBXProject "ContactsMM" */ = {
			isa = XCConfigurationList;
			buildConfigurations = (
				1B529FC7242BEA820077F983 /* Debug */,
				1B529FC8242BEA820077F983 /* Release */,
			);
			defaultConfigurationIsVisible = 0;
			defaultConfigurationName = Release;
		};
		1B529FC9242BEA820077F983 /* Build configuration list for PBXNativeTarget "ContactsMM" */ = {
			isa = XCConfigurationList;
			buildConfigurations = (
				1B529FCA242BEA820077F983 /* Debug */,
				1B529FCB242BEA820077F983 /* Release */,
			);
			defaultConfigurationIsVisible = 0;
			defaultConfigurationName = Release;
		};
/* End XCConfigurationList section */
	};
	rootObject = 1B529FA8242BEA7B0077F983 /* Project object */;
}
