// !$*UTF8*$!
{
	archiveVersion = 1;
	classes = {
	};
	objectVersion = 50;
	objects = {

/* Begin PBXBuildFile section */
		6309B7E924E38813004B7BE9 /* AppDelegate.m in Sources */ = {isa = PBXBuildFile; fileRef = 6309B7E824E38813004B7BE9 /* AppDelegate.m */; };
		6309B7EC24E38813004B7BE9 /* SceneDelegate.m in Sources */ = {isa = PBXBuildFile; fileRef = 6309B7EB24E38813004B7BE9 /* SceneDelegate.m */; };
		6309B7F224E38813004B7BE9 /* Main.storyboard in Resources */ = {isa = PBXBuildFile; fileRef = 6309B7F024E38813004B7BE9 /* Main.storyboard */; };
		6309B7F424E38815004B7BE9 /* Assets.xcassets in Resources */ = {isa = PBXBuildFile; fileRef = 6309B7F324E38815004B7BE9 /* Assets.xcassets */; };
		6309B7F724E38815004B7BE9 /* LaunchScreen.storyboard in Resources */ = {isa = PBXBuildFile; fileRef = 6309B7F524E38815004B7BE9 /* LaunchScreen.storyboard */; };
		6309B7FA24E38815004B7BE9 /* main.m in Sources */ = {isa = PBXBuildFile; fileRef = 6309B7F924E38815004B7BE9 /* main.m */; };
		6309B80224E38B66004B7BE9 /* ContactsTableViewController.m in Sources */ = {isa = PBXBuildFile; fileRef = 6309B80124E38B66004B7BE9 /* ContactsTableViewController.m */; };
		6309B80524E38B83004B7BE9 /* CreateOrEditViewController.m in Sources */ = {isa = PBXBuildFile; fileRef = 6309B80424E38B83004B7BE9 /* CreateOrEditViewController.m */; };
		6309B80824E38EAB004B7BE9 /* ContactsController.m in Sources */ = {isa = PBXBuildFile; fileRef = 6309B80724E38EAB004B7BE9 /* ContactsController.m */; };
/* End PBXBuildFile section */

/* Begin PBXFileReference section */
		6309B7E424E38813004B7BE9 /* ContactsMRC.app */ = {isa = PBXFileReference; explicitFileType = wrapper.application; includeInIndex = 0; path = ContactsMRC.app; sourceTree = BUILT_PRODUCTS_DIR; };
		6309B7E724E38813004B7BE9 /* AppDelegate.h */ = {isa = PBXFileReference; lastKnownFileType = sourcecode.c.h; path = AppDelegate.h; sourceTree = "<group>"; };
		6309B7E824E38813004B7BE9 /* AppDelegate.m */ = {isa = PBXFileReference; lastKnownFileType = sourcecode.c.objc; path = AppDelegate.m; sourceTree = "<group>"; };
		6309B7EA24E38813004B7BE9 /* SceneDelegate.h */ = {isa = PBXFileReference; lastKnownFileType = sourcecode.c.h; path = SceneDelegate.h; sourceTree = "<group>"; };
		6309B7EB24E38813004B7BE9 /* SceneDelegate.m */ = {isa = PBXFileReference; lastKnownFileType = sourcecode.c.objc; path = SceneDelegate.m; sourceTree = "<group>"; };
		6309B7F124E38813004B7BE9 /* Base */ = {isa = PBXFileReference; lastKnownFileType = file.storyboard; name = Base; path = Base.lproj/Main.storyboard; sourceTree = "<group>"; };
		6309B7F324E38815004B7BE9 /* Assets.xcassets */ = {isa = PBXFileReference; lastKnownFileType = folder.assetcatalog; path = Assets.xcassets; sourceTree = "<group>"; };
		6309B7F624E38815004B7BE9 /* Base */ = {isa = PBXFileReference; lastKnownFileType = file.storyboard; name = Base; path = Base.lproj/LaunchScreen.storyboard; sourceTree = "<group>"; };
		6309B7F824E38815004B7BE9 /* Info.plist */ = {isa = PBXFileReference; lastKnownFileType = text.plist.xml; path = Info.plist; sourceTree = "<group>"; };
		6309B7F924E38815004B7BE9 /* main.m */ = {isa = PBXFileReference; lastKnownFileType = sourcecode.c.objc; path = main.m; sourceTree = "<group>"; };
		6309B80024E38B66004B7BE9 /* ContactsTableViewController.h */ = {isa = PBXFileReference; lastKnownFileType = sourcecode.c.h; path = ContactsTableViewController.h; sourceTree = "<group>"; };
		6309B80124E38B66004B7BE9 /* ContactsTableViewController.m */ = {isa = PBXFileReference; lastKnownFileType = sourcecode.c.objc; path = ContactsTableViewController.m; sourceTree = "<group>"; };
		6309B80324E38B83004B7BE9 /* CreateOrEditViewController.h */ = {isa = PBXFileReference; lastKnownFileType = sourcecode.c.h; path = CreateOrEditViewController.h; sourceTree = "<group>"; };
		6309B80424E38B83004B7BE9 /* CreateOrEditViewController.m */ = {isa = PBXFileReference; lastKnownFileType = sourcecode.c.objc; path = CreateOrEditViewController.m; sourceTree = "<group>"; };
		6309B80624E38EAB004B7BE9 /* ContactsController.h */ = {isa = PBXFileReference; lastKnownFileType = sourcecode.c.h; path = ContactsController.h; sourceTree = "<group>"; };
		6309B80724E38EAB004B7BE9 /* ContactsController.m */ = {isa = PBXFileReference; lastKnownFileType = sourcecode.c.objc; path = ContactsController.m; sourceTree = "<group>"; };
/* End PBXFileReference section */

/* Begin PBXFrameworksBuildPhase section */
		6309B7E124E38813004B7BE9 /* Frameworks */ = {
			isa = PBXFrameworksBuildPhase;
			buildActionMask = 2147483647;
			files = (
			);
			runOnlyForDeploymentPostprocessing = 0;
		};
/* End PBXFrameworksBuildPhase section */

/* Begin PBXGroup section */
		6309B7DB24E38813004B7BE9 = {
			isa = PBXGroup;
			children = (
				6309B7E624E38813004B7BE9 /* ContactsMRC */,
				6309B7E524E38813004B7BE9 /* Products */,
			);
			sourceTree = "<group>";
		};
		6309B7E524E38813004B7BE9 /* Products */ = {
			isa = PBXGroup;
			children = (
				6309B7E424E38813004B7BE9 /* ContactsMRC.app */,
			);
			name = Products;
			sourceTree = "<group>";
		};
		6309B7E624E38813004B7BE9 /* ContactsMRC */ = {
			isa = PBXGroup;
			children = (
				6309B7E724E38813004B7BE9 /* AppDelegate.h */,
				6309B7E824E38813004B7BE9 /* AppDelegate.m */,
				6309B7EA24E38813004B7BE9 /* SceneDelegate.h */,
				6309B7EB24E38813004B7BE9 /* SceneDelegate.m */,
				6309B80624E38EAB004B7BE9 /* ContactsController.h */,
				6309B80724E38EAB004B7BE9 /* ContactsController.m */,
				6309B80024E38B66004B7BE9 /* ContactsTableViewController.h */,
				6309B80124E38B66004B7BE9 /* ContactsTableViewController.m */,
				6309B80324E38B83004B7BE9 /* CreateOrEditViewController.h */,
				6309B80424E38B83004B7BE9 /* CreateOrEditViewController.m */,
				6309B7F024E38813004B7BE9 /* Main.storyboard */,
				6309B7F324E38815004B7BE9 /* Assets.xcassets */,
				6309B7F524E38815004B7BE9 /* LaunchScreen.storyboard */,
				6309B7F824E38815004B7BE9 /* Info.plist */,
				6309B7F924E38815004B7BE9 /* main.m */,
			);
			path = ContactsMRC;
			sourceTree = "<group>";
		};
/* End PBXGroup section */

/* Begin PBXNativeTarget section */
		6309B7E324E38813004B7BE9 /* ContactsMRC */ = {
			isa = PBXNativeTarget;
			buildConfigurationList = 6309B7FD24E38815004B7BE9 /* Build configuration list for PBXNativeTarget "ContactsMRC" */;
			buildPhases = (
				6309B7E024E38813004B7BE9 /* Sources */,
				6309B7E124E38813004B7BE9 /* Frameworks */,
				6309B7E224E38813004B7BE9 /* Resources */,
			);
			buildRules = (
			);
			dependencies = (
			);
			name = ContactsMRC;
			productName = ContactsMRC;
			productReference = 6309B7E424E38813004B7BE9 /* ContactsMRC.app */;
			productType = "com.apple.product-type.application";
		};
/* End PBXNativeTarget section */

/* Begin PBXProject section */
		6309B7DC24E38813004B7BE9 /* Project object */ = {
			isa = PBXProject;
			attributes = {
				LastUpgradeCheck = 1150;
				ORGANIZATIONNAME = "Chad Parker";
				TargetAttributes = {
					6309B7E324E38813004B7BE9 = {
						CreatedOnToolsVersion = 11.5;
					};
				};
			};
			buildConfigurationList = 6309B7DF24E38813004B7BE9 /* Build configuration list for PBXProject "ContactsMRC" */;
			compatibilityVersion = "Xcode 9.3";
			developmentRegion = en;
			hasScannedForEncodings = 0;
			knownRegions = (
				en,
				Base,
			);
			mainGroup = 6309B7DB24E38813004B7BE9;
			productRefGroup = 6309B7E524E38813004B7BE9 /* Products */;
			projectDirPath = "";
			projectRoot = "";
			targets = (
				6309B7E324E38813004B7BE9 /* ContactsMRC */,
			);
		};
/* End PBXProject section */

/* Begin PBXResourcesBuildPhase section */
		6309B7E224E38813004B7BE9 /* Resources */ = {
			isa = PBXResourcesBuildPhase;
			buildActionMask = 2147483647;
			files = (
				6309B7F724E38815004B7BE9 /* LaunchScreen.storyboard in Resources */,
				6309B7F424E38815004B7BE9 /* Assets.xcassets in Resources */,
				6309B7F224E38813004B7BE9 /* Main.storyboard in Resources */,
			);
			runOnlyForDeploymentPostprocessing = 0;
		};
/* End PBXResourcesBuildPhase section */

/* Begin PBXSourcesBuildPhase section */
		6309B7E024E38813004B7BE9 /* Sources */ = {
			isa = PBXSourcesBuildPhase;
			buildActionMask = 2147483647;
			files = (
				6309B7E924E38813004B7BE9 /* AppDelegate.m in Sources */,
				6309B7FA24E38815004B7BE9 /* main.m in Sources */,
				6309B80824E38EAB004B7BE9 /* ContactsController.m in Sources */,
				6309B80224E38B66004B7BE9 /* ContactsTableViewController.m in Sources */,
				6309B7EC24E38813004B7BE9 /* SceneDelegate.m in Sources */,
				6309B80524E38B83004B7BE9 /* CreateOrEditViewController.m in Sources */,
			);
			runOnlyForDeploymentPostprocessing = 0;
		};
/* End PBXSourcesBuildPhase section */

/* Begin PBXVariantGroup section */
		6309B7F024E38813004B7BE9 /* Main.storyboard */ = {
			isa = PBXVariantGroup;
			children = (
				6309B7F124E38813004B7BE9 /* Base */,
			);
			name = Main.storyboard;
			sourceTree = "<group>";
		};
		6309B7F524E38815004B7BE9 /* LaunchScreen.storyboard */ = {
			isa = PBXVariantGroup;
			children = (
				6309B7F624E38815004B7BE9 /* Base */,
			);
			name = LaunchScreen.storyboard;
			sourceTree = "<group>";
		};
/* End PBXVariantGroup section */

/* Begin XCBuildConfiguration section */
		6309B7FB24E38815004B7BE9 /* Debug */ = {
			isa = XCBuildConfiguration;
			buildSettings = {
				ALWAYS_SEARCH_USER_PATHS = NO;
				CLANG_ANALYZER_NONNULL = YES;
				CLANG_ANALYZER_NUMBER_OBJECT_CONVERSION = YES_AGGRESSIVE;
				CLANG_CXX_LANGUAGE_STANDARD = "gnu++14";
				CLANG_CXX_LIBRARY = "libc++";
				CLANG_ENABLE_MODULES = YES;
				CLANG_ENABLE_OBJC_ARC = NO;
				CLANG_ENABLE_OBJC_WEAK = YES;
				CLANG_WARN_BLOCK_CAPTURE_AUTORELEASING = YES;
				CLANG_WARN_BOOL_CONVERSION = YES;
				CLANG_WARN_COMMA = YES;
				CLANG_WARN_CONSTANT_CONVERSION = YES;
				CLANG_WARN_DEPRECATED_OBJC_IMPLEMENTATIONS = YES;
				CLANG_WARN_DIRECT_OBJC_ISA_USAGE = YES_ERROR;
				CLANG_WARN_DOCUMENTATION_COMMENTS = YES;
				CLANG_WARN_EMPTY_BODY = YES;
				CLANG_WARN_ENUM_CONVERSION = YES;
				CLANG_WARN_INFINITE_RECURSION = YES;
				CLANG_WARN_INT_CONVERSION = YES;
				CLANG_WARN_NON_LITERAL_NULL_CONVERSION = YES;
				CLANG_WARN_OBJC_IMPLICIT_RETAIN_SELF = YES;
				CLANG_WARN_OBJC_LITERAL_CONVERSION = YES;
				CLANG_WARN_OBJC_ROOT_CLASS = YES_ERROR;
				CLANG_WARN_RANGE_LOOP_ANALYSIS = YES;
				CLANG_WARN_STRICT_PROTOTYPES = YES;
				CLANG_WARN_SUSPICIOUS_MOVE = YES;
				CLANG_WARN_UNGUARDED_AVAILABILITY = YES_AGGRESSIVE;
				CLANG_WARN_UNREACHABLE_CODE = YES;
				CLANG_WARN__DUPLICATE_METHOD_MATCH = YES;
				COPY_PHASE_STRIP = NO;
				DEBUG_INFORMATION_FORMAT = dwarf;
				ENABLE_STRICT_OBJC_MSGSEND = YES;
				ENABLE_TESTABILITY = YES;
				GCC_C_LANGUAGE_STANDARD = gnu11;
				GCC_DYNAMIC_NO_PIC = NO;
				GCC_NO_COMMON_BLOCKS = YES;
				GCC_OPTIMIZATION_LEVEL = 0;
				GCC_PREPROCESSOR_DEFINITIONS = (
					"DEBUG=1",
					"$(inherited)",
				);
				GCC_WARN_64_TO_32_BIT_CONVERSION = YES;
				GCC_WARN_ABOUT_RETURN_TYPE = YES_ERROR;
				GCC_WARN_UNDECLARED_SELECTOR = YES;
				GCC_WARN_UNINITIALIZED_AUTOS = YES_AGGRESSIVE;
				GCC_WARN_UNUSED_FUNCTION = YES;
				GCC_WARN_UNUSED_VARIABLE = YES;
				IPHONEOS_DEPLOYMENT_TARGET = 13.5;
				MTL_ENABLE_DEBUG_INFO = INCLUDE_SOURCE;
				MTL_FAST_MATH = YES;
				ONLY_ACTIVE_ARCH = YES;
				SDKROOT = iphoneos;
			};
			name = Debug;
		};
		6309B7FC24E38815004B7BE9 /* Release */ = {
			isa = XCBuildConfiguration;
			buildSettings = {
				ALWAYS_SEARCH_USER_PATHS = NO;
				CLANG_ANALYZER_NONNULL = YES;
				CLANG_ANALYZER_NUMBER_OBJECT_CONVERSION = YES_AGGRESSIVE;
				CLANG_CXX_LANGUAGE_STANDARD = "gnu++14";
				CLANG_CXX_LIBRARY = "libc++";
				CLANG_ENABLE_MODULES = YES;
				CLANG_ENABLE_OBJC_ARC = NO;
				CLANG_ENABLE_OBJC_WEAK = YES;
				CLANG_WARN_BLOCK_CAPTURE_AUTORELEASING = YES;
				CLANG_WARN_BOOL_CONVERSION = YES;
				CLANG_WARN_COMMA = YES;
				CLANG_WARN_CONSTANT_CONVERSION = YES;
				CLANG_WARN_DEPRECATED_OBJC_IMPLEMENTATIONS = YES;
				CLANG_WARN_DIRECT_OBJC_ISA_USAGE = YES_ERROR;
				CLANG_WARN_DOCUMENTATION_COMMENTS = YES;
				CLANG_WARN_EMPTY_BODY = YES;
				CLANG_WARN_ENUM_CONVERSION = YES;
				CLANG_WARN_INFINITE_RECURSION = YES;
				CLANG_WARN_INT_CONVERSION = YES;
				CLANG_WARN_NON_LITERAL_NULL_CONVERSION = YES;
				CLANG_WARN_OBJC_IMPLICIT_RETAIN_SELF = YES;
				CLANG_WARN_OBJC_LITERAL_CONVERSION = YES;
				CLANG_WARN_OBJC_ROOT_CLASS = YES_ERROR;
				CLANG_WARN_RANGE_LOOP_ANALYSIS = YES;
				CLANG_WARN_STRICT_PROTOTYPES = YES;
				CLANG_WARN_SUSPICIOUS_MOVE = YES;
				CLANG_WARN_UNGUARDED_AVAILABILITY = YES_AGGRESSIVE;
				CLANG_WARN_UNREACHABLE_CODE = YES;
				CLANG_WARN__DUPLICATE_METHOD_MATCH = YES;
				COPY_PHASE_STRIP = NO;
				DEBUG_INFORMATION_FORMAT = "dwarf-with-dsym";
				ENABLE_NS_ASSERTIONS = NO;
				ENABLE_STRICT_OBJC_MSGSEND = YES;
				GCC_C_LANGUAGE_STANDARD = gnu11;
				GCC_NO_COMMON_BLOCKS = YES;
				GCC_WARN_64_TO_32_BIT_CONVERSION = YES;
				GCC_WARN_ABOUT_RETURN_TYPE = YES_ERROR;
				GCC_WARN_UNDECLARED_SELECTOR = YES;
				GCC_WARN_UNINITIALIZED_AUTOS = YES_AGGRESSIVE;
				GCC_WARN_UNUSED_FUNCTION = YES;
				GCC_WARN_UNUSED_VARIABLE = YES;
				IPHONEOS_DEPLOYMENT_TARGET = 13.5;
				MTL_ENABLE_DEBUG_INFO = NO;
				MTL_FAST_MATH = YES;
				SDKROOT = iphoneos;
				VALIDATE_PRODUCT = YES;
			};
			name = Release;
		};
		6309B7FE24E38815004B7BE9 /* Debug */ = {
			isa = XCBuildConfiguration;
			buildSettings = {
				ASSETCATALOG_COMPILER_APPICON_NAME = AppIcon;
				CODE_SIGN_STYLE = Automatic;
				DEVELOPMENT_TEAM = 249LNXJ9HG;
				INFOPLIST_FILE = ContactsMRC/Info.plist;
				LD_RUNPATH_SEARCH_PATHS = (
					"$(inherited)",
					"@executable_path/Frameworks",
				);
				PRODUCT_BUNDLE_IDENTIFIER = com.chadparker.ContactsMRC;
				PRODUCT_NAME = "$(TARGET_NAME)";
				TARGETED_DEVICE_FAMILY = "1,2";
			};
			name = Debug;
		};
		6309B7FF24E38815004B7BE9 /* Release */ = {
			isa = XCBuildConfiguration;
			buildSettings = {
				ASSETCATALOG_COMPILER_APPICON_NAME = AppIcon;
				CODE_SIGN_STYLE = Automatic;
				DEVELOPMENT_TEAM = 249LNXJ9HG;
				INFOPLIST_FILE = ContactsMRC/Info.plist;
				LD_RUNPATH_SEARCH_PATHS = (
					"$(inherited)",
					"@executable_path/Frameworks",
				);
				PRODUCT_BUNDLE_IDENTIFIER = com.chadparker.ContactsMRC;
				PRODUCT_NAME = "$(TARGET_NAME)";
				TARGETED_DEVICE_FAMILY = "1,2";
			};
			name = Release;
		};
/* End XCBuildConfiguration section */

/* Begin XCConfigurationList section */
		6309B7DF24E38813004B7BE9 /* Build configuration list for PBXProject "ContactsMRC" */ = {
			isa = XCConfigurationList;
			buildConfigurations = (
				6309B7FB24E38815004B7BE9 /* Debug */,
				6309B7FC24E38815004B7BE9 /* Release */,
			);
			defaultConfigurationIsVisible = 0;
			defaultConfigurationName = Release;
		};
		6309B7FD24E38815004B7BE9 /* Build configuration list for PBXNativeTarget "ContactsMRC" */ = {
			isa = XCConfigurationList;
			buildConfigurations = (
				6309B7FE24E38815004B7BE9 /* Debug */,
				6309B7FF24E38815004B7BE9 /* Release */,
			);
			defaultConfigurationIsVisible = 0;
			defaultConfigurationName = Release;
		};
/* End XCConfigurationList section */
	};
	rootObject = 6309B7DC24E38813004B7BE9 /* Project object */;
}
