// !$*UTF8*$!
{
	archiveVersion = 1;
	classes = {
	};
	objectVersion = 50;
	objects = {

/* Begin PBXBuildFile section */
		A6DB5D2223AAC84F003ABE34 /* AppDelegate.m in Sources */ = {isa = PBXBuildFile; fileRef = A6DB5D2123AAC84F003ABE34 /* AppDelegate.m */; };
		A6DB5D2523AAC84F003ABE34 /* SceneDelegate.m in Sources */ = {isa = PBXBuildFile; fileRef = A6DB5D2423AAC84F003ABE34 /* SceneDelegate.m */; };
		A6DB5D2B23AAC84F003ABE34 /* Main.storyboard in Resources */ = {isa = PBXBuildFile; fileRef = A6DB5D2923AAC84F003ABE34 /* Main.storyboard */; };
		A6DB5D2D23AAC850003ABE34 /* Assets.xcassets in Resources */ = {isa = PBXBuildFile; fileRef = A6DB5D2C23AAC850003ABE34 /* Assets.xcassets */; };
		A6DB5D3023AAC850003ABE34 /* LaunchScreen.storyboard in Resources */ = {isa = PBXBuildFile; fileRef = A6DB5D2E23AAC850003ABE34 /* LaunchScreen.storyboard */; };
		A6DB5D3323AAC850003ABE34 /* main.m in Sources */ = {isa = PBXBuildFile; fileRef = A6DB5D3223AAC850003ABE34 /* main.m */; };
		A6DB5D3B23AACC9B003ABE34 /* GIPContactsTableViewController.m in Sources */ = {isa = PBXBuildFile; fileRef = A6DB5D3A23AACC9B003ABE34 /* GIPContactsTableViewController.m */; };
		A6DB5D3E23AACCAE003ABE34 /* GIPDetailViewController.m in Sources */ = {isa = PBXBuildFile; fileRef = A6DB5D3D23AACCAE003ABE34 /* GIPDetailViewController.m */; };
		A6DB5D4223AACDC9003ABE34 /* GIPContact.m in Sources */ = {isa = PBXBuildFile; fileRef = A6DB5D4123AACDC9003ABE34 /* GIPContact.m */; };
/* End PBXBuildFile section */

/* Begin PBXFileReference section */
		A6DB5D1D23AAC84F003ABE34 /* Contacts-MRC.app */ = {isa = PBXFileReference; explicitFileType = wrapper.application; includeInIndex = 0; path = "Contacts-MRC.app"; sourceTree = BUILT_PRODUCTS_DIR; };
		A6DB5D2023AAC84F003ABE34 /* AppDelegate.h */ = {isa = PBXFileReference; lastKnownFileType = sourcecode.c.h; path = AppDelegate.h; sourceTree = "<group>"; };
		A6DB5D2123AAC84F003ABE34 /* AppDelegate.m */ = {isa = PBXFileReference; lastKnownFileType = sourcecode.c.objc; path = AppDelegate.m; sourceTree = "<group>"; };
		A6DB5D2323AAC84F003ABE34 /* SceneDelegate.h */ = {isa = PBXFileReference; lastKnownFileType = sourcecode.c.h; path = SceneDelegate.h; sourceTree = "<group>"; };
		A6DB5D2423AAC84F003ABE34 /* SceneDelegate.m */ = {isa = PBXFileReference; lastKnownFileType = sourcecode.c.objc; path = SceneDelegate.m; sourceTree = "<group>"; };
		A6DB5D2A23AAC84F003ABE34 /* Base */ = {isa = PBXFileReference; lastKnownFileType = file.storyboard; name = Base; path = Base.lproj/Main.storyboard; sourceTree = "<group>"; };
		A6DB5D2C23AAC850003ABE34 /* Assets.xcassets */ = {isa = PBXFileReference; lastKnownFileType = folder.assetcatalog; path = Assets.xcassets; sourceTree = "<group>"; };
		A6DB5D2F23AAC850003ABE34 /* Base */ = {isa = PBXFileReference; lastKnownFileType = file.storyboard; name = Base; path = Base.lproj/LaunchScreen.storyboard; sourceTree = "<group>"; };
		A6DB5D3123AAC850003ABE34 /* Info.plist */ = {isa = PBXFileReference; lastKnownFileType = text.plist.xml; path = Info.plist; sourceTree = "<group>"; };
		A6DB5D3223AAC850003ABE34 /* main.m */ = {isa = PBXFileReference; lastKnownFileType = sourcecode.c.objc; path = main.m; sourceTree = "<group>"; };
		A6DB5D3923AACC9B003ABE34 /* GIPContactsTableViewController.h */ = {isa = PBXFileReference; lastKnownFileType = sourcecode.c.h; path = GIPContactsTableViewController.h; sourceTree = "<group>"; };
		A6DB5D3A23AACC9B003ABE34 /* GIPContactsTableViewController.m */ = {isa = PBXFileReference; lastKnownFileType = sourcecode.c.objc; path = GIPContactsTableViewController.m; sourceTree = "<group>"; };
		A6DB5D3C23AACCAE003ABE34 /* GIPDetailViewController.h */ = {isa = PBXFileReference; lastKnownFileType = sourcecode.c.h; path = GIPDetailViewController.h; sourceTree = "<group>"; };
		A6DB5D3D23AACCAE003ABE34 /* GIPDetailViewController.m */ = {isa = PBXFileReference; lastKnownFileType = sourcecode.c.objc; path = GIPDetailViewController.m; sourceTree = "<group>"; };
		A6DB5D4023AACDC9003ABE34 /* GIPContact.h */ = {isa = PBXFileReference; lastKnownFileType = sourcecode.c.h; path = GIPContact.h; sourceTree = "<group>"; };
		A6DB5D4123AACDC9003ABE34 /* GIPContact.m */ = {isa = PBXFileReference; lastKnownFileType = sourcecode.c.objc; path = GIPContact.m; sourceTree = "<group>"; };
/* End PBXFileReference section */

/* Begin PBXFrameworksBuildPhase section */
		A6DB5D1A23AAC84F003ABE34 /* Frameworks */ = {
			isa = PBXFrameworksBuildPhase;
			buildActionMask = 2147483647;
			files = (
			);
			runOnlyForDeploymentPostprocessing = 0;
		};
/* End PBXFrameworksBuildPhase section */

/* Begin PBXGroup section */
		A6DB5D1423AAC84F003ABE34 = {
			isa = PBXGroup;
			children = (
				A6DB5D1F23AAC84F003ABE34 /* Contacts-MRC */,
				A6DB5D1E23AAC84F003ABE34 /* Products */,
			);
			sourceTree = "<group>";
		};
		A6DB5D1E23AAC84F003ABE34 /* Products */ = {
			isa = PBXGroup;
			children = (
				A6DB5D1D23AAC84F003ABE34 /* Contacts-MRC.app */,
			);
			name = Products;
			sourceTree = "<group>";
		};
		A6DB5D1F23AAC84F003ABE34 /* Contacts-MRC */ = {
			isa = PBXGroup;
			children = (
				A6DB5D2023AAC84F003ABE34 /* AppDelegate.h */,
				A6DB5D2123AAC84F003ABE34 /* AppDelegate.m */,
				A6DB5D2323AAC84F003ABE34 /* SceneDelegate.h */,
				A6DB5D2423AAC84F003ABE34 /* SceneDelegate.m */,
				A6DB5D2923AAC84F003ABE34 /* Main.storyboard */,
				A6DB5D2C23AAC850003ABE34 /* Assets.xcassets */,
				A6DB5D2E23AAC850003ABE34 /* LaunchScreen.storyboard */,
				A6DB5D3123AAC850003ABE34 /* Info.plist */,
				A6DB5D3223AAC850003ABE34 /* main.m */,
				A6DB5D3F23AACDA6003ABE34 /* View Controllers */,
				A6DB5D4023AACDC9003ABE34 /* GIPContact.h */,
				A6DB5D4123AACDC9003ABE34 /* GIPContact.m */,
			);
			path = "Contacts-MRC";
			sourceTree = "<group>";
		};
		A6DB5D3F23AACDA6003ABE34 /* View Controllers */ = {
			isa = PBXGroup;
			children = (
				A6DB5D3923AACC9B003ABE34 /* GIPContactsTableViewController.h */,
				A6DB5D3A23AACC9B003ABE34 /* GIPContactsTableViewController.m */,
				A6DB5D3C23AACCAE003ABE34 /* GIPDetailViewController.h */,
				A6DB5D3D23AACCAE003ABE34 /* GIPDetailViewController.m */,
			);
			path = "View Controllers";
			sourceTree = "<group>";
		};
/* End PBXGroup section */

/* Begin PBXNativeTarget section */
		A6DB5D1C23AAC84F003ABE34 /* Contacts-MRC */ = {
			isa = PBXNativeTarget;
			buildConfigurationList = A6DB5D3623AAC850003ABE34 /* Build configuration list for PBXNativeTarget "Contacts-MRC" */;
			buildPhases = (
				A6DB5D1923AAC84F003ABE34 /* Sources */,
				A6DB5D1A23AAC84F003ABE34 /* Frameworks */,
				A6DB5D1B23AAC84F003ABE34 /* Resources */,
			);
			buildRules = (
			);
			dependencies = (
			);
			name = "Contacts-MRC";
			productName = "Contacts-MRC";
			productReference = A6DB5D1D23AAC84F003ABE34 /* Contacts-MRC.app */;
			productType = "com.apple.product-type.application";
		};
/* End PBXNativeTarget section */

/* Begin PBXProject section */
		A6DB5D1523AAC84F003ABE34 /* Project object */ = {
			isa = PBXProject;
			attributes = {
				CLASSPREFIX = GIP;
				LastUpgradeCheck = 1130;
				ORGANIZATIONNAME = "GIPGIP Studio";
				TargetAttributes = {
					A6DB5D1C23AAC84F003ABE34 = {
						CreatedOnToolsVersion = 11.3;
					};
				};
			};
			buildConfigurationList = A6DB5D1823AAC84F003ABE34 /* Build configuration list for PBXProject "Contacts-MRC" */;
			compatibilityVersion = "Xcode 9.3";
			developmentRegion = en;
			hasScannedForEncodings = 0;
			knownRegions = (
				en,
				Base,
			);
			mainGroup = A6DB5D1423AAC84F003ABE34;
			productRefGroup = A6DB5D1E23AAC84F003ABE34 /* Products */;
			projectDirPath = "";
			projectRoot = "";
			targets = (
				A6DB5D1C23AAC84F003ABE34 /* Contacts-MRC */,
			);
		};
/* End PBXProject section */

/* Begin PBXResourcesBuildPhase section */
		A6DB5D1B23AAC84F003ABE34 /* Resources */ = {
			isa = PBXResourcesBuildPhase;
			buildActionMask = 2147483647;
			files = (
				A6DB5D3023AAC850003ABE34 /* LaunchScreen.storyboard in Resources */,
				A6DB5D2D23AAC850003ABE34 /* Assets.xcassets in Resources */,
				A6DB5D2B23AAC84F003ABE34 /* Main.storyboard in Resources */,
			);
			runOnlyForDeploymentPostprocessing = 0;
		};
/* End PBXResourcesBuildPhase section */

/* Begin PBXSourcesBuildPhase section */
		A6DB5D1923AAC84F003ABE34 /* Sources */ = {
			isa = PBXSourcesBuildPhase;
			buildActionMask = 2147483647;
			files = (
				A6DB5D2223AAC84F003ABE34 /* AppDelegate.m in Sources */,
				A6DB5D4223AACDC9003ABE34 /* GIPContact.m in Sources */,
				A6DB5D3323AAC850003ABE34 /* main.m in Sources */,
				A6DB5D3E23AACCAE003ABE34 /* GIPDetailViewController.m in Sources */,
				A6DB5D3B23AACC9B003ABE34 /* GIPContactsTableViewController.m in Sources */,
				A6DB5D2523AAC84F003ABE34 /* SceneDelegate.m in Sources */,
			);
			runOnlyForDeploymentPostprocessing = 0;
		};
/* End PBXSourcesBuildPhase section */

/* Begin PBXVariantGroup section */
		A6DB5D2923AAC84F003ABE34 /* Main.storyboard */ = {
			isa = PBXVariantGroup;
			children = (
				A6DB5D2A23AAC84F003ABE34 /* Base */,
			);
			name = Main.storyboard;
			sourceTree = "<group>";
		};
		A6DB5D2E23AAC850003ABE34 /* LaunchScreen.storyboard */ = {
			isa = PBXVariantGroup;
			children = (
				A6DB5D2F23AAC850003ABE34 /* Base */,
			);
			name = LaunchScreen.storyboard;
			sourceTree = "<group>";
		};
/* End PBXVariantGroup section */

/* Begin XCBuildConfiguration section */
		A6DB5D3423AAC850003ABE34 /* Debug */ = {
			isa = XCBuildConfiguration;
			buildSettings = {
				ALWAYS_SEARCH_USER_PATHS = NO;
				CLANG_ANALYZER_NONNULL = YES;
				CLANG_ANALYZER_NUMBER_OBJECT_CONVERSION = YES_AGGRESSIVE;
				CLANG_CXX_LANGUAGE_STANDARD = "gnu++14";
				CLANG_CXX_LIBRARY = "libc++";
				CLANG_ENABLE_MODULES = YES;
				CLANG_ENABLE_OBJC_ARC = NO;
				CLANG_ENABLE_OBJC_WEAK = YES;
				CLANG_WARN_BLOCK_CAPTURE_AUTORELEASING = YES;
				CLANG_WARN_BOOL_CONVERSION = YES;
				CLANG_WARN_COMMA = YES;
				CLANG_WARN_CONSTANT_CONVERSION = YES;
				CLANG_WARN_DEPRECATED_OBJC_IMPLEMENTATIONS = YES;
				CLANG_WARN_DIRECT_OBJC_ISA_USAGE = YES_ERROR;
				CLANG_WARN_DOCUMENTATION_COMMENTS = YES;
				CLANG_WARN_EMPTY_BODY = YES;
				CLANG_WARN_ENUM_CONVERSION = YES;
				CLANG_WARN_INFINITE_RECURSION = YES;
				CLANG_WARN_INT_CONVERSION = YES;
				CLANG_WARN_NON_LITERAL_NULL_CONVERSION = YES;
				CLANG_WARN_OBJC_IMPLICIT_RETAIN_SELF = YES;
				CLANG_WARN_OBJC_LITERAL_CONVERSION = YES;
				CLANG_WARN_OBJC_ROOT_CLASS = YES_ERROR;
				CLANG_WARN_RANGE_LOOP_ANALYSIS = YES;
				CLANG_WARN_STRICT_PROTOTYPES = YES;
				CLANG_WARN_SUSPICIOUS_MOVE = YES;
				CLANG_WARN_UNGUARDED_AVAILABILITY = YES_AGGRESSIVE;
				CLANG_WARN_UNREACHABLE_CODE = YES;
				CLANG_WARN__DUPLICATE_METHOD_MATCH = YES;
				COPY_PHASE_STRIP = NO;
				DEBUG_INFORMATION_FORMAT = dwarf;
				ENABLE_STRICT_OBJC_MSGSEND = YES;
				ENABLE_TESTABILITY = YES;
				GCC_C_LANGUAGE_STANDARD = gnu11;
				GCC_DYNAMIC_NO_PIC = NO;
				GCC_NO_COMMON_BLOCKS = YES;
				GCC_OPTIMIZATION_LEVEL = 0;
				GCC_PREPROCESSOR_DEFINITIONS = (
					"DEBUG=1",
					"$(inherited)",
				);
				GCC_WARN_64_TO_32_BIT_CONVERSION = YES;
				GCC_WARN_ABOUT_RETURN_TYPE = YES_ERROR;
				GCC_WARN_UNDECLARED_SELECTOR = YES;
				GCC_WARN_UNINITIALIZED_AUTOS = YES_AGGRESSIVE;
				GCC_WARN_UNUSED_FUNCTION = YES;
				GCC_WARN_UNUSED_VARIABLE = YES;
				IPHONEOS_DEPLOYMENT_TARGET = 13.2;
				MTL_ENABLE_DEBUG_INFO = INCLUDE_SOURCE;
				MTL_FAST_MATH = YES;
				ONLY_ACTIVE_ARCH = YES;
				SDKROOT = iphoneos;
			};
			name = Debug;
		};
		A6DB5D3523AAC850003ABE34 /* Release */ = {
			isa = XCBuildConfiguration;
			buildSettings = {
				ALWAYS_SEARCH_USER_PATHS = NO;
				CLANG_ANALYZER_NONNULL = YES;
				CLANG_ANALYZER_NUMBER_OBJECT_CONVERSION = YES_AGGRESSIVE;
				CLANG_CXX_LANGUAGE_STANDARD = "gnu++14";
				CLANG_CXX_LIBRARY = "libc++";
				CLANG_ENABLE_MODULES = YES;
				CLANG_ENABLE_OBJC_ARC = NO;
				CLANG_ENABLE_OBJC_WEAK = YES;
				CLANG_WARN_BLOCK_CAPTURE_AUTORELEASING = YES;
				CLANG_WARN_BOOL_CONVERSION = YES;
				CLANG_WARN_COMMA = YES;
				CLANG_WARN_CONSTANT_CONVERSION = YES;
				CLANG_WARN_DEPRECATED_OBJC_IMPLEMENTATIONS = YES;
				CLANG_WARN_DIRECT_OBJC_ISA_USAGE = YES_ERROR;
				CLANG_WARN_DOCUMENTATION_COMMENTS = YES;
				CLANG_WARN_EMPTY_BODY = YES;
				CLANG_WARN_ENUM_CONVERSION = YES;
				CLANG_WARN_INFINITE_RECURSION = YES;
				CLANG_WARN_INT_CONVERSION = YES;
				CLANG_WARN_NON_LITERAL_NULL_CONVERSION = YES;
				CLANG_WARN_OBJC_IMPLICIT_RETAIN_SELF = YES;
				CLANG_WARN_OBJC_LITERAL_CONVERSION = YES;
				CLANG_WARN_OBJC_ROOT_CLASS = YES_ERROR;
				CLANG_WARN_RANGE_LOOP_ANALYSIS = YES;
				CLANG_WARN_STRICT_PROTOTYPES = YES;
				CLANG_WARN_SUSPICIOUS_MOVE = YES;
				CLANG_WARN_UNGUARDED_AVAILABILITY = YES_AGGRESSIVE;
				CLANG_WARN_UNREACHABLE_CODE = YES;
				CLANG_WARN__DUPLICATE_METHOD_MATCH = YES;
				COPY_PHASE_STRIP = NO;
				DEBUG_INFORMATION_FORMAT = "dwarf-with-dsym";
				ENABLE_NS_ASSERTIONS = NO;
				ENABLE_STRICT_OBJC_MSGSEND = YES;
				GCC_C_LANGUAGE_STANDARD = gnu11;
				GCC_NO_COMMON_BLOCKS = YES;
				GCC_WARN_64_TO_32_BIT_CONVERSION = YES;
				GCC_WARN_ABOUT_RETURN_TYPE = YES_ERROR;
				GCC_WARN_UNDECLARED_SELECTOR = YES;
				GCC_WARN_UNINITIALIZED_AUTOS = YES_AGGRESSIVE;
				GCC_WARN_UNUSED_FUNCTION = YES;
				GCC_WARN_UNUSED_VARIABLE = YES;
				IPHONEOS_DEPLOYMENT_TARGET = 13.2;
				MTL_ENABLE_DEBUG_INFO = NO;
				MTL_FAST_MATH = YES;
				SDKROOT = iphoneos;
				VALIDATE_PRODUCT = YES;
			};
			name = Release;
		};
		A6DB5D3723AAC850003ABE34 /* Debug */ = {
			isa = XCBuildConfiguration;
			buildSettings = {
				ASSETCATALOG_COMPILER_APPICON_NAME = AppIcon;
				CODE_SIGN_STYLE = Automatic;
				DEVELOPMENT_TEAM = FLZ8CLXX64;
				INFOPLIST_FILE = "Contacts-MRC/Info.plist";
				LD_RUNPATH_SEARCH_PATHS = (
					"$(inherited)",
					"@executable_path/Frameworks",
				);
				PRODUCT_BUNDLE_IDENTIFIER = "com.GIPGIP.Contacts-MRC";
				PRODUCT_NAME = "$(TARGET_NAME)";
				TARGETED_DEVICE_FAMILY = "1,2";
			};
			name = Debug;
		};
		A6DB5D3823AAC850003ABE34 /* Release */ = {
			isa = XCBuildConfiguration;
			buildSettings = {
				ASSETCATALOG_COMPILER_APPICON_NAME = AppIcon;
				CODE_SIGN_STYLE = Automatic;
				DEVELOPMENT_TEAM = FLZ8CLXX64;
				INFOPLIST_FILE = "Contacts-MRC/Info.plist";
				LD_RUNPATH_SEARCH_PATHS = (
					"$(inherited)",
					"@executable_path/Frameworks",
				);
				PRODUCT_BUNDLE_IDENTIFIER = "com.GIPGIP.Contacts-MRC";
				PRODUCT_NAME = "$(TARGET_NAME)";
				TARGETED_DEVICE_FAMILY = "1,2";
			};
			name = Release;
		};
/* End XCBuildConfiguration section */

/* Begin XCConfigurationList section */
		A6DB5D1823AAC84F003ABE34 /* Build configuration list for PBXProject "Contacts-MRC" */ = {
			isa = XCConfigurationList;
			buildConfigurations = (
				A6DB5D3423AAC850003ABE34 /* Debug */,
				A6DB5D3523AAC850003ABE34 /* Release */,
			);
			defaultConfigurationIsVisible = 0;
			defaultConfigurationName = Release;
		};
		A6DB5D3623AAC850003ABE34 /* Build configuration list for PBXNativeTarget "Contacts-MRC" */ = {
			isa = XCConfigurationList;
			buildConfigurations = (
				A6DB5D3723AAC850003ABE34 /* Debug */,
				A6DB5D3823AAC850003ABE34 /* Release */,
			);
			defaultConfigurationIsVisible = 0;
			defaultConfigurationName = Release;
		};
/* End XCConfigurationList section */
	};
	rootObject = A6DB5D1523AAC84F003ABE34 /* Project object */;
}
